// !$*UTF8*$!
{
	archiveVersion = 1;
	classes = {
	};
	objectVersion = 51;
	objects = {

/* Begin PBXBuildFile section */
		921480A22D9DBF3DFB58AA37 /* Pods_SKS.framework in Frameworks */ = {isa = PBXBuildFile; fileRef = F3BFFDE6A16510AD903A4E12 /* Pods_SKS.framework */; };
		B51B600522C9D2EF003F24F3 /* NetworkService.swift in Sources */ = {isa = PBXBuildFile; fileRef = B51B600422C9D2EF003F24F3 /* NetworkService.swift */; };
		B51B601122C9DEDA003F24F3 /* Category.swift in Sources */ = {isa = PBXBuildFile; fileRef = B51B601022C9DEDA003F24F3 /* Category.swift */; };
		B51B601322C9E796003F24F3 /* City.swift in Sources */ = {isa = PBXBuildFile; fileRef = B51B601222C9E796003F24F3 /* City.swift */; };
		B51B601522C9EAB5003F24F3 /* Stock.swift in Sources */ = {isa = PBXBuildFile; fileRef = B51B601422C9EAB5003F24F3 /* Stock.swift */; };
		B527534622DCFF4F0003BDE6 /* UIColor.swift in Sources */ = {isa = PBXBuildFile; fileRef = B527534522DCFF4F0003BDE6 /* UIColor.swift */; };
		B527534822DCFF720003BDE6 /* ColorManager.swift in Sources */ = {isa = PBXBuildFile; fileRef = B527534722DCFF720003BDE6 /* ColorManager.swift */; };
		B527534C22DD013B0003BDE6 /* ErrorTextField.swift in Sources */ = {isa = PBXBuildFile; fileRef = B527534B22DD013B0003BDE6 /* ErrorTextField.swift */; };
		B527534E22DD03A30003BDE6 /* LoginTextField.swift in Sources */ = {isa = PBXBuildFile; fileRef = B527534D22DD03A30003BDE6 /* LoginTextField.swift */; };
		B527535022DD07B20003BDE6 /* String.swift in Sources */ = {isa = PBXBuildFile; fileRef = B527534F22DD07B20003BDE6 /* String.swift */; };
		B527535522DD08E60003BDE6 /* SKSButton.swift in Sources */ = {isa = PBXBuildFile; fileRef = B527535422DD08E60003BDE6 /* SKSButton.swift */; };
		B527535722DD199A0003BDE6 /* NSMutableAttributedString.swift in Sources */ = {isa = PBXBuildFile; fileRef = B527535622DD199A0003BDE6 /* NSMutableAttributedString.swift */; };
		B52EFFD122CB896400518949 /* JSONEncoder.swift in Sources */ = {isa = PBXBuildFile; fileRef = B52EFFD022CB896400518949 /* JSONEncoder.swift */; };
		B52EFFD322CBA56500518949 /* Partner.swift in Sources */ = {isa = PBXBuildFile; fileRef = B52EFFD222CBA56500518949 /* Partner.swift */; };
		B5530D9622E2E97900948A07 /* ErrorTextField.xib in Resources */ = {isa = PBXBuildFile; fileRef = B5530D9522E2E97900948A07 /* ErrorTextField.xib */; };
		B559E97122CBC67800301F85 /* Discount.swift in Sources */ = {isa = PBXBuildFile; fileRef = B559E97022CBC67700301F85 /* Discount.swift */; };
		B559E97322CBC6E500301F85 /* BigestStock.swift in Sources */ = {isa = PBXBuildFile; fileRef = B559E97222CBC6E500301F85 /* BigestStock.swift */; };
		B57755E922DDB53200ABA9CA /* SmsResponse.swift in Sources */ = {isa = PBXBuildFile; fileRef = B57755E822DDB53200ABA9CA /* SmsResponse.swift */; };
		B5858B2522E36870003B67B0 /* ImagePicker.swift in Sources */ = {isa = PBXBuildFile; fileRef = B5858B2422E36870003B67B0 /* ImagePicker.swift */; };
		B5858B2722E36FAA003B67B0 /* UIView.swift in Sources */ = {isa = PBXBuildFile; fileRef = B5858B2622E36FAA003B67B0 /* UIView.swift */; };
		B586E9D622E1E58D00790CF3 /* PersonalDataViewController.swift in Sources */ = {isa = PBXBuildFile; fileRef = B586E9D522E1E58D00790CF3 /* PersonalDataViewController.swift */; };
		B586E9D822E1E64400790CF3 /* UniversityDataViewController.swift in Sources */ = {isa = PBXBuildFile; fileRef = B586E9D722E1E64400790CF3 /* UniversityDataViewController.swift */; };
		B586E9DA22E1EE9600790CF3 /* BaseViewController.swift in Sources */ = {isa = PBXBuildFile; fileRef = B586E9D922E1EE9600790CF3 /* BaseViewController.swift */; };
		B5904DC422E1BBEE00BCB345 /* CodeViewController.swift in Sources */ = {isa = PBXBuildFile; fileRef = B5904DC322E1BBEE00BCB345 /* CodeViewController.swift */; };
		B5A63FF222E33B5D00AAC526 /* SKSTextField.swift in Sources */ = {isa = PBXBuildFile; fileRef = B5A63FF122E33B5D00AAC526 /* SKSTextField.swift */; };
		B5C9C62122C76C6C00DCF18F /* AppDelegate.swift in Sources */ = {isa = PBXBuildFile; fileRef = B5C9C62022C76C6C00DCF18F /* AppDelegate.swift */; };
		B5C9C62322C76C6C00DCF18F /* LoginViewController.swift in Sources */ = {isa = PBXBuildFile; fileRef = B5C9C62222C76C6C00DCF18F /* LoginViewController.swift */; };
		B5C9C62622C76C6C00DCF18F /* Login.storyboard in Resources */ = {isa = PBXBuildFile; fileRef = B5C9C62422C76C6C00DCF18F /* Login.storyboard */; };
		B5C9C62922C76C6C00DCF18F /* SKS.xcdatamodeld in Sources */ = {isa = PBXBuildFile; fileRef = B5C9C62722C76C6C00DCF18F /* SKS.xcdatamodeld */; };
		B5C9C62B22C76C6E00DCF18F /* Assets.xcassets in Resources */ = {isa = PBXBuildFile; fileRef = B5C9C62A22C76C6E00DCF18F /* Assets.xcassets */; };
		B5C9C62E22C76C6E00DCF18F /* LaunchScreen.storyboard in Resources */ = {isa = PBXBuildFile; fileRef = B5C9C62C22C76C6E00DCF18F /* LaunchScreen.storyboard */; };
		B5C9C63922C76C6E00DCF18F /* SKSTests.swift in Sources */ = {isa = PBXBuildFile; fileRef = B5C9C63822C76C6E00DCF18F /* SKSTests.swift */; };
		B5C9C64422C76C6E00DCF18F /* SKSUITests.swift in Sources */ = {isa = PBXBuildFile; fileRef = B5C9C64322C76C6E00DCF18F /* SKSUITests.swift */; };
		B5C9C65C22C775BF00DCF18F /* Localizable.strings in Resources */ = {isa = PBXBuildFile; fileRef = B5C9C65B22C775BF00DCF18F /* Localizable.strings */; };
		B5C9C65F22C7766C00DCF18F /* Fonts.swift in Sources */ = {isa = PBXBuildFile; fileRef = B5C9C65E22C7766C00DCF18F /* Fonts.swift */; };
		B5C9C66C22C7856F00DCF18F /* ReachabilityManager.swift in Sources */ = {isa = PBXBuildFile; fileRef = B5C9C66B22C7856F00DCF18F /* ReachabilityManager.swift */; };
		E12572D7BF3DC92A24FDF277 /* Pods_SKSUITests.framework in Frameworks */ = {isa = PBXBuildFile; fileRef = 5DC50700F3238CE58EC068EF /* Pods_SKSUITests.framework */; };
		ED7921A338F5E6B8777F9AC5 /* Pods_SKSTests.framework in Frameworks */ = {isa = PBXBuildFile; fileRef = DD4083853A2D07F1D22D28DE /* Pods_SKSTests.framework */; };
/* End PBXBuildFile section */

/* Begin PBXContainerItemProxy section */
		B5C9C63522C76C6E00DCF18F /* PBXContainerItemProxy */ = {
			isa = PBXContainerItemProxy;
			containerPortal = B5C9C61522C76C6C00DCF18F /* Project object */;
			proxyType = 1;
			remoteGlobalIDString = B5C9C61C22C76C6C00DCF18F;
			remoteInfo = SKS;
		};
		B5C9C64022C76C6E00DCF18F /* PBXContainerItemProxy */ = {
			isa = PBXContainerItemProxy;
			containerPortal = B5C9C61522C76C6C00DCF18F /* Project object */;
			proxyType = 1;
			remoteGlobalIDString = B5C9C61C22C76C6C00DCF18F;
			remoteInfo = SKS;
		};
/* End PBXContainerItemProxy section */

/* Begin PBXFileReference section */
		5DC50700F3238CE58EC068EF /* Pods_SKSUITests.framework */ = {isa = PBXFileReference; explicitFileType = wrapper.framework; includeInIndex = 0; path = Pods_SKSUITests.framework; sourceTree = BUILT_PRODUCTS_DIR; };
		622A228EE0867A7471A9B02A /* Pods-SKSUITests.debug.xcconfig */ = {isa = PBXFileReference; includeInIndex = 1; lastKnownFileType = text.xcconfig; name = "Pods-SKSUITests.debug.xcconfig"; path = "Target Support Files/Pods-SKSUITests/Pods-SKSUITests.debug.xcconfig"; sourceTree = "<group>"; };
		A440963D0A5F12AD7C9C3D12 /* Pods-SKS.debug.xcconfig */ = {isa = PBXFileReference; includeInIndex = 1; lastKnownFileType = text.xcconfig; name = "Pods-SKS.debug.xcconfig"; path = "Target Support Files/Pods-SKS/Pods-SKS.debug.xcconfig"; sourceTree = "<group>"; };
		B51B600422C9D2EF003F24F3 /* NetworkService.swift */ = {isa = PBXFileReference; lastKnownFileType = sourcecode.swift; path = NetworkService.swift; sourceTree = "<group>"; };
		B51B601022C9DEDA003F24F3 /* Category.swift */ = {isa = PBXFileReference; lastKnownFileType = sourcecode.swift; path = Category.swift; sourceTree = "<group>"; };
		B51B601222C9E796003F24F3 /* City.swift */ = {isa = PBXFileReference; lastKnownFileType = sourcecode.swift; path = City.swift; sourceTree = "<group>"; };
		B51B601422C9EAB5003F24F3 /* Stock.swift */ = {isa = PBXFileReference; lastKnownFileType = sourcecode.swift; path = Stock.swift; sourceTree = "<group>"; };
		B527534522DCFF4F0003BDE6 /* UIColor.swift */ = {isa = PBXFileReference; lastKnownFileType = sourcecode.swift; path = UIColor.swift; sourceTree = "<group>"; };
		B527534722DCFF720003BDE6 /* ColorManager.swift */ = {isa = PBXFileReference; lastKnownFileType = sourcecode.swift; path = ColorManager.swift; sourceTree = "<group>"; };
		B527534B22DD013B0003BDE6 /* ErrorTextField.swift */ = {isa = PBXFileReference; lastKnownFileType = sourcecode.swift; path = ErrorTextField.swift; sourceTree = "<group>"; };
		B527534D22DD03A30003BDE6 /* LoginTextField.swift */ = {isa = PBXFileReference; lastKnownFileType = sourcecode.swift; path = LoginTextField.swift; sourceTree = "<group>"; };
		B527534F22DD07B20003BDE6 /* String.swift */ = {isa = PBXFileReference; lastKnownFileType = sourcecode.swift; path = String.swift; sourceTree = "<group>"; };
		B527535422DD08E60003BDE6 /* SKSButton.swift */ = {isa = PBXFileReference; lastKnownFileType = sourcecode.swift; path = SKSButton.swift; sourceTree = "<group>"; };
		B527535622DD199A0003BDE6 /* NSMutableAttributedString.swift */ = {isa = PBXFileReference; lastKnownFileType = sourcecode.swift; path = NSMutableAttributedString.swift; sourceTree = "<group>"; };
		B52EFFD022CB896400518949 /* JSONEncoder.swift */ = {isa = PBXFileReference; lastKnownFileType = sourcecode.swift; path = JSONEncoder.swift; sourceTree = "<group>"; };
		B52EFFD222CBA56500518949 /* Partner.swift */ = {isa = PBXFileReference; lastKnownFileType = sourcecode.swift; path = Partner.swift; sourceTree = "<group>"; };
		B5530D9522E2E97900948A07 /* ErrorTextField.xib */ = {isa = PBXFileReference; lastKnownFileType = file.xib; path = ErrorTextField.xib; sourceTree = "<group>"; };
		B559E97022CBC67700301F85 /* Discount.swift */ = {isa = PBXFileReference; lastKnownFileType = sourcecode.swift; path = Discount.swift; sourceTree = "<group>"; };
		B559E97222CBC6E500301F85 /* BigestStock.swift */ = {isa = PBXFileReference; lastKnownFileType = sourcecode.swift; path = BigestStock.swift; sourceTree = "<group>"; };
		B57755E822DDB53200ABA9CA /* SmsResponse.swift */ = {isa = PBXFileReference; lastKnownFileType = sourcecode.swift; path = SmsResponse.swift; sourceTree = "<group>"; };
		B5858B2422E36870003B67B0 /* ImagePicker.swift */ = {isa = PBXFileReference; lastKnownFileType = sourcecode.swift; path = ImagePicker.swift; sourceTree = "<group>"; };
		B5858B2622E36FAA003B67B0 /* UIView.swift */ = {isa = PBXFileReference; lastKnownFileType = sourcecode.swift; path = UIView.swift; sourceTree = "<group>"; };
		B586E9D522E1E58D00790CF3 /* PersonalDataViewController.swift */ = {isa = PBXFileReference; lastKnownFileType = sourcecode.swift; path = PersonalDataViewController.swift; sourceTree = "<group>"; };
		B586E9D722E1E64400790CF3 /* UniversityDataViewController.swift */ = {isa = PBXFileReference; lastKnownFileType = sourcecode.swift; path = UniversityDataViewController.swift; sourceTree = "<group>"; };
		B586E9D922E1EE9600790CF3 /* BaseViewController.swift */ = {isa = PBXFileReference; lastKnownFileType = sourcecode.swift; path = BaseViewController.swift; sourceTree = "<group>"; };
		B5904DC322E1BBEE00BCB345 /* CodeViewController.swift */ = {isa = PBXFileReference; lastKnownFileType = sourcecode.swift; path = CodeViewController.swift; sourceTree = "<group>"; };
		B5A63FF122E33B5D00AAC526 /* SKSTextField.swift */ = {isa = PBXFileReference; lastKnownFileType = sourcecode.swift; path = SKSTextField.swift; sourceTree = "<group>"; };
		B5C9C61D22C76C6C00DCF18F /* SKS.app */ = {isa = PBXFileReference; explicitFileType = wrapper.application; includeInIndex = 0; path = SKS.app; sourceTree = BUILT_PRODUCTS_DIR; };
		B5C9C62022C76C6C00DCF18F /* AppDelegate.swift */ = {isa = PBXFileReference; lastKnownFileType = sourcecode.swift; path = AppDelegate.swift; sourceTree = "<group>"; };
		B5C9C62222C76C6C00DCF18F /* LoginViewController.swift */ = {isa = PBXFileReference; lastKnownFileType = sourcecode.swift; path = LoginViewController.swift; sourceTree = "<group>"; };
		B5C9C62522C76C6C00DCF18F /* Base */ = {isa = PBXFileReference; lastKnownFileType = file.storyboard; name = Base; path = Base.lproj/Login.storyboard; sourceTree = "<group>"; };
		B5C9C62822C76C6C00DCF18F /* SKS.xcdatamodel */ = {isa = PBXFileReference; lastKnownFileType = wrapper.xcdatamodel; path = SKS.xcdatamodel; sourceTree = "<group>"; };
		B5C9C62A22C76C6E00DCF18F /* Assets.xcassets */ = {isa = PBXFileReference; lastKnownFileType = folder.assetcatalog; path = Assets.xcassets; sourceTree = "<group>"; };
		B5C9C62D22C76C6E00DCF18F /* Base */ = {isa = PBXFileReference; lastKnownFileType = file.storyboard; name = Base; path = Base.lproj/LaunchScreen.storyboard; sourceTree = "<group>"; };
		B5C9C62F22C76C6E00DCF18F /* Info.plist */ = {isa = PBXFileReference; lastKnownFileType = text.plist.xml; path = Info.plist; sourceTree = "<group>"; };
		B5C9C63422C76C6E00DCF18F /* SKSTests.xctest */ = {isa = PBXFileReference; explicitFileType = wrapper.cfbundle; includeInIndex = 0; path = SKSTests.xctest; sourceTree = BUILT_PRODUCTS_DIR; };
		B5C9C63822C76C6E00DCF18F /* SKSTests.swift */ = {isa = PBXFileReference; lastKnownFileType = sourcecode.swift; path = SKSTests.swift; sourceTree = "<group>"; };
		B5C9C63A22C76C6E00DCF18F /* Info.plist */ = {isa = PBXFileReference; lastKnownFileType = text.plist.xml; path = Info.plist; sourceTree = "<group>"; };
		B5C9C63F22C76C6E00DCF18F /* SKSUITests.xctest */ = {isa = PBXFileReference; explicitFileType = wrapper.cfbundle; includeInIndex = 0; path = SKSUITests.xctest; sourceTree = BUILT_PRODUCTS_DIR; };
		B5C9C64322C76C6E00DCF18F /* SKSUITests.swift */ = {isa = PBXFileReference; lastKnownFileType = sourcecode.swift; path = SKSUITests.swift; sourceTree = "<group>"; };
		B5C9C64522C76C6E00DCF18F /* Info.plist */ = {isa = PBXFileReference; lastKnownFileType = text.plist.xml; path = Info.plist; sourceTree = "<group>"; };
		B5C9C65B22C775BF00DCF18F /* Localizable.strings */ = {isa = PBXFileReference; lastKnownFileType = text.plist.strings; path = Localizable.strings; sourceTree = "<group>"; };
		B5C9C65E22C7766C00DCF18F /* Fonts.swift */ = {isa = PBXFileReference; lastKnownFileType = sourcecode.swift; path = Fonts.swift; sourceTree = "<group>"; };
		B5C9C66B22C7856F00DCF18F /* ReachabilityManager.swift */ = {isa = PBXFileReference; lastKnownFileType = sourcecode.swift; path = ReachabilityManager.swift; sourceTree = "<group>"; };
		C1FE379F89779B8E8C1BBFDA /* Pods-SKSTests.release.xcconfig */ = {isa = PBXFileReference; includeInIndex = 1; lastKnownFileType = text.xcconfig; name = "Pods-SKSTests.release.xcconfig"; path = "Target Support Files/Pods-SKSTests/Pods-SKSTests.release.xcconfig"; sourceTree = "<group>"; };
		CB15E5BBC666285637ED3505 /* Pods-SKSTests.debug.xcconfig */ = {isa = PBXFileReference; includeInIndex = 1; lastKnownFileType = text.xcconfig; name = "Pods-SKSTests.debug.xcconfig"; path = "Target Support Files/Pods-SKSTests/Pods-SKSTests.debug.xcconfig"; sourceTree = "<group>"; };
		DBBA48756DFB066F1649F587 /* Pods-SKSUITests.release.xcconfig */ = {isa = PBXFileReference; includeInIndex = 1; lastKnownFileType = text.xcconfig; name = "Pods-SKSUITests.release.xcconfig"; path = "Target Support Files/Pods-SKSUITests/Pods-SKSUITests.release.xcconfig"; sourceTree = "<group>"; };
		DD4083853A2D07F1D22D28DE /* Pods_SKSTests.framework */ = {isa = PBXFileReference; explicitFileType = wrapper.framework; includeInIndex = 0; path = Pods_SKSTests.framework; sourceTree = BUILT_PRODUCTS_DIR; };
		DE8C2AAB5C2461575D3A92B5 /* Pods-SKS.release.xcconfig */ = {isa = PBXFileReference; includeInIndex = 1; lastKnownFileType = text.xcconfig; name = "Pods-SKS.release.xcconfig"; path = "Target Support Files/Pods-SKS/Pods-SKS.release.xcconfig"; sourceTree = "<group>"; };
		F3BFFDE6A16510AD903A4E12 /* Pods_SKS.framework */ = {isa = PBXFileReference; explicitFileType = wrapper.framework; includeInIndex = 0; path = Pods_SKS.framework; sourceTree = BUILT_PRODUCTS_DIR; };
/* End PBXFileReference section */

/* Begin PBXFrameworksBuildPhase section */
		B5C9C61A22C76C6C00DCF18F /* Frameworks */ = {
			isa = PBXFrameworksBuildPhase;
			buildActionMask = 2147483647;
			files = (
				921480A22D9DBF3DFB58AA37 /* Pods_SKS.framework in Frameworks */,
			);
			runOnlyForDeploymentPostprocessing = 0;
		};
		B5C9C63122C76C6E00DCF18F /* Frameworks */ = {
			isa = PBXFrameworksBuildPhase;
			buildActionMask = 2147483647;
			files = (
				ED7921A338F5E6B8777F9AC5 /* Pods_SKSTests.framework in Frameworks */,
			);
			runOnlyForDeploymentPostprocessing = 0;
		};
		B5C9C63C22C76C6E00DCF18F /* Frameworks */ = {
			isa = PBXFrameworksBuildPhase;
			buildActionMask = 2147483647;
			files = (
				E12572D7BF3DC92A24FDF277 /* Pods_SKSUITests.framework in Frameworks */,
			);
			runOnlyForDeploymentPostprocessing = 0;
		};
/* End PBXFrameworksBuildPhase section */

/* Begin PBXGroup section */
		0A54FBC5127449E47A6AF70E /* Pods */ = {
			isa = PBXGroup;
			children = (
				A440963D0A5F12AD7C9C3D12 /* Pods-SKS.debug.xcconfig */,
				DE8C2AAB5C2461575D3A92B5 /* Pods-SKS.release.xcconfig */,
				CB15E5BBC666285637ED3505 /* Pods-SKSTests.debug.xcconfig */,
				C1FE379F89779B8E8C1BBFDA /* Pods-SKSTests.release.xcconfig */,
				622A228EE0867A7471A9B02A /* Pods-SKSUITests.debug.xcconfig */,
				DBBA48756DFB066F1649F587 /* Pods-SKSUITests.release.xcconfig */,
			);
			path = Pods;
			sourceTree = "<group>";
		};
		6A0619000F9BB06A387D7E2E /* Frameworks */ = {
			isa = PBXGroup;
			children = (
				F3BFFDE6A16510AD903A4E12 /* Pods_SKS.framework */,
				DD4083853A2D07F1D22D28DE /* Pods_SKSTests.framework */,
				5DC50700F3238CE58EC068EF /* Pods_SKSUITests.framework */,
			);
			name = Frameworks;
			sourceTree = "<group>";
		};
		B527534922DD01150003BDE6 /* SKS */ = {
			isa = PBXGroup;
			children = (
				B5A63FF022E33B0200AAC526 /* Views */,
				B527535322DD08DC0003BDE6 /* Buttons */,
				B527534A22DD012C0003BDE6 /* TextFields */,
			);
			path = SKS;
			sourceTree = "<group>";
		};
		B527534A22DD012C0003BDE6 /* TextFields */ = {
			isa = PBXGroup;
			children = (
				B527534D22DD03A30003BDE6 /* LoginTextField.swift */,
				B5A63FF122E33B5D00AAC526 /* SKSTextField.swift */,
			);
			path = TextFields;
			sourceTree = "<group>";
		};
		B527535322DD08DC0003BDE6 /* Buttons */ = {
			isa = PBXGroup;
			children = (
				B527535422DD08E60003BDE6 /* SKSButton.swift */,
			);
			path = Buttons;
			sourceTree = "<group>";
		};
		B559E96F22CBC37B00301F85 /* Extension */ = {
			isa = PBXGroup;
			children = (
				B52EFFD022CB896400518949 /* JSONEncoder.swift */,
				B527534522DCFF4F0003BDE6 /* UIColor.swift */,
				B527534F22DD07B20003BDE6 /* String.swift */,
				B527535622DD199A0003BDE6 /* NSMutableAttributedString.swift */,
				B5858B2622E36FAA003B67B0 /* UIView.swift */,
			);
			path = Extension;
			sourceTree = "<group>";
		};
		B5A63FF022E33B0200AAC526 /* Views */ = {
			isa = PBXGroup;
			children = (
				B527534B22DD013B0003BDE6 /* ErrorTextField.swift */,
				B5530D9522E2E97900948A07 /* ErrorTextField.xib */,
			);
			path = Views;
			sourceTree = "<group>";
		};
		B5C9C61422C76C6C00DCF18F = {
			isa = PBXGroup;
			children = (
				B5C9C61F22C76C6C00DCF18F /* SKS */,
				B5C9C63722C76C6E00DCF18F /* SKSTests */,
				B5C9C64222C76C6E00DCF18F /* SKSUITests */,
				B5C9C61E22C76C6C00DCF18F /* Products */,
				0A54FBC5127449E47A6AF70E /* Pods */,
				6A0619000F9BB06A387D7E2E /* Frameworks */,
			);
			sourceTree = "<group>";
		};
		B5C9C61E22C76C6C00DCF18F /* Products */ = {
			isa = PBXGroup;
			children = (
				B5C9C61D22C76C6C00DCF18F /* SKS.app */,
				B5C9C63422C76C6E00DCF18F /* SKSTests.xctest */,
				B5C9C63F22C76C6E00DCF18F /* SKSUITests.xctest */,
			);
			name = Products;
			sourceTree = "<group>";
		};
		B5C9C61F22C76C6C00DCF18F /* SKS */ = {
			isa = PBXGroup;
			children = (
				B5C9C62F22C76C6E00DCF18F /* Info.plist */,
				B5C9C62022C76C6C00DCF18F /* AppDelegate.swift */,
				B5C9C65822C7752200DCF18F /* Classes */,
				B5C9C65922C7759700DCF18F /* Resources */,
			);
			path = SKS;
			sourceTree = "<group>";
		};
		B5C9C63722C76C6E00DCF18F /* SKSTests */ = {
			isa = PBXGroup;
			children = (
				B5C9C63822C76C6E00DCF18F /* SKSTests.swift */,
				B5C9C63A22C76C6E00DCF18F /* Info.plist */,
			);
			path = SKSTests;
			sourceTree = "<group>";
		};
		B5C9C64222C76C6E00DCF18F /* SKSUITests */ = {
			isa = PBXGroup;
			children = (
				B5C9C64322C76C6E00DCF18F /* SKSUITests.swift */,
				B5C9C64522C76C6E00DCF18F /* Info.plist */,
			);
			path = SKSUITests;
			sourceTree = "<group>";
		};
		B5C9C65822C7752200DCF18F /* Classes */ = {
			isa = PBXGroup;
			children = (
				B5C9C66022C7774C00DCF18F /* Views */,
				B5C9C66222C7775800DCF18F /* Controllers */,
				B5C9C66122C7775200DCF18F /* Models */,
				B5C9C66322C7776500DCF18F /* NetworkServices */,
				B5C9C66422C7777600DCF18F /* Utils */,
			);
			path = Classes;
			sourceTree = "<group>";
		};
		B5C9C65922C7759700DCF18F /* Resources */ = {
			isa = PBXGroup;
			children = (
				B5C9C62A22C76C6E00DCF18F /* Assets.xcassets */,
				B5C9C62722C76C6C00DCF18F /* SKS.xcdatamodeld */,
				B5C9C65D22C7765100DCF18F /* Fonts */,
				B5C9C65A22C775A100DCF18F /* Strings */,
			);
			path = Resources;
			sourceTree = "<group>";
		};
		B5C9C65A22C775A100DCF18F /* Strings */ = {
			isa = PBXGroup;
			children = (
				B5C9C65B22C775BF00DCF18F /* Localizable.strings */,
			);
			path = Strings;
			sourceTree = "<group>";
		};
		B5C9C65D22C7765100DCF18F /* Fonts */ = {
			isa = PBXGroup;
			children = (
				B5C9C65E22C7766C00DCF18F /* Fonts.swift */,
			);
			path = Fonts;
			sourceTree = "<group>";
		};
		B5C9C66022C7774C00DCF18F /* Views */ = {
			isa = PBXGroup;
			children = (
				B5C9C62C22C76C6E00DCF18F /* LaunchScreen.storyboard */,
				B5C9C62422C76C6C00DCF18F /* Login.storyboard */,
			);
			path = Views;
			sourceTree = "<group>";
		};
		B5C9C66122C7775200DCF18F /* Models */ = {
			isa = PBXGroup;
			children = (
				B51B601022C9DEDA003F24F3 /* Category.swift */,
				B51B601222C9E796003F24F3 /* City.swift */,
				B51B601422C9EAB5003F24F3 /* Stock.swift */,
				B52EFFD222CBA56500518949 /* Partner.swift */,
				B559E97022CBC67700301F85 /* Discount.swift */,
				B559E97222CBC6E500301F85 /* BigestStock.swift */,
				B57755E822DDB53200ABA9CA /* SmsResponse.swift */,
			);
			path = Models;
			sourceTree = "<group>";
		};
		B5C9C66222C7775800DCF18F /* Controllers */ = {
			isa = PBXGroup;
			children = (
				B5EE918322E201FA00868BE4 /* Login */,
				B586E9D922E1EE9600790CF3 /* BaseViewController.swift */,
			);
			path = Controllers;
			sourceTree = "<group>";
		};
		B5C9C66322C7776500DCF18F /* NetworkServices */ = {
			isa = PBXGroup;
			children = (
				B51B600422C9D2EF003F24F3 /* NetworkService.swift */,
			);
			path = NetworkServices;
			sourceTree = "<group>";
		};
		B5C9C66422C7777600DCF18F /* Utils */ = {
			isa = PBXGroup;
			children = (
				B527534722DCFF720003BDE6 /* ColorManager.swift */,
				B5C9C66B22C7856F00DCF18F /* ReachabilityManager.swift */,
				B527534922DD01150003BDE6 /* SKS */,
				B559E96F22CBC37B00301F85 /* Extension */,
				B5858B2422E36870003B67B0 /* ImagePicker.swift */,
			);
			path = Utils;
			sourceTree = "<group>";
		};
		B5EE918322E201FA00868BE4 /* Login */ = {
			isa = PBXGroup;
			children = (
				B5C9C62222C76C6C00DCF18F /* LoginViewController.swift */,
				B5904DC322E1BBEE00BCB345 /* CodeViewController.swift */,
				B586E9D522E1E58D00790CF3 /* PersonalDataViewController.swift */,
				B586E9D722E1E64400790CF3 /* UniversityDataViewController.swift */,
			);
			path = Login;
			sourceTree = "<group>";
		};
/* End PBXGroup section */

/* Begin PBXNativeTarget section */
		B5C9C61C22C76C6C00DCF18F /* SKS */ = {
			isa = PBXNativeTarget;
			buildConfigurationList = B5C9C64822C76C6E00DCF18F /* Build configuration list for PBXNativeTarget "SKS" */;
			buildPhases = (
				83F3CCB62F486B4ADD6BAC83 /* [CP] Check Pods Manifest.lock */,
				B5C9C61922C76C6C00DCF18F /* Sources */,
				B5C9C61A22C76C6C00DCF18F /* Frameworks */,
				B5C9C61B22C76C6C00DCF18F /* Resources */,
				B883E6EFDF2F359BBAF8114B /* [CP] Embed Pods Frameworks */,
			);
			buildRules = (
			);
			dependencies = (
			);
			name = SKS;
			productName = SKS;
			productReference = B5C9C61D22C76C6C00DCF18F /* SKS.app */;
			productType = "com.apple.product-type.application";
		};
		B5C9C63322C76C6E00DCF18F /* SKSTests */ = {
			isa = PBXNativeTarget;
			buildConfigurationList = B5C9C64B22C76C6E00DCF18F /* Build configuration list for PBXNativeTarget "SKSTests" */;
			buildPhases = (
				E959F66F668F7D5DD2D6861B /* [CP] Check Pods Manifest.lock */,
				B5C9C63022C76C6E00DCF18F /* Sources */,
				B5C9C63122C76C6E00DCF18F /* Frameworks */,
				B5C9C63222C76C6E00DCF18F /* Resources */,
			);
			buildRules = (
			);
			dependencies = (
				B5C9C63622C76C6E00DCF18F /* PBXTargetDependency */,
			);
			name = SKSTests;
			productName = SKSTests;
			productReference = B5C9C63422C76C6E00DCF18F /* SKSTests.xctest */;
			productType = "com.apple.product-type.bundle.unit-test";
		};
		B5C9C63E22C76C6E00DCF18F /* SKSUITests */ = {
			isa = PBXNativeTarget;
			buildConfigurationList = B5C9C64E22C76C6E00DCF18F /* Build configuration list for PBXNativeTarget "SKSUITests" */;
			buildPhases = (
				9BBF1FC73ACB20201A11BEC1 /* [CP] Check Pods Manifest.lock */,
				B5C9C63B22C76C6E00DCF18F /* Sources */,
				B5C9C63C22C76C6E00DCF18F /* Frameworks */,
				B5C9C63D22C76C6E00DCF18F /* Resources */,
			);
			buildRules = (
			);
			dependencies = (
				B5C9C64122C76C6E00DCF18F /* PBXTargetDependency */,
			);
			name = SKSUITests;
			productName = SKSUITests;
			productReference = B5C9C63F22C76C6E00DCF18F /* SKSUITests.xctest */;
			productType = "com.apple.product-type.bundle.ui-testing";
		};
/* End PBXNativeTarget section */

/* Begin PBXProject section */
		B5C9C61522C76C6C00DCF18F /* Project object */ = {
			isa = PBXProject;
			attributes = {
				LastSwiftUpdateCheck = 1020;
				LastUpgradeCheck = 1020;
				ORGANIZATIONNAME = Katrych;
				TargetAttributes = {
					B5C9C61C22C76C6C00DCF18F = {
						CreatedOnToolsVersion = 10.2.1;
					};
					B5C9C63322C76C6E00DCF18F = {
						CreatedOnToolsVersion = 10.2.1;
						TestTargetID = B5C9C61C22C76C6C00DCF18F;
					};
					B5C9C63E22C76C6E00DCF18F = {
						CreatedOnToolsVersion = 10.2.1;
						TestTargetID = B5C9C61C22C76C6C00DCF18F;
					};
				};
			};
			buildConfigurationList = B5C9C61822C76C6C00DCF18F /* Build configuration list for PBXProject "SKS" */;
			compatibilityVersion = "Xcode 9.3";
			developmentRegion = en;
			hasScannedForEncodings = 0;
			knownRegions = (
				en,
				Base,
			);
			mainGroup = B5C9C61422C76C6C00DCF18F;
			productRefGroup = B5C9C61E22C76C6C00DCF18F /* Products */;
			projectDirPath = "";
			projectRoot = "";
			targets = (
				B5C9C61C22C76C6C00DCF18F /* SKS */,
				B5C9C63322C76C6E00DCF18F /* SKSTests */,
				B5C9C63E22C76C6E00DCF18F /* SKSUITests */,
			);
		};
/* End PBXProject section */

/* Begin PBXResourcesBuildPhase section */
		B5C9C61B22C76C6C00DCF18F /* Resources */ = {
			isa = PBXResourcesBuildPhase;
			buildActionMask = 2147483647;
			files = (
				B5C9C62E22C76C6E00DCF18F /* LaunchScreen.storyboard in Resources */,
				B5530D9622E2E97900948A07 /* ErrorTextField.xib in Resources */,
				B5C9C65C22C775BF00DCF18F /* Localizable.strings in Resources */,
				B5C9C62B22C76C6E00DCF18F /* Assets.xcassets in Resources */,
				B5C9C62622C76C6C00DCF18F /* Login.storyboard in Resources */,
			);
			runOnlyForDeploymentPostprocessing = 0;
		};
		B5C9C63222C76C6E00DCF18F /* Resources */ = {
			isa = PBXResourcesBuildPhase;
			buildActionMask = 2147483647;
			files = (
			);
			runOnlyForDeploymentPostprocessing = 0;
		};
		B5C9C63D22C76C6E00DCF18F /* Resources */ = {
			isa = PBXResourcesBuildPhase;
			buildActionMask = 2147483647;
			files = (
			);
			runOnlyForDeploymentPostprocessing = 0;
		};
/* End PBXResourcesBuildPhase section */

/* Begin PBXShellScriptBuildPhase section */
		83F3CCB62F486B4ADD6BAC83 /* [CP] Check Pods Manifest.lock */ = {
			isa = PBXShellScriptBuildPhase;
			buildActionMask = 2147483647;
			files = (
			);
			inputFileListPaths = (
			);
			inputPaths = (
				"${PODS_PODFILE_DIR_PATH}/Podfile.lock",
				"${PODS_ROOT}/Manifest.lock",
			);
			name = "[CP] Check Pods Manifest.lock";
			outputFileListPaths = (
			);
			outputPaths = (
				"$(DERIVED_FILE_DIR)/Pods-SKS-checkManifestLockResult.txt",
			);
			runOnlyForDeploymentPostprocessing = 0;
			shellPath = /bin/sh;
			shellScript = "diff \"${PODS_PODFILE_DIR_PATH}/Podfile.lock\" \"${PODS_ROOT}/Manifest.lock\" > /dev/null\nif [ $? != 0 ] ; then\n    # print error to STDERR\n    echo \"error: The sandbox is not in sync with the Podfile.lock. Run 'pod install' or update your CocoaPods installation.\" >&2\n    exit 1\nfi\n# This output is used by Xcode 'outputs' to avoid re-running this script phase.\necho \"SUCCESS\" > \"${SCRIPT_OUTPUT_FILE_0}\"\n";
			showEnvVarsInLog = 0;
		};
		9BBF1FC73ACB20201A11BEC1 /* [CP] Check Pods Manifest.lock */ = {
			isa = PBXShellScriptBuildPhase;
			buildActionMask = 2147483647;
			files = (
			);
			inputFileListPaths = (
			);
			inputPaths = (
				"${PODS_PODFILE_DIR_PATH}/Podfile.lock",
				"${PODS_ROOT}/Manifest.lock",
			);
			name = "[CP] Check Pods Manifest.lock";
			outputFileListPaths = (
			);
			outputPaths = (
				"$(DERIVED_FILE_DIR)/Pods-SKSUITests-checkManifestLockResult.txt",
			);
			runOnlyForDeploymentPostprocessing = 0;
			shellPath = /bin/sh;
			shellScript = "diff \"${PODS_PODFILE_DIR_PATH}/Podfile.lock\" \"${PODS_ROOT}/Manifest.lock\" > /dev/null\nif [ $? != 0 ] ; then\n    # print error to STDERR\n    echo \"error: The sandbox is not in sync with the Podfile.lock. Run 'pod install' or update your CocoaPods installation.\" >&2\n    exit 1\nfi\n# This output is used by Xcode 'outputs' to avoid re-running this script phase.\necho \"SUCCESS\" > \"${SCRIPT_OUTPUT_FILE_0}\"\n";
			showEnvVarsInLog = 0;
		};
		B883E6EFDF2F359BBAF8114B /* [CP] Embed Pods Frameworks */ = {
			isa = PBXShellScriptBuildPhase;
			buildActionMask = 2147483647;
			files = (
			);
			inputFileListPaths = (
				"${PODS_ROOT}/Target Support Files/Pods-SKS/Pods-SKS-frameworks-${CONFIGURATION}-input-files.xcfilelist",
			);
			name = "[CP] Embed Pods Frameworks";
			outputFileListPaths = (
				"${PODS_ROOT}/Target Support Files/Pods-SKS/Pods-SKS-frameworks-${CONFIGURATION}-output-files.xcfilelist",
			);
			runOnlyForDeploymentPostprocessing = 0;
			shellPath = /bin/sh;
			shellScript = "\"${PODS_ROOT}/Target Support Files/Pods-SKS/Pods-SKS-frameworks.sh\"\n";
			showEnvVarsInLog = 0;
		};
		E959F66F668F7D5DD2D6861B /* [CP] Check Pods Manifest.lock */ = {
			isa = PBXShellScriptBuildPhase;
			buildActionMask = 2147483647;
			files = (
			);
			inputFileListPaths = (
			);
			inputPaths = (
				"${PODS_PODFILE_DIR_PATH}/Podfile.lock",
				"${PODS_ROOT}/Manifest.lock",
			);
			name = "[CP] Check Pods Manifest.lock";
			outputFileListPaths = (
			);
			outputPaths = (
				"$(DERIVED_FILE_DIR)/Pods-SKSTests-checkManifestLockResult.txt",
			);
			runOnlyForDeploymentPostprocessing = 0;
			shellPath = /bin/sh;
			shellScript = "diff \"${PODS_PODFILE_DIR_PATH}/Podfile.lock\" \"${PODS_ROOT}/Manifest.lock\" > /dev/null\nif [ $? != 0 ] ; then\n    # print error to STDERR\n    echo \"error: The sandbox is not in sync with the Podfile.lock. Run 'pod install' or update your CocoaPods installation.\" >&2\n    exit 1\nfi\n# This output is used by Xcode 'outputs' to avoid re-running this script phase.\necho \"SUCCESS\" > \"${SCRIPT_OUTPUT_FILE_0}\"\n";
			showEnvVarsInLog = 0;
		};
/* End PBXShellScriptBuildPhase section */

/* Begin PBXSourcesBuildPhase section */
		B5C9C61922C76C6C00DCF18F /* Sources */ = {
			isa = PBXSourcesBuildPhase;
			buildActionMask = 2147483647;
			files = (
				B586E9D622E1E58D00790CF3 /* PersonalDataViewController.swift in Sources */,
				B57755E922DDB53200ABA9CA /* SmsResponse.swift in Sources */,
				B52EFFD122CB896400518949 /* JSONEncoder.swift in Sources */,
				B5858B2522E36870003B67B0 /* ImagePicker.swift in Sources */,
				B5A63FF222E33B5D00AAC526 /* SKSTextField.swift in Sources */,
				B527534622DCFF4F0003BDE6 /* UIColor.swift in Sources */,
				B51B601122C9DEDA003F24F3 /* Category.swift in Sources */,
				B5C9C66C22C7856F00DCF18F /* ReachabilityManager.swift in Sources */,
				B5C9C65F22C7766C00DCF18F /* Fonts.swift in Sources */,
				B5C9C62322C76C6C00DCF18F /* LoginViewController.swift in Sources */,
				B586E9D822E1E64400790CF3 /* UniversityDataViewController.swift in Sources */,
				B527534E22DD03A30003BDE6 /* LoginTextField.swift in Sources */,
				B527534822DCFF720003BDE6 /* ColorManager.swift in Sources */,
				B527534C22DD013B0003BDE6 /* ErrorTextField.swift in Sources */,
				B527535722DD199A0003BDE6 /* NSMutableAttributedString.swift in Sources */,
				B5C9C62922C76C6C00DCF18F /* SKS.xcdatamodeld in Sources */,
				B559E97122CBC67800301F85 /* Discount.swift in Sources */,
				B52EFFD322CBA56500518949 /* Partner.swift in Sources */,
				B527535022DD07B20003BDE6 /* String.swift in Sources */,
				B5C9C62122C76C6C00DCF18F /* AppDelegate.swift in Sources */,
				B51B601322C9E796003F24F3 /* City.swift in Sources */,
				B527535522DD08E60003BDE6 /* SKSButton.swift in Sources */,
				B586E9DA22E1EE9600790CF3 /* BaseViewController.swift in Sources */,
				B559E97322CBC6E500301F85 /* BigestStock.swift in Sources */,
				B5858B2722E36FAA003B67B0 /* UIView.swift in Sources */,
				B51B600522C9D2EF003F24F3 /* NetworkService.swift in Sources */,
				B51B601522C9EAB5003F24F3 /* Stock.swift in Sources */,
				B5904DC422E1BBEE00BCB345 /* CodeViewController.swift in Sources */,
			);
			runOnlyForDeploymentPostprocessing = 0;
		};
		B5C9C63022C76C6E00DCF18F /* Sources */ = {
			isa = PBXSourcesBuildPhase;
			buildActionMask = 2147483647;
			files = (
				B5C9C63922C76C6E00DCF18F /* SKSTests.swift in Sources */,
			);
			runOnlyForDeploymentPostprocessing = 0;
		};
		B5C9C63B22C76C6E00DCF18F /* Sources */ = {
			isa = PBXSourcesBuildPhase;
			buildActionMask = 2147483647;
			files = (
				B5C9C64422C76C6E00DCF18F /* SKSUITests.swift in Sources */,
			);
			runOnlyForDeploymentPostprocessing = 0;
		};
/* End PBXSourcesBuildPhase section */

/* Begin PBXTargetDependency section */
		B5C9C63622C76C6E00DCF18F /* PBXTargetDependency */ = {
			isa = PBXTargetDependency;
			target = B5C9C61C22C76C6C00DCF18F /* SKS */;
			targetProxy = B5C9C63522C76C6E00DCF18F /* PBXContainerItemProxy */;
		};
		B5C9C64122C76C6E00DCF18F /* PBXTargetDependency */ = {
			isa = PBXTargetDependency;
			target = B5C9C61C22C76C6C00DCF18F /* SKS */;
			targetProxy = B5C9C64022C76C6E00DCF18F /* PBXContainerItemProxy */;
		};
/* End PBXTargetDependency section */

/* Begin PBXVariantGroup section */
		B5C9C62422C76C6C00DCF18F /* Login.storyboard */ = {
			isa = PBXVariantGroup;
			children = (
				B5C9C62522C76C6C00DCF18F /* Base */,
			);
			name = Login.storyboard;
			sourceTree = "<group>";
		};
		B5C9C62C22C76C6E00DCF18F /* LaunchScreen.storyboard */ = {
			isa = PBXVariantGroup;
			children = (
				B5C9C62D22C76C6E00DCF18F /* Base */,
			);
			name = LaunchScreen.storyboard;
			sourceTree = "<group>";
		};
/* End PBXVariantGroup section */

/* Begin XCBuildConfiguration section */
		B5C9C64622C76C6E00DCF18F /* Debug */ = {
			isa = XCBuildConfiguration;
			buildSettings = {
				ALWAYS_SEARCH_USER_PATHS = NO;
				CLANG_ANALYZER_NONNULL = YES;
				CLANG_ANALYZER_NUMBER_OBJECT_CONVERSION = YES_AGGRESSIVE;
				CLANG_CXX_LANGUAGE_STANDARD = "gnu++14";
				CLANG_CXX_LIBRARY = "libc++";
				CLANG_ENABLE_MODULES = YES;
				CLANG_ENABLE_OBJC_ARC = YES;
				CLANG_ENABLE_OBJC_WEAK = YES;
				CLANG_WARN_BLOCK_CAPTURE_AUTORELEASING = YES;
				CLANG_WARN_BOOL_CONVERSION = YES;
				CLANG_WARN_COMMA = YES;
				CLANG_WARN_CONSTANT_CONVERSION = YES;
				CLANG_WARN_DEPRECATED_OBJC_IMPLEMENTATIONS = YES;
				CLANG_WARN_DIRECT_OBJC_ISA_USAGE = YES_ERROR;
				CLANG_WARN_DOCUMENTATION_COMMENTS = YES;
				CLANG_WARN_EMPTY_BODY = YES;
				CLANG_WARN_ENUM_CONVERSION = YES;
				CLANG_WARN_INFINITE_RECURSION = YES;
				CLANG_WARN_INT_CONVERSION = YES;
				CLANG_WARN_NON_LITERAL_NULL_CONVERSION = YES;
				CLANG_WARN_OBJC_IMPLICIT_RETAIN_SELF = YES;
				CLANG_WARN_OBJC_LITERAL_CONVERSION = YES;
				CLANG_WARN_OBJC_ROOT_CLASS = YES_ERROR;
				CLANG_WARN_RANGE_LOOP_ANALYSIS = YES;
				CLANG_WARN_STRICT_PROTOTYPES = YES;
				CLANG_WARN_SUSPICIOUS_MOVE = YES;
				CLANG_WARN_UNGUARDED_AVAILABILITY = YES_AGGRESSIVE;
				CLANG_WARN_UNREACHABLE_CODE = YES;
				CLANG_WARN__DUPLICATE_METHOD_MATCH = YES;
				CODE_SIGN_IDENTITY = "iPhone Developer";
				COPY_PHASE_STRIP = NO;
				DEBUG_INFORMATION_FORMAT = dwarf;
				ENABLE_STRICT_OBJC_MSGSEND = YES;
				ENABLE_TESTABILITY = YES;
				GCC_C_LANGUAGE_STANDARD = gnu11;
				GCC_DYNAMIC_NO_PIC = NO;
				GCC_NO_COMMON_BLOCKS = YES;
				GCC_OPTIMIZATION_LEVEL = 0;
				GCC_PREPROCESSOR_DEFINITIONS = (
					"DEBUG=1",
					"$(inherited)",
				);
				GCC_WARN_64_TO_32_BIT_CONVERSION = YES;
				GCC_WARN_ABOUT_RETURN_TYPE = YES_ERROR;
				GCC_WARN_UNDECLARED_SELECTOR = YES;
				GCC_WARN_UNINITIALIZED_AUTOS = YES_AGGRESSIVE;
				GCC_WARN_UNUSED_FUNCTION = YES;
				GCC_WARN_UNUSED_VARIABLE = YES;
				IPHONEOS_DEPLOYMENT_TARGET = 12.2;
				MTL_ENABLE_DEBUG_INFO = INCLUDE_SOURCE;
				MTL_FAST_MATH = YES;
				ONLY_ACTIVE_ARCH = YES;
				SDKROOT = iphoneos;
				SWIFT_ACTIVE_COMPILATION_CONDITIONS = DEBUG;
				SWIFT_OPTIMIZATION_LEVEL = "-Onone";
			};
			name = Debug;
		};
		B5C9C64722C76C6E00DCF18F /* Release */ = {
			isa = XCBuildConfiguration;
			buildSettings = {
				ALWAYS_SEARCH_USER_PATHS = NO;
				CLANG_ANALYZER_NONNULL = YES;
				CLANG_ANALYZER_NUMBER_OBJECT_CONVERSION = YES_AGGRESSIVE;
				CLANG_CXX_LANGUAGE_STANDARD = "gnu++14";
				CLANG_CXX_LIBRARY = "libc++";
				CLANG_ENABLE_MODULES = YES;
				CLANG_ENABLE_OBJC_ARC = YES;
				CLANG_ENABLE_OBJC_WEAK = YES;
				CLANG_WARN_BLOCK_CAPTURE_AUTORELEASING = YES;
				CLANG_WARN_BOOL_CONVERSION = YES;
				CLANG_WARN_COMMA = YES;
				CLANG_WARN_CONSTANT_CONVERSION = YES;
				CLANG_WARN_DEPRECATED_OBJC_IMPLEMENTATIONS = YES;
				CLANG_WARN_DIRECT_OBJC_ISA_USAGE = YES_ERROR;
				CLANG_WARN_DOCUMENTATION_COMMENTS = YES;
				CLANG_WARN_EMPTY_BODY = YES;
				CLANG_WARN_ENUM_CONVERSION = YES;
				CLANG_WARN_INFINITE_RECURSION = YES;
				CLANG_WARN_INT_CONVERSION = YES;
				CLANG_WARN_NON_LITERAL_NULL_CONVERSION = YES;
				CLANG_WARN_OBJC_IMPLICIT_RETAIN_SELF = YES;
				CLANG_WARN_OBJC_LITERAL_CONVERSION = YES;
				CLANG_WARN_OBJC_ROOT_CLASS = YES_ERROR;
				CLANG_WARN_RANGE_LOOP_ANALYSIS = YES;
				CLANG_WARN_STRICT_PROTOTYPES = YES;
				CLANG_WARN_SUSPICIOUS_MOVE = YES;
				CLANG_WARN_UNGUARDED_AVAILABILITY = YES_AGGRESSIVE;
				CLANG_WARN_UNREACHABLE_CODE = YES;
				CLANG_WARN__DUPLICATE_METHOD_MATCH = YES;
				CODE_SIGN_IDENTITY = "iPhone Developer";
				COPY_PHASE_STRIP = NO;
				DEBUG_INFORMATION_FORMAT = "dwarf-with-dsym";
				ENABLE_NS_ASSERTIONS = NO;
				ENABLE_STRICT_OBJC_MSGSEND = YES;
				GCC_C_LANGUAGE_STANDARD = gnu11;
				GCC_NO_COMMON_BLOCKS = YES;
				GCC_WARN_64_TO_32_BIT_CONVERSION = YES;
				GCC_WARN_ABOUT_RETURN_TYPE = YES_ERROR;
				GCC_WARN_UNDECLARED_SELECTOR = YES;
				GCC_WARN_UNINITIALIZED_AUTOS = YES_AGGRESSIVE;
				GCC_WARN_UNUSED_FUNCTION = YES;
				GCC_WARN_UNUSED_VARIABLE = YES;
				IPHONEOS_DEPLOYMENT_TARGET = 12.2;
				MTL_ENABLE_DEBUG_INFO = NO;
				MTL_FAST_MATH = YES;
				SDKROOT = iphoneos;
				SWIFT_COMPILATION_MODE = wholemodule;
				SWIFT_OPTIMIZATION_LEVEL = "-O";
				VALIDATE_PRODUCT = YES;
			};
			name = Release;
		};
		B5C9C64922C76C6E00DCF18F /* Debug */ = {
			isa = XCBuildConfiguration;
			baseConfigurationReference = A440963D0A5F12AD7C9C3D12 /* Pods-SKS.debug.xcconfig */;
			buildSettings = {
				ASSETCATALOG_COMPILER_APPICON_NAME = AppIcon;
				CODE_SIGN_STYLE = Automatic;
				INFOPLIST_FILE = SKS/Info.plist;
				IPHONEOS_DEPLOYMENT_TARGET = 11.0;
				LD_RUNPATH_SEARCH_PATHS = (
					"$(inherited)",
					"@executable_path/Frameworks",
				);
				PRODUCT_BUNDLE_IDENTIFIER = ru.petrsu.sks;
				PRODUCT_NAME = "$(TARGET_NAME)";
				SWIFT_VERSION = 5.0;
				TARGETED_DEVICE_FAMILY = "1,2";
			};
			name = Debug;
		};
		B5C9C64A22C76C6E00DCF18F /* Release */ = {
			isa = XCBuildConfiguration;
			baseConfigurationReference = DE8C2AAB5C2461575D3A92B5 /* Pods-SKS.release.xcconfig */;
			buildSettings = {
				ASSETCATALOG_COMPILER_APPICON_NAME = AppIcon;
				CODE_SIGN_STYLE = Automatic;
				INFOPLIST_FILE = SKS/Info.plist;
				IPHONEOS_DEPLOYMENT_TARGET = 11.0;
				LD_RUNPATH_SEARCH_PATHS = (
					"$(inherited)",
					"@executable_path/Frameworks",
				);
				PRODUCT_BUNDLE_IDENTIFIER = ru.petrsu.sks;
				PRODUCT_NAME = "$(TARGET_NAME)";
				SWIFT_VERSION = 5.0;
				TARGETED_DEVICE_FAMILY = "1,2";
			};
			name = Release;
		};
		B5C9C64C22C76C6E00DCF18F /* Debug */ = {
			isa = XCBuildConfiguration;
			baseConfigurationReference = CB15E5BBC666285637ED3505 /* Pods-SKSTests.debug.xcconfig */;
			buildSettings = {
				ALWAYS_EMBED_SWIFT_STANDARD_LIBRARIES = YES;
				BUNDLE_LOADER = "$(TEST_HOST)";
				CODE_SIGN_STYLE = Automatic;
				INFOPLIST_FILE = SKSTests/Info.plist;
				LD_RUNPATH_SEARCH_PATHS = (
					"$(inherited)",
					"@executable_path/Frameworks",
					"@loader_path/Frameworks",
				);
				PRODUCT_BUNDLE_IDENTIFIER = Sheverev.SKSTests;
				PRODUCT_NAME = "$(TARGET_NAME)";
				SWIFT_VERSION = 5.0;
				TARGETED_DEVICE_FAMILY = "1,2";
				TEST_HOST = "$(BUILT_PRODUCTS_DIR)/SKS.app/SKS";
			};
			name = Debug;
		};
		B5C9C64D22C76C6E00DCF18F /* Release */ = {
			isa = XCBuildConfiguration;
			baseConfigurationReference = C1FE379F89779B8E8C1BBFDA /* Pods-SKSTests.release.xcconfig */;
			buildSettings = {
				ALWAYS_EMBED_SWIFT_STANDARD_LIBRARIES = YES;
				BUNDLE_LOADER = "$(TEST_HOST)";
				CODE_SIGN_STYLE = Automatic;
				INFOPLIST_FILE = SKSTests/Info.plist;
				LD_RUNPATH_SEARCH_PATHS = (
					"$(inherited)",
					"@executable_path/Frameworks",
					"@loader_path/Frameworks",
				);
				PRODUCT_BUNDLE_IDENTIFIER = Sheverev.SKSTests;
				PRODUCT_NAME = "$(TARGET_NAME)";
				SWIFT_VERSION = 5.0;
				TARGETED_DEVICE_FAMILY = "1,2";
				TEST_HOST = "$(BUILT_PRODUCTS_DIR)/SKS.app/SKS";
			};
			name = Release;
		};
		B5C9C64F22C76C6E00DCF18F /* Debug */ = {
			isa = XCBuildConfiguration;
			baseConfigurationReference = 622A228EE0867A7471A9B02A /* Pods-SKSUITests.debug.xcconfig */;
			buildSettings = {
				ALWAYS_EMBED_SWIFT_STANDARD_LIBRARIES = YES;
				CODE_SIGN_STYLE = Automatic;
				INFOPLIST_FILE = SKSUITests/Info.plist;
				LD_RUNPATH_SEARCH_PATHS = (
					"$(inherited)",
					"@executable_path/Frameworks",
					"@loader_path/Frameworks",
				);
				PRODUCT_BUNDLE_IDENTIFIER = Sheverev.SKSUITests;
				PRODUCT_NAME = "$(TARGET_NAME)";
				SWIFT_VERSION = 5.0;
				TARGETED_DEVICE_FAMILY = "1,2";
				TEST_TARGET_NAME = SKS;
			};
			name = Debug;
		};
		B5C9C65022C76C6E00DCF18F /* Release */ = {
			isa = XCBuildConfiguration;
			baseConfigurationReference = DBBA48756DFB066F1649F587 /* Pods-SKSUITests.release.xcconfig */;
			buildSettings = {
				ALWAYS_EMBED_SWIFT_STANDARD_LIBRARIES = YES;
				CODE_SIGN_STYLE = Automatic;
				INFOPLIST_FILE = SKSUITests/Info.plist;
				LD_RUNPATH_SEARCH_PATHS = (
					"$(inherited)",
					"@executable_path/Frameworks",
					"@loader_path/Frameworks",
				);
				PRODUCT_BUNDLE_IDENTIFIER = Sheverev.SKSUITests;
				PRODUCT_NAME = "$(TARGET_NAME)";
				SWIFT_VERSION = 5.0;
				TARGETED_DEVICE_FAMILY = "1,2";
				TEST_TARGET_NAME = SKS;
			};
			name = Release;
		};
/* End XCBuildConfiguration section */

/* Begin XCConfigurationList section */
		B5C9C61822C76C6C00DCF18F /* Build configuration list for PBXProject "SKS" */ = {
			isa = XCConfigurationList;
			buildConfigurations = (
				B5C9C64622C76C6E00DCF18F /* Debug */,
				B5C9C64722C76C6E00DCF18F /* Release */,
			);
			defaultConfigurationIsVisible = 0;
			defaultConfigurationName = Release;
		};
		B5C9C64822C76C6E00DCF18F /* Build configuration list for PBXNativeTarget "SKS" */ = {
			isa = XCConfigurationList;
			buildConfigurations = (
				B5C9C64922C76C6E00DCF18F /* Debug */,
				B5C9C64A22C76C6E00DCF18F /* Release */,
			);
			defaultConfigurationIsVisible = 0;
			defaultConfigurationName = Release;
		};
		B5C9C64B22C76C6E00DCF18F /* Build configuration list for PBXNativeTarget "SKSTests" */ = {
			isa = XCConfigurationList;
			buildConfigurations = (
				B5C9C64C22C76C6E00DCF18F /* Debug */,
				B5C9C64D22C76C6E00DCF18F /* Release */,
			);
			defaultConfigurationIsVisible = 0;
			defaultConfigurationName = Release;
		};
		B5C9C64E22C76C6E00DCF18F /* Build configuration list for PBXNativeTarget "SKSUITests" */ = {
			isa = XCConfigurationList;
			buildConfigurations = (
				B5C9C64F22C76C6E00DCF18F /* Debug */,
				B5C9C65022C76C6E00DCF18F /* Release */,
			);
			defaultConfigurationIsVisible = 0;
			defaultConfigurationName = Release;
		};
/* End XCConfigurationList section */

/* Begin XCVersionGroup section */
		B5C9C62722C76C6C00DCF18F /* SKS.xcdatamodeld */ = {
			isa = XCVersionGroup;
			children = (
				B5C9C62822C76C6C00DCF18F /* SKS.xcdatamodel */,
			);
			currentVersion = B5C9C62822C76C6C00DCF18F /* SKS.xcdatamodel */;
			path = SKS.xcdatamodeld;
			sourceTree = "<group>";
			versionGroupType = wrapper.xcdatamodel;
		};
/* End XCVersionGroup section */
	};
	rootObject = B5C9C61522C76C6C00DCF18F /* Project object */;
}
