// !$*UTF8*$!
{
	archiveVersion = 1;
	classes = {
	};
	objectVersion = 50;
	objects = {

/* Begin PBXBuildFile section */
		B5C9C62122C76C6C00DCF18F /* AppDelegate.swift in Sources */ = {isa = PBXBuildFile; fileRef = B5C9C62022C76C6C00DCF18F /* AppDelegate.swift */; };
		B5C9C62322C76C6C00DCF18F /* ViewController.swift in Sources */ = {isa = PBXBuildFile; fileRef = B5C9C62222C76C6C00DCF18F /* ViewController.swift */; };
		B5C9C62622C76C6C00DCF18F /* Main.storyboard in Resources */ = {isa = PBXBuildFile; fileRef = B5C9C62422C76C6C00DCF18F /* Main.storyboard */; };
		B5C9C62922C76C6C00DCF18F /* SKS.xcdatamodeld in Sources */ = {isa = PBXBuildFile; fileRef = B5C9C62722C76C6C00DCF18F /* SKS.xcdatamodeld */; };
		B5C9C62B22C76C6E00DCF18F /* Assets.xcassets in Resources */ = {isa = PBXBuildFile; fileRef = B5C9C62A22C76C6E00DCF18F /* Assets.xcassets */; };
		B5C9C62E22C76C6E00DCF18F /* LaunchScreen.storyboard in Resources */ = {isa = PBXBuildFile; fileRef = B5C9C62C22C76C6E00DCF18F /* LaunchScreen.storyboard */; };
		B5C9C63922C76C6E00DCF18F /* SKSTests.swift in Sources */ = {isa = PBXBuildFile; fileRef = B5C9C63822C76C6E00DCF18F /* SKSTests.swift */; };
		B5C9C64422C76C6E00DCF18F /* SKSUITests.swift in Sources */ = {isa = PBXBuildFile; fileRef = B5C9C64322C76C6E00DCF18F /* SKSUITests.swift */; };
		B5C9C65C22C775BF00DCF18F /* Localizable.strings in Resources */ = {isa = PBXBuildFile; fileRef = B5C9C65B22C775BF00DCF18F /* Localizable.strings */; };
		B5C9C65F22C7766C00DCF18F /* Fonts.swift in Sources */ = {isa = PBXBuildFile; fileRef = B5C9C65E22C7766C00DCF18F /* Fonts.swift */; };
		B5C9C66622C77A1000DCF18F /* Model.swift in Sources */ = {isa = PBXBuildFile; fileRef = B5C9C66522C77A1000DCF18F /* Model.swift */; };
		B5C9C66822C77A1F00DCF18F /* Nework.swift in Sources */ = {isa = PBXBuildFile; fileRef = B5C9C66722C77A1F00DCF18F /* Nework.swift */; };
		B5C9C66A22C77A2B00DCF18F /* Utils.swift in Sources */ = {isa = PBXBuildFile; fileRef = B5C9C66922C77A2B00DCF18F /* Utils.swift */; };
/* End PBXBuildFile section */

/* Begin PBXContainerItemProxy section */
		B5C9C63522C76C6E00DCF18F /* PBXContainerItemProxy */ = {
			isa = PBXContainerItemProxy;
			containerPortal = B5C9C61522C76C6C00DCF18F /* Project object */;
			proxyType = 1;
			remoteGlobalIDString = B5C9C61C22C76C6C00DCF18F;
			remoteInfo = SKS;
		};
		B5C9C64022C76C6E00DCF18F /* PBXContainerItemProxy */ = {
			isa = PBXContainerItemProxy;
			containerPortal = B5C9C61522C76C6C00DCF18F /* Project object */;
			proxyType = 1;
			remoteGlobalIDString = B5C9C61C22C76C6C00DCF18F;
			remoteInfo = SKS;
		};
/* End PBXContainerItemProxy section */

/* Begin PBXFileReference section */
		B5C9C61D22C76C6C00DCF18F /* SKS.app */ = {isa = PBXFileReference; explicitFileType = wrapper.application; includeInIndex = 0; path = SKS.app; sourceTree = BUILT_PRODUCTS_DIR; };
		B5C9C62022C76C6C00DCF18F /* AppDelegate.swift */ = {isa = PBXFileReference; lastKnownFileType = sourcecode.swift; path = AppDelegate.swift; sourceTree = "<group>"; };
		B5C9C62222C76C6C00DCF18F /* ViewController.swift */ = {isa = PBXFileReference; lastKnownFileType = sourcecode.swift; path = ViewController.swift; sourceTree = "<group>"; };
		B5C9C62522C76C6C00DCF18F /* Base */ = {isa = PBXFileReference; lastKnownFileType = file.storyboard; name = Base; path = Base.lproj/Main.storyboard; sourceTree = "<group>"; };
		B5C9C62822C76C6C00DCF18F /* SKS.xcdatamodel */ = {isa = PBXFileReference; lastKnownFileType = wrapper.xcdatamodel; path = SKS.xcdatamodel; sourceTree = "<group>"; };
		B5C9C62A22C76C6E00DCF18F /* Assets.xcassets */ = {isa = PBXFileReference; lastKnownFileType = folder.assetcatalog; path = Assets.xcassets; sourceTree = "<group>"; };
		B5C9C62D22C76C6E00DCF18F /* Base */ = {isa = PBXFileReference; lastKnownFileType = file.storyboard; name = Base; path = Base.lproj/LaunchScreen.storyboard; sourceTree = "<group>"; };
		B5C9C62F22C76C6E00DCF18F /* Info.plist */ = {isa = PBXFileReference; lastKnownFileType = text.plist.xml; path = Info.plist; sourceTree = "<group>"; };
		B5C9C63422C76C6E00DCF18F /* SKSTests.xctest */ = {isa = PBXFileReference; explicitFileType = wrapper.cfbundle; includeInIndex = 0; path = SKSTests.xctest; sourceTree = BUILT_PRODUCTS_DIR; };
		B5C9C63822C76C6E00DCF18F /* SKSTests.swift */ = {isa = PBXFileReference; lastKnownFileType = sourcecode.swift; path = SKSTests.swift; sourceTree = "<group>"; };
		B5C9C63A22C76C6E00DCF18F /* Info.plist */ = {isa = PBXFileReference; lastKnownFileType = text.plist.xml; path = Info.plist; sourceTree = "<group>"; };
		B5C9C63F22C76C6E00DCF18F /* SKSUITests.xctest */ = {isa = PBXFileReference; explicitFileType = wrapper.cfbundle; includeInIndex = 0; path = SKSUITests.xctest; sourceTree = BUILT_PRODUCTS_DIR; };
		B5C9C64322C76C6E00DCF18F /* SKSUITests.swift */ = {isa = PBXFileReference; lastKnownFileType = sourcecode.swift; path = SKSUITests.swift; sourceTree = "<group>"; };
		B5C9C64522C76C6E00DCF18F /* Info.plist */ = {isa = PBXFileReference; lastKnownFileType = text.plist.xml; path = Info.plist; sourceTree = "<group>"; };
		B5C9C65B22C775BF00DCF18F /* Localizable.strings */ = {isa = PBXFileReference; lastKnownFileType = text.plist.strings; path = Localizable.strings; sourceTree = "<group>"; };
		B5C9C65E22C7766C00DCF18F /* Fonts.swift */ = {isa = PBXFileReference; lastKnownFileType = sourcecode.swift; path = Fonts.swift; sourceTree = "<group>"; };
		B5C9C66522C77A1000DCF18F /* Model.swift */ = {isa = PBXFileReference; lastKnownFileType = sourcecode.swift; path = Model.swift; sourceTree = "<group>"; };
		B5C9C66722C77A1F00DCF18F /* Nework.swift */ = {isa = PBXFileReference; lastKnownFileType = sourcecode.swift; path = Nework.swift; sourceTree = "<group>"; };
		B5C9C66922C77A2B00DCF18F /* Utils.swift */ = {isa = PBXFileReference; lastKnownFileType = sourcecode.swift; path = Utils.swift; sourceTree = "<group>"; };
/* End PBXFileReference section */

/* Begin PBXFrameworksBuildPhase section */
		B5C9C61A22C76C6C00DCF18F /* Frameworks */ = {
			isa = PBXFrameworksBuildPhase;
			buildActionMask = 2147483647;
			files = (
			);
			runOnlyForDeploymentPostprocessing = 0;
		};
		B5C9C63122C76C6E00DCF18F /* Frameworks */ = {
			isa = PBXFrameworksBuildPhase;
			buildActionMask = 2147483647;
			files = (
			);
			runOnlyForDeploymentPostprocessing = 0;
		};
		B5C9C63C22C76C6E00DCF18F /* Frameworks */ = {
			isa = PBXFrameworksBuildPhase;
			buildActionMask = 2147483647;
			files = (
			);
			runOnlyForDeploymentPostprocessing = 0;
		};
/* End PBXFrameworksBuildPhase section */

/* Begin PBXGroup section */
		B5C9C61422C76C6C00DCF18F = {
			isa = PBXGroup;
			children = (
				B5C9C61F22C76C6C00DCF18F /* SKS */,
				B5C9C63722C76C6E00DCF18F /* SKSTests */,
				B5C9C64222C76C6E00DCF18F /* SKSUITests */,
				B5C9C61E22C76C6C00DCF18F /* Products */,
			);
			sourceTree = "<group>";
		};
		B5C9C61E22C76C6C00DCF18F /* Products */ = {
			isa = PBXGroup;
			children = (
				B5C9C61D22C76C6C00DCF18F /* SKS.app */,
				B5C9C63422C76C6E00DCF18F /* SKSTests.xctest */,
				B5C9C63F22C76C6E00DCF18F /* SKSUITests.xctest */,
			);
			name = Products;
			sourceTree = "<group>";
		};
		B5C9C61F22C76C6C00DCF18F /* SKS */ = {
			isa = PBXGroup;
			children = (
				B5C9C62F22C76C6E00DCF18F /* Info.plist */,
				B5C9C62022C76C6C00DCF18F /* AppDelegate.swift */,
				B5C9C65822C7752200DCF18F /* Classes */,
				B5C9C65922C7759700DCF18F /* Resources */,
			);
			path = SKS;
			sourceTree = "<group>";
		};
		B5C9C63722C76C6E00DCF18F /* SKSTests */ = {
			isa = PBXGroup;
			children = (
				B5C9C63822C76C6E00DCF18F /* SKSTests.swift */,
				B5C9C63A22C76C6E00DCF18F /* Info.plist */,
			);
			path = SKSTests;
			sourceTree = "<group>";
		};
		B5C9C64222C76C6E00DCF18F /* SKSUITests */ = {
			isa = PBXGroup;
			children = (
				B5C9C64322C76C6E00DCF18F /* SKSUITests.swift */,
				B5C9C64522C76C6E00DCF18F /* Info.plist */,
			);
			path = SKSUITests;
			sourceTree = "<group>";
		};
		B5C9C65822C7752200DCF18F /* Classes */ = {
			isa = PBXGroup;
			children = (
				B5C9C66022C7774C00DCF18F /* Views */,
				B5C9C66222C7775800DCF18F /* Controllers */,
				B5C9C66122C7775200DCF18F /* Models */,
				B5C9C66322C7776500DCF18F /* Network */,
				B5C9C66422C7777600DCF18F /* Utils */,
			);
			path = Classes;
			sourceTree = "<group>";
		};
		B5C9C65922C7759700DCF18F /* Resources */ = {
			isa = PBXGroup;
			children = (
				B5C9C62A22C76C6E00DCF18F /* Assets.xcassets */,
				B5C9C62722C76C6C00DCF18F /* SKS.xcdatamodeld */,
				B5C9C65D22C7765100DCF18F /* Fonts */,
				B5C9C65A22C775A100DCF18F /* Strings */,
			);
			path = Resources;
			sourceTree = "<group>";
		};
		B5C9C65A22C775A100DCF18F /* Strings */ = {
			isa = PBXGroup;
			children = (
				B5C9C65B22C775BF00DCF18F /* Localizable.strings */,
			);
			path = Strings;
			sourceTree = "<group>";
		};
		B5C9C65D22C7765100DCF18F /* Fonts */ = {
			isa = PBXGroup;
			children = (
				B5C9C65E22C7766C00DCF18F /* Fonts.swift */,
			);
			path = Fonts;
			sourceTree = "<group>";
		};
		B5C9C66022C7774C00DCF18F /* Views */ = {
			isa = PBXGroup;
			children = (
				B5C9C62C22C76C6E00DCF18F /* LaunchScreen.storyboard */,
				B5C9C62422C76C6C00DCF18F /* Main.storyboard */,
			);
			path = Views;
			sourceTree = "<group>";
		};
		B5C9C66122C7775200DCF18F /* Models */ = {
			isa = PBXGroup;
			children = (
				B5C9C66522C77A1000DCF18F /* Model.swift */,
			);
			path = Models;
			sourceTree = "<group>";
		};
		B5C9C66222C7775800DCF18F /* Controllers */ = {
			isa = PBXGroup;
			children = (
				B5C9C62222C76C6C00DCF18F /* ViewController.swift */,
			);
			path = Controllers;
			sourceTree = "<group>";
		};
		B5C9C66322C7776500DCF18F /* Network */ = {
			isa = PBXGroup;
			children = (
				B5C9C66722C77A1F00DCF18F /* Nework.swift */,
			);
			path = Network;
			sourceTree = "<group>";
		};
		B5C9C66422C7777600DCF18F /* Utils */ = {
			isa = PBXGroup;
			children = (
				B5C9C66922C77A2B00DCF18F /* Utils.swift */,
			);
			path = Utils;
			sourceTree = "<group>";
		};
/* End PBXGroup section */

/* Begin PBXNativeTarget section */
		B5C9C61C22C76C6C00DCF18F /* SKS */ = {
			isa = PBXNativeTarget;
			buildConfigurationList = B5C9C64822C76C6E00DCF18F /* Build configuration list for PBXNativeTarget "SKS" */;
			buildPhases = (
				B5C9C61922C76C6C00DCF18F /* Sources */,
				B5C9C61A22C76C6C00DCF18F /* Frameworks */,
				B5C9C61B22C76C6C00DCF18F /* Resources */,
			);
			buildRules = (
			);
			dependencies = (
			);
			name = SKS;
			productName = SKS;
			productReference = B5C9C61D22C76C6C00DCF18F /* SKS.app */;
			productType = "com.apple.product-type.application";
		};
		B5C9C63322C76C6E00DCF18F /* SKSTests */ = {
			isa = PBXNativeTarget;
			buildConfigurationList = B5C9C64B22C76C6E00DCF18F /* Build configuration list for PBXNativeTarget "SKSTests" */;
			buildPhases = (
				B5C9C63022C76C6E00DCF18F /* Sources */,
				B5C9C63122C76C6E00DCF18F /* Frameworks */,
				B5C9C63222C76C6E00DCF18F /* Resources */,
			);
			buildRules = (
			);
			dependencies = (
				B5C9C63622C76C6E00DCF18F /* PBXTargetDependency */,
			);
			name = SKSTests;
			productName = SKSTests;
			productReference = B5C9C63422C76C6E00DCF18F /* SKSTests.xctest */;
			productType = "com.apple.product-type.bundle.unit-test";
		};
		B5C9C63E22C76C6E00DCF18F /* SKSUITests */ = {
			isa = PBXNativeTarget;
			buildConfigurationList = B5C9C64E22C76C6E00DCF18F /* Build configuration list for PBXNativeTarget "SKSUITests" */;
			buildPhases = (
				B5C9C63B22C76C6E00DCF18F /* Sources */,
				B5C9C63C22C76C6E00DCF18F /* Frameworks */,
				B5C9C63D22C76C6E00DCF18F /* Resources */,
			);
			buildRules = (
			);
			dependencies = (
				B5C9C64122C76C6E00DCF18F /* PBXTargetDependency */,
			);
			name = SKSUITests;
			productName = SKSUITests;
			productReference = B5C9C63F22C76C6E00DCF18F /* SKSUITests.xctest */;
			productType = "com.apple.product-type.bundle.ui-testing";
		};
/* End PBXNativeTarget section */

/* Begin PBXProject section */
		B5C9C61522C76C6C00DCF18F /* Project object */ = {
			isa = PBXProject;
			attributes = {
				LastSwiftUpdateCheck = 1020;
				LastUpgradeCheck = 1020;
				ORGANIZATIONNAME = Katrych;
				TargetAttributes = {
					B5C9C61C22C76C6C00DCF18F = {
						CreatedOnToolsVersion = 10.2.1;
					};
					B5C9C63322C76C6E00DCF18F = {
						CreatedOnToolsVersion = 10.2.1;
						TestTargetID = B5C9C61C22C76C6C00DCF18F;
					};
					B5C9C63E22C76C6E00DCF18F = {
						CreatedOnToolsVersion = 10.2.1;
						TestTargetID = B5C9C61C22C76C6C00DCF18F;
					};
				};
			};
			buildConfigurationList = B5C9C61822C76C6C00DCF18F /* Build configuration list for PBXProject "SKS" */;
			compatibilityVersion = "Xcode 9.3";
			developmentRegion = en;
			hasScannedForEncodings = 0;
			knownRegions = (
				en,
				Base,
			);
			mainGroup = B5C9C61422C76C6C00DCF18F;
			productRefGroup = B5C9C61E22C76C6C00DCF18F /* Products */;
			projectDirPath = "";
			projectRoot = "";
			targets = (
				B5C9C61C22C76C6C00DCF18F /* SKS */,
				B5C9C63322C76C6E00DCF18F /* SKSTests */,
				B5C9C63E22C76C6E00DCF18F /* SKSUITests */,
			);
		};
/* End PBXProject section */

/* Begin PBXResourcesBuildPhase section */
		B5C9C61B22C76C6C00DCF18F /* Resources */ = {
			isa = PBXResourcesBuildPhase;
			buildActionMask = 2147483647;
			files = (
				B5C9C62E22C76C6E00DCF18F /* LaunchScreen.storyboard in Resources */,
				B5C9C65C22C775BF00DCF18F /* Localizable.strings in Resources */,
				B5C9C62B22C76C6E00DCF18F /* Assets.xcassets in Resources */,
				B5C9C62622C76C6C00DCF18F /* Main.storyboard in Resources */,
			);
			runOnlyForDeploymentPostprocessing = 0;
		};
		B5C9C63222C76C6E00DCF18F /* Resources */ = {
			isa = PBXResourcesBuildPhase;
			buildActionMask = 2147483647;
			files = (
			);
			runOnlyForDeploymentPostprocessing = 0;
		};
		B5C9C63D22C76C6E00DCF18F /* Resources */ = {
			isa = PBXResourcesBuildPhase;
			buildActionMask = 2147483647;
			files = (
			);
			runOnlyForDeploymentPostprocessing = 0;
		};
/* End PBXResourcesBuildPhase section */

/* Begin PBXSourcesBuildPhase section */
		B5C9C61922C76C6C00DCF18F /* Sources */ = {
			isa = PBXSourcesBuildPhase;
			buildActionMask = 2147483647;
			files = (
				B5C9C66622C77A1000DCF18F /* Model.swift in Sources */,
				B5C9C65F22C7766C00DCF18F /* Fonts.swift in Sources */,
				B5C9C62322C76C6C00DCF18F /* ViewController.swift in Sources */,
				B5C9C66A22C77A2B00DCF18F /* Utils.swift in Sources */,
				B5C9C62922C76C6C00DCF18F /* SKS.xcdatamodeld in Sources */,
				B5C9C62122C76C6C00DCF18F /* AppDelegate.swift in Sources */,
				B5C9C66822C77A1F00DCF18F /* Nework.swift in Sources */,
			);
			runOnlyForDeploymentPostprocessing = 0;
		};
		B5C9C63022C76C6E00DCF18F /* Sources */ = {
			isa = PBXSourcesBuildPhase;
			buildActionMask = 2147483647;
			files = (
				B5C9C63922C76C6E00DCF18F /* SKSTests.swift in Sources */,
			);
			runOnlyForDeploymentPostprocessing = 0;
		};
		B5C9C63B22C76C6E00DCF18F /* Sources */ = {
			isa = PBXSourcesBuildPhase;
			buildActionMask = 2147483647;
			files = (
				B5C9C64422C76C6E00DCF18F /* SKSUITests.swift in Sources */,
			);
			runOnlyForDeploymentPostprocessing = 0;
		};
/* End PBXSourcesBuildPhase section */

/* Begin PBXTargetDependency section */
		B5C9C63622C76C6E00DCF18F /* PBXTargetDependency */ = {
			isa = PBXTargetDependency;
			target = B5C9C61C22C76C6C00DCF18F /* SKS */;
			targetProxy = B5C9C63522C76C6E00DCF18F /* PBXContainerItemProxy */;
		};
		B5C9C64122C76C6E00DCF18F /* PBXTargetDependency */ = {
			isa = PBXTargetDependency;
			target = B5C9C61C22C76C6C00DCF18F /* SKS */;
			targetProxy = B5C9C64022C76C6E00DCF18F /* PBXContainerItemProxy */;
		};
/* End PBXTargetDependency section */

/* Begin PBXVariantGroup section */
		B5C9C62422C76C6C00DCF18F /* Main.storyboard */ = {
			isa = PBXVariantGroup;
			children = (
				B5C9C62522C76C6C00DCF18F /* Base */,
			);
			name = Main.storyboard;
			sourceTree = "<group>";
		};
		B5C9C62C22C76C6E00DCF18F /* LaunchScreen.storyboard */ = {
			isa = PBXVariantGroup;
			children = (
				B5C9C62D22C76C6E00DCF18F /* Base */,
			);
			name = LaunchScreen.storyboard;
			sourceTree = "<group>";
		};
/* End PBXVariantGroup section */

/* Begin XCBuildConfiguration section */
		B5C9C64622C76C6E00DCF18F /* Debug */ = {
			isa = XCBuildConfiguration;
			buildSettings = {
				ALWAYS_SEARCH_USER_PATHS = NO;
				CLANG_ANALYZER_NONNULL = YES;
				CLANG_ANALYZER_NUMBER_OBJECT_CONVERSION = YES_AGGRESSIVE;
				CLANG_CXX_LANGUAGE_STANDARD = "gnu++14";
				CLANG_CXX_LIBRARY = "libc++";
				CLANG_ENABLE_MODULES = YES;
				CLANG_ENABLE_OBJC_ARC = YES;
				CLANG_ENABLE_OBJC_WEAK = YES;
				CLANG_WARN_BLOCK_CAPTURE_AUTORELEASING = YES;
				CLANG_WARN_BOOL_CONVERSION = YES;
				CLANG_WARN_COMMA = YES;
				CLANG_WARN_CONSTANT_CONVERSION = YES;
				CLANG_WARN_DEPRECATED_OBJC_IMPLEMENTATIONS = YES;
				CLANG_WARN_DIRECT_OBJC_ISA_USAGE = YES_ERROR;
				CLANG_WARN_DOCUMENTATION_COMMENTS = YES;
				CLANG_WARN_EMPTY_BODY = YES;
				CLANG_WARN_ENUM_CONVERSION = YES;
				CLANG_WARN_INFINITE_RECURSION = YES;
				CLANG_WARN_INT_CONVERSION = YES;
				CLANG_WARN_NON_LITERAL_NULL_CONVERSION = YES;
				CLANG_WARN_OBJC_IMPLICIT_RETAIN_SELF = YES;
				CLANG_WARN_OBJC_LITERAL_CONVERSION = YES;
				CLANG_WARN_OBJC_ROOT_CLASS = YES_ERROR;
				CLANG_WARN_RANGE_LOOP_ANALYSIS = YES;
				CLANG_WARN_STRICT_PROTOTYPES = YES;
				CLANG_WARN_SUSPICIOUS_MOVE = YES;
				CLANG_WARN_UNGUARDED_AVAILABILITY = YES_AGGRESSIVE;
				CLANG_WARN_UNREACHABLE_CODE = YES;
				CLANG_WARN__DUPLICATE_METHOD_MATCH = YES;
				CODE_SIGN_IDENTITY = "iPhone Developer";
				COPY_PHASE_STRIP = NO;
				DEBUG_INFORMATION_FORMAT = dwarf;
				ENABLE_STRICT_OBJC_MSGSEND = YES;
				ENABLE_TESTABILITY = YES;
				GCC_C_LANGUAGE_STANDARD = gnu11;
				GCC_DYNAMIC_NO_PIC = NO;
				GCC_NO_COMMON_BLOCKS = YES;
				GCC_OPTIMIZATION_LEVEL = 0;
				GCC_PREPROCESSOR_DEFINITIONS = (
					"DEBUG=1",
					"$(inherited)",
				);
				GCC_WARN_64_TO_32_BIT_CONVERSION = YES;
				GCC_WARN_ABOUT_RETURN_TYPE = YES_ERROR;
				GCC_WARN_UNDECLARED_SELECTOR = YES;
				GCC_WARN_UNINITIALIZED_AUTOS = YES_AGGRESSIVE;
				GCC_WARN_UNUSED_FUNCTION = YES;
				GCC_WARN_UNUSED_VARIABLE = YES;
				IPHONEOS_DEPLOYMENT_TARGET = 12.2;
				MTL_ENABLE_DEBUG_INFO = INCLUDE_SOURCE;
				MTL_FAST_MATH = YES;
				ONLY_ACTIVE_ARCH = YES;
				SDKROOT = iphoneos;
				SWIFT_ACTIVE_COMPILATION_CONDITIONS = DEBUG;
				SWIFT_OPTIMIZATION_LEVEL = "-Onone";
			};
			name = Debug;
		};
		B5C9C64722C76C6E00DCF18F /* Release */ = {
			isa = XCBuildConfiguration;
			buildSettings = {
				ALWAYS_SEARCH_USER_PATHS = NO;
				CLANG_ANALYZER_NONNULL = YES;
				CLANG_ANALYZER_NUMBER_OBJECT_CONVERSION = YES_AGGRESSIVE;
				CLANG_CXX_LANGUAGE_STANDARD = "gnu++14";
				CLANG_CXX_LIBRARY = "libc++";
				CLANG_ENABLE_MODULES = YES;
				CLANG_ENABLE_OBJC_ARC = YES;
				CLANG_ENABLE_OBJC_WEAK = YES;
				CLANG_WARN_BLOCK_CAPTURE_AUTORELEASING = YES;
				CLANG_WARN_BOOL_CONVERSION = YES;
				CLANG_WARN_COMMA = YES;
				CLANG_WARN_CONSTANT_CONVERSION = YES;
				CLANG_WARN_DEPRECATED_OBJC_IMPLEMENTATIONS = YES;
				CLANG_WARN_DIRECT_OBJC_ISA_USAGE = YES_ERROR;
				CLANG_WARN_DOCUMENTATION_COMMENTS = YES;
				CLANG_WARN_EMPTY_BODY = YES;
				CLANG_WARN_ENUM_CONVERSION = YES;
				CLANG_WARN_INFINITE_RECURSION = YES;
				CLANG_WARN_INT_CONVERSION = YES;
				CLANG_WARN_NON_LITERAL_NULL_CONVERSION = YES;
				CLANG_WARN_OBJC_IMPLICIT_RETAIN_SELF = YES;
				CLANG_WARN_OBJC_LITERAL_CONVERSION = YES;
				CLANG_WARN_OBJC_ROOT_CLASS = YES_ERROR;
				CLANG_WARN_RANGE_LOOP_ANALYSIS = YES;
				CLANG_WARN_STRICT_PROTOTYPES = YES;
				CLANG_WARN_SUSPICIOUS_MOVE = YES;
				CLANG_WARN_UNGUARDED_AVAILABILITY = YES_AGGRESSIVE;
				CLANG_WARN_UNREACHABLE_CODE = YES;
				CLANG_WARN__DUPLICATE_METHOD_MATCH = YES;
				CODE_SIGN_IDENTITY = "iPhone Developer";
				COPY_PHASE_STRIP = NO;
				DEBUG_INFORMATION_FORMAT = "dwarf-with-dsym";
				ENABLE_NS_ASSERTIONS = NO;
				ENABLE_STRICT_OBJC_MSGSEND = YES;
				GCC_C_LANGUAGE_STANDARD = gnu11;
				GCC_NO_COMMON_BLOCKS = YES;
				GCC_WARN_64_TO_32_BIT_CONVERSION = YES;
				GCC_WARN_ABOUT_RETURN_TYPE = YES_ERROR;
				GCC_WARN_UNDECLARED_SELECTOR = YES;
				GCC_WARN_UNINITIALIZED_AUTOS = YES_AGGRESSIVE;
				GCC_WARN_UNUSED_FUNCTION = YES;
				GCC_WARN_UNUSED_VARIABLE = YES;
				IPHONEOS_DEPLOYMENT_TARGET = 12.2;
				MTL_ENABLE_DEBUG_INFO = NO;
				MTL_FAST_MATH = YES;
				SDKROOT = iphoneos;
				SWIFT_COMPILATION_MODE = wholemodule;
				SWIFT_OPTIMIZATION_LEVEL = "-O";
				VALIDATE_PRODUCT = YES;
			};
			name = Release;
		};
		B5C9C64922C76C6E00DCF18F /* Debug */ = {
			isa = XCBuildConfiguration;
			buildSettings = {
				ASSETCATALOG_COMPILER_APPICON_NAME = AppIcon;
				CODE_SIGN_STYLE = Automatic;
				INFOPLIST_FILE = SKS/Info.plist;
				IPHONEOS_DEPLOYMENT_TARGET = 11.0;
				LD_RUNPATH_SEARCH_PATHS = (
					"$(inherited)",
					"@executable_path/Frameworks",
				);
				PRODUCT_BUNDLE_IDENTIFIER = Sheverev.SKS;
				PRODUCT_NAME = "$(TARGET_NAME)";
				SWIFT_VERSION = 5.0;
				TARGETED_DEVICE_FAMILY = "1,2";
			};
			name = Debug;
		};
		B5C9C64A22C76C6E00DCF18F /* Release */ = {
			isa = XCBuildConfiguration;
			buildSettings = {
				ASSETCATALOG_COMPILER_APPICON_NAME = AppIcon;
				CODE_SIGN_STYLE = Automatic;
				INFOPLIST_FILE = SKS/Info.plist;
				IPHONEOS_DEPLOYMENT_TARGET = 11.0;
				LD_RUNPATH_SEARCH_PATHS = (
					"$(inherited)",
					"@executable_path/Frameworks",
				);
				PRODUCT_BUNDLE_IDENTIFIER = Sheverev.SKS;
				PRODUCT_NAME = "$(TARGET_NAME)";
				SWIFT_VERSION = 5.0;
				TARGETED_DEVICE_FAMILY = "1,2";
			};
			name = Release;
		};
		B5C9C64C22C76C6E00DCF18F /* Debug */ = {
			isa = XCBuildConfiguration;
			buildSettings = {
				ALWAYS_EMBED_SWIFT_STANDARD_LIBRARIES = YES;
				BUNDLE_LOADER = "$(TEST_HOST)";
				CODE_SIGN_STYLE = Automatic;
				INFOPLIST_FILE = SKSTests/Info.plist;
				LD_RUNPATH_SEARCH_PATHS = (
					"$(inherited)",
					"@executable_path/Frameworks",
					"@loader_path/Frameworks",
				);
				PRODUCT_BUNDLE_IDENTIFIER = Sheverev.SKSTests;
				PRODUCT_NAME = "$(TARGET_NAME)";
				SWIFT_VERSION = 5.0;
				TARGETED_DEVICE_FAMILY = "1,2";
				TEST_HOST = "$(BUILT_PRODUCTS_DIR)/SKS.app/SKS";
			};
			name = Debug;
		};
		B5C9C64D22C76C6E00DCF18F /* Release */ = {
			isa = XCBuildConfiguration;
			buildSettings = {
				ALWAYS_EMBED_SWIFT_STANDARD_LIBRARIES = YES;
				BUNDLE_LOADER = "$(TEST_HOST)";
				CODE_SIGN_STYLE = Automatic;
				INFOPLIST_FILE = SKSTests/Info.plist;
				LD_RUNPATH_SEARCH_PATHS = (
					"$(inherited)",
					"@executable_path/Frameworks",
					"@loader_path/Frameworks",
				);
				PRODUCT_BUNDLE_IDENTIFIER = Sheverev.SKSTests;
				PRODUCT_NAME = "$(TARGET_NAME)";
				SWIFT_VERSION = 5.0;
				TARGETED_DEVICE_FAMILY = "1,2";
				TEST_HOST = "$(BUILT_PRODUCTS_DIR)/SKS.app/SKS";
			};
			name = Release;
		};
		B5C9C64F22C76C6E00DCF18F /* Debug */ = {
			isa = XCBuildConfiguration;
			buildSettings = {
				ALWAYS_EMBED_SWIFT_STANDARD_LIBRARIES = YES;
				CODE_SIGN_STYLE = Automatic;
				INFOPLIST_FILE = SKSUITests/Info.plist;
				LD_RUNPATH_SEARCH_PATHS = (
					"$(inherited)",
					"@executable_path/Frameworks",
					"@loader_path/Frameworks",
				);
				PRODUCT_BUNDLE_IDENTIFIER = Sheverev.SKSUITests;
				PRODUCT_NAME = "$(TARGET_NAME)";
				SWIFT_VERSION = 5.0;
				TARGETED_DEVICE_FAMILY = "1,2";
				TEST_TARGET_NAME = SKS;
			};
			name = Debug;
		};
		B5C9C65022C76C6E00DCF18F /* Release */ = {
			isa = XCBuildConfiguration;
			buildSettings = {
				ALWAYS_EMBED_SWIFT_STANDARD_LIBRARIES = YES;
				CODE_SIGN_STYLE = Automatic;
				INFOPLIST_FILE = SKSUITests/Info.plist;
				LD_RUNPATH_SEARCH_PATHS = (
					"$(inherited)",
					"@executable_path/Frameworks",
					"@loader_path/Frameworks",
				);
				PRODUCT_BUNDLE_IDENTIFIER = Sheverev.SKSUITests;
				PRODUCT_NAME = "$(TARGET_NAME)";
				SWIFT_VERSION = 5.0;
				TARGETED_DEVICE_FAMILY = "1,2";
				TEST_TARGET_NAME = SKS;
			};
			name = Release;
		};
/* End XCBuildConfiguration section */

/* Begin XCConfigurationList section */
		B5C9C61822C76C6C00DCF18F /* Build configuration list for PBXProject "SKS" */ = {
			isa = XCConfigurationList;
			buildConfigurations = (
				B5C9C64622C76C6E00DCF18F /* Debug */,
				B5C9C64722C76C6E00DCF18F /* Release */,
			);
			defaultConfigurationIsVisible = 0;
			defaultConfigurationName = Release;
		};
		B5C9C64822C76C6E00DCF18F /* Build configuration list for PBXNativeTarget "SKS" */ = {
			isa = XCConfigurationList;
			buildConfigurations = (
				B5C9C64922C76C6E00DCF18F /* Debug */,
				B5C9C64A22C76C6E00DCF18F /* Release */,
			);
			defaultConfigurationIsVisible = 0;
			defaultConfigurationName = Release;
		};
		B5C9C64B22C76C6E00DCF18F /* Build configuration list for PBXNativeTarget "SKSTests" */ = {
			isa = XCConfigurationList;
			buildConfigurations = (
				B5C9C64C22C76C6E00DCF18F /* Debug */,
				B5C9C64D22C76C6E00DCF18F /* Release */,
			);
			defaultConfigurationIsVisible = 0;
			defaultConfigurationName = Release;
		};
		B5C9C64E22C76C6E00DCF18F /* Build configuration list for PBXNativeTarget "SKSUITests" */ = {
			isa = XCConfigurationList;
			buildConfigurations = (
				B5C9C64F22C76C6E00DCF18F /* Debug */,
				B5C9C65022C76C6E00DCF18F /* Release */,
			);
			defaultConfigurationIsVisible = 0;
			defaultConfigurationName = Release;
		};
/* End XCConfigurationList section */

/* Begin XCVersionGroup section */
		B5C9C62722C76C6C00DCF18F /* SKS.xcdatamodeld */ = {
			isa = XCVersionGroup;
			children = (
				B5C9C62822C76C6C00DCF18F /* SKS.xcdatamodel */,
			);
			currentVersion = B5C9C62822C76C6C00DCF18F /* SKS.xcdatamodel */;
			path = SKS.xcdatamodeld;
			sourceTree = "<group>";
			versionGroupType = wrapper.xcdatamodel;
		};
/* End XCVersionGroup section */
	};
	rootObject = B5C9C61522C76C6C00DCF18F /* Project object */;
}
