// !$*UTF8*$!
{
	archiveVersion = 1;
	classes = {
	};
	objectVersion = 51;
	objects = {

/* Begin PBXBuildFile section */
		8A0BCBC82329027000D898D9 /* NotificationsTokens.swift in Sources */ = {isa = PBXBuildFile; fileRef = 8A0BCBC72329027000D898D9 /* NotificationsTokens.swift */; };
		921480A22D9DBF3DFB58AA37 /* Pods_SKS.framework in Frameworks */ = {isa = PBXBuildFile; fileRef = F3BFFDE6A16510AD903A4E12 /* Pods_SKS.framework */; };
		B50C3A3D233F71C300ACDA27 /* TintTextField.swift in Sources */ = {isa = PBXBuildFile; fileRef = B50C3A3C233F71C300ACDA27 /* TintTextField.swift */; };
		B51B600522C9D2EF003F24F3 /* NetworkService.swift in Sources */ = {isa = PBXBuildFile; fileRef = B51B600422C9D2EF003F24F3 /* NetworkService.swift */; };
		B51B601122C9DEDA003F24F3 /* Category.swift in Sources */ = {isa = PBXBuildFile; fileRef = B51B601022C9DEDA003F24F3 /* Category.swift */; };
		B51B601322C9E796003F24F3 /* City.swift in Sources */ = {isa = PBXBuildFile; fileRef = B51B601222C9E796003F24F3 /* City.swift */; };
		B51B601522C9EAB5003F24F3 /* Stock.swift in Sources */ = {isa = PBXBuildFile; fileRef = B51B601422C9EAB5003F24F3 /* Stock.swift */; };
		B522FE442311450600FCE704 /* University.swift in Sources */ = {isa = PBXBuildFile; fileRef = B522FE432311450600FCE704 /* University.swift */; };
		B522FE4623114EB400FCE704 /* OnboardingViewController.swift in Sources */ = {isa = PBXBuildFile; fileRef = B522FE4523114EB400FCE704 /* OnboardingViewController.swift */; };
		B522FE482311500700FCE704 /* ManagmentProfileViewController.swift in Sources */ = {isa = PBXBuildFile; fileRef = B522FE472311500700FCE704 /* ManagmentProfileViewController.swift */; };
		B522FE4A2311528600FCE704 /* User.swift in Sources */ = {isa = PBXBuildFile; fileRef = B522FE492311528600FCE704 /* User.swift */; };
		B522FE4C2311789A00FCE704 /* Faculty.swift in Sources */ = {isa = PBXBuildFile; fileRef = B522FE4B2311789A00FCE704 /* Faculty.swift */; };
		B527534622DCFF4F0003BDE6 /* UIColor.swift in Sources */ = {isa = PBXBuildFile; fileRef = B527534522DCFF4F0003BDE6 /* UIColor.swift */; };
		B527534822DCFF720003BDE6 /* ColorManager.swift in Sources */ = {isa = PBXBuildFile; fileRef = B527534722DCFF720003BDE6 /* ColorManager.swift */; };
		B527534C22DD013B0003BDE6 /* ErrorTextField.swift in Sources */ = {isa = PBXBuildFile; fileRef = B527534B22DD013B0003BDE6 /* ErrorTextField.swift */; };
		B527534E22DD03A30003BDE6 /* LoginTextField.swift in Sources */ = {isa = PBXBuildFile; fileRef = B527534D22DD03A30003BDE6 /* LoginTextField.swift */; };
		B527535022DD07B20003BDE6 /* String.swift in Sources */ = {isa = PBXBuildFile; fileRef = B527534F22DD07B20003BDE6 /* String.swift */; };
		B527535522DD08E60003BDE6 /* SKSButton.swift in Sources */ = {isa = PBXBuildFile; fileRef = B527535422DD08E60003BDE6 /* SKSButton.swift */; };
		B527535722DD199A0003BDE6 /* NSMutableAttributedString.swift in Sources */ = {isa = PBXBuildFile; fileRef = B527535622DD199A0003BDE6 /* NSMutableAttributedString.swift */; };
		B52EFFD122CB896400518949 /* JSONEncoder.swift in Sources */ = {isa = PBXBuildFile; fileRef = B52EFFD022CB896400518949 /* JSONEncoder.swift */; };
		B52EFFD322CBA56500518949 /* Partner.swift in Sources */ = {isa = PBXBuildFile; fileRef = B52EFFD222CBA56500518949 /* Partner.swift */; };
		B54766BC22E879FC006D97DC /* UIApplication.swift in Sources */ = {isa = PBXBuildFile; fileRef = B54766BB22E879FC006D97DC /* UIApplication.swift */; };
		B54766BE22E87B39006D97DC /* ProfileViewController.swift in Sources */ = {isa = PBXBuildFile; fileRef = B54766BD22E87B39006D97DC /* ProfileViewController.swift */; };
		B5530D9622E2E97900948A07 /* ErrorTextField.xib in Resources */ = {isa = PBXBuildFile; fileRef = B5530D9522E2E97900948A07 /* ErrorTextField.xib */; };
		B559E97122CBC67800301F85 /* Discount.swift in Sources */ = {isa = PBXBuildFile; fileRef = B559E97022CBC67700301F85 /* Discount.swift */; };
		B5656C6622E50B0B008BCCD8 /* PartnerTableViewCell.swift in Sources */ = {isa = PBXBuildFile; fileRef = B5656C6522E50B0B008BCCD8 /* PartnerTableViewCell.swift */; };
		B5656C6822E50B49008BCCD8 /* PartnerTableViewCell.xib in Resources */ = {isa = PBXBuildFile; fileRef = B5656C6722E50B49008BCCD8 /* PartnerTableViewCell.xib */; };
		B56A3AEF232866D5007B8BA3 /* TokensResponse.swift in Sources */ = {isa = PBXBuildFile; fileRef = B56A3AEE232866D5007B8BA3 /* TokensResponse.swift */; };
		B56BFB36232BCA3500D0FCA2 /* UIWindow.swift in Sources */ = {isa = PBXBuildFile; fileRef = B56BFB35232BCA3500D0FCA2 /* UIWindow.swift */; };
		B57293A9232E3A9F00B0B5AB /* SearchTableViewCell.swift in Sources */ = {isa = PBXBuildFile; fileRef = B57293A7232E3A9F00B0B5AB /* SearchTableViewCell.swift */; };
		B57293AA232E3A9F00B0B5AB /* SearchTableViewCell.xib in Resources */ = {isa = PBXBuildFile; fileRef = B57293A8232E3A9F00B0B5AB /* SearchTableViewCell.xib */; };
		B57293AC232E3ABB00B0B5AB /* SearchViewController.swift in Sources */ = {isa = PBXBuildFile; fileRef = B57293AB232E3ABB00B0B5AB /* SearchViewController.swift */; };
		B57755E922DDB53200ABA9CA /* SmsResponse.swift in Sources */ = {isa = PBXBuildFile; fileRef = B57755E822DDB53200ABA9CA /* SmsResponse.swift */; };
		B57F50FA22E709F70053A7D2 /* CategoryTableViewCell.swift in Sources */ = {isa = PBXBuildFile; fileRef = B57F50F822E709F70053A7D2 /* CategoryTableViewCell.swift */; };
		B57F50FB22E709F70053A7D2 /* CategoryTableViewCell.xib in Resources */ = {isa = PBXBuildFile; fileRef = B57F50F922E709F70053A7D2 /* CategoryTableViewCell.xib */; };
		B57F510022E70A4C0053A7D2 /* StockCollectionViewCell.swift in Sources */ = {isa = PBXBuildFile; fileRef = B57F50FE22E70A4C0053A7D2 /* StockCollectionViewCell.swift */; };
		B57F510122E70A4C0053A7D2 /* StockCollectionViewCell.xib in Resources */ = {isa = PBXBuildFile; fileRef = B57F50FF22E70A4C0053A7D2 /* StockCollectionViewCell.xib */; };
		B57F510622E70A8C0053A7D2 /* CategoryCollectionViewCell.swift in Sources */ = {isa = PBXBuildFile; fileRef = B57F510422E70A8C0053A7D2 /* CategoryCollectionViewCell.swift */; };
		B57F510722E70A8C0053A7D2 /* CategoryCollectionViewCell.xib in Resources */ = {isa = PBXBuildFile; fileRef = B57F510522E70A8C0053A7D2 /* CategoryCollectionViewCell.xib */; };
		B57F510A22E70AE50053A7D2 /* StockTableViewCell.swift in Sources */ = {isa = PBXBuildFile; fileRef = B57F510822E70AE50053A7D2 /* StockTableViewCell.swift */; };
		B57F510B22E70AE50053A7D2 /* StockTableViewCell.xib in Resources */ = {isa = PBXBuildFile; fileRef = B57F510922E70AE50053A7D2 /* StockTableViewCell.xib */; };
		B5858B2522E36870003B67B0 /* ImagePicker.swift in Sources */ = {isa = PBXBuildFile; fileRef = B5858B2422E36870003B67B0 /* ImagePicker.swift */; };
		B5858B2722E36FAA003B67B0 /* UIView.swift in Sources */ = {isa = PBXBuildFile; fileRef = B5858B2622E36FAA003B67B0 /* UIView.swift */; };
		B586E9D622E1E58D00790CF3 /* PersonalDataViewController.swift in Sources */ = {isa = PBXBuildFile; fileRef = B586E9D522E1E58D00790CF3 /* PersonalDataViewController.swift */; };
		B586E9D822E1E64400790CF3 /* UniversityDataViewController.swift in Sources */ = {isa = PBXBuildFile; fileRef = B586E9D722E1E64400790CF3 /* UniversityDataViewController.swift */; };
		B586E9DA22E1EE9600790CF3 /* BaseViewController.swift in Sources */ = {isa = PBXBuildFile; fileRef = B586E9D922E1EE9600790CF3 /* BaseViewController.swift */; };
		B590074D22EC4AF50029A445 /* Montserrat-Regular.ttf in Resources */ = {isa = PBXBuildFile; fileRef = B590073B22EC4AF50029A445 /* Montserrat-Regular.ttf */; };
		B590074E22EC4AF50029A445 /* Montserrat-SemiBold.ttf in Resources */ = {isa = PBXBuildFile; fileRef = B590073C22EC4AF50029A445 /* Montserrat-SemiBold.ttf */; };
		B590074F22EC4AF50029A445 /* Montserrat-ExtraBoldItalic.ttf in Resources */ = {isa = PBXBuildFile; fileRef = B590073D22EC4AF50029A445 /* Montserrat-ExtraBoldItalic.ttf */; };
		B590075022EC4AF50029A445 /* Montserrat-ThinItalic.ttf in Resources */ = {isa = PBXBuildFile; fileRef = B590073E22EC4AF50029A445 /* Montserrat-ThinItalic.ttf */; };
		B590075122EC4AF50029A445 /* Montserrat-Medium.ttf in Resources */ = {isa = PBXBuildFile; fileRef = B590073F22EC4AF50029A445 /* Montserrat-Medium.ttf */; };
		B590075222EC4AF50029A445 /* Montserrat-SemiBoldItalic.ttf in Resources */ = {isa = PBXBuildFile; fileRef = B590074022EC4AF50029A445 /* Montserrat-SemiBoldItalic.ttf */; };
		B590075322EC4AF50029A445 /* Montserrat-Bold.ttf in Resources */ = {isa = PBXBuildFile; fileRef = B590074122EC4AF50029A445 /* Montserrat-Bold.ttf */; };
		B590075422EC4AF50029A445 /* Montserrat-BoldItalic.ttf in Resources */ = {isa = PBXBuildFile; fileRef = B590074222EC4AF50029A445 /* Montserrat-BoldItalic.ttf */; };
		B590075522EC4AF50029A445 /* Montserrat-RegularItalic.ttf in Resources */ = {isa = PBXBuildFile; fileRef = B590074322EC4AF50029A445 /* Montserrat-RegularItalic.ttf */; };
		B590075622EC4AF50029A445 /* Montserrat-Black.ttf in Resources */ = {isa = PBXBuildFile; fileRef = B590074422EC4AF50029A445 /* Montserrat-Black.ttf */; };
		B590075722EC4AF50029A445 /* Montserrat-Light.ttf in Resources */ = {isa = PBXBuildFile; fileRef = B590074522EC4AF50029A445 /* Montserrat-Light.ttf */; };
		B590075822EC4AF50029A445 /* Montserrat-Thin.ttf in Resources */ = {isa = PBXBuildFile; fileRef = B590074622EC4AF50029A445 /* Montserrat-Thin.ttf */; };
		B590075922EC4AF50029A445 /* Montserrat-ExtraLight.ttf in Resources */ = {isa = PBXBuildFile; fileRef = B590074722EC4AF50029A445 /* Montserrat-ExtraLight.ttf */; };
		B590075A22EC4AF50029A445 /* Montserrat-ExtraBold.ttf in Resources */ = {isa = PBXBuildFile; fileRef = B590074822EC4AF50029A445 /* Montserrat-ExtraBold.ttf */; };
		B590075B22EC4AF50029A445 /* Montserrat-ExtraLightItalic.ttf in Resources */ = {isa = PBXBuildFile; fileRef = B590074922EC4AF50029A445 /* Montserrat-ExtraLightItalic.ttf */; };
		B590075C22EC4AF50029A445 /* Montserrat-MediumItalic.ttf in Resources */ = {isa = PBXBuildFile; fileRef = B590074A22EC4AF50029A445 /* Montserrat-MediumItalic.ttf */; };
		B590075D22EC4AF50029A445 /* Montserrat-LightItalic.ttf in Resources */ = {isa = PBXBuildFile; fileRef = B590074B22EC4AF50029A445 /* Montserrat-LightItalic.ttf */; };
		B590075E22EC4AF50029A445 /* Montserrat-BlackItalic.ttf in Resources */ = {isa = PBXBuildFile; fileRef = B590074C22EC4AF50029A445 /* Montserrat-BlackItalic.ttf */; };
		B590076A22EC4B690029A445 /* OpenSans-Light.ttf in Resources */ = {isa = PBXBuildFile; fileRef = B590076022EC4B680029A445 /* OpenSans-Light.ttf */; };
		B590076B22EC4B690029A445 /* OpenSans-ExtraBoldItalic.ttf in Resources */ = {isa = PBXBuildFile; fileRef = B590076122EC4B680029A445 /* OpenSans-ExtraBoldItalic.ttf */; };
		B590076C22EC4B690029A445 /* OpenSans-SemiBold.ttf in Resources */ = {isa = PBXBuildFile; fileRef = B590076222EC4B680029A445 /* OpenSans-SemiBold.ttf */; };
		B590076D22EC4B690029A445 /* OpenSans-RegularItalic.ttf in Resources */ = {isa = PBXBuildFile; fileRef = B590076322EC4B680029A445 /* OpenSans-RegularItalic.ttf */; };
		B590076E22EC4B690029A445 /* OpenSans-Bold.ttf in Resources */ = {isa = PBXBuildFile; fileRef = B590076422EC4B680029A445 /* OpenSans-Bold.ttf */; };
		B590076F22EC4B690029A445 /* OpenSans-BoldItalic.ttf in Resources */ = {isa = PBXBuildFile; fileRef = B590076522EC4B680029A445 /* OpenSans-BoldItalic.ttf */; };
		B590077022EC4B690029A445 /* OpenSans-Regular.ttf in Resources */ = {isa = PBXBuildFile; fileRef = B590076622EC4B680029A445 /* OpenSans-Regular.ttf */; };
		B590077122EC4B690029A445 /* OpenSans-LightItalic.ttf in Resources */ = {isa = PBXBuildFile; fileRef = B590076722EC4B680029A445 /* OpenSans-LightItalic.ttf */; };
		B590077222EC4B690029A445 /* OpenSans-SemiBoldItalic.ttf in Resources */ = {isa = PBXBuildFile; fileRef = B590076822EC4B680029A445 /* OpenSans-SemiBoldItalic.ttf */; };
		B590077322EC4B690029A445 /* OpenSans-ExtraBold.ttf in Resources */ = {isa = PBXBuildFile; fileRef = B590076922EC4B690029A445 /* OpenSans-ExtraBold.ttf */; };
		B5904DC422E1BBEE00BCB345 /* CodeViewController.swift in Sources */ = {isa = PBXBuildFile; fileRef = B5904DC322E1BBEE00BCB345 /* CodeViewController.swift */; };
		B596A922230FB64100B00CCB /* TitleTableViewHeader.swift in Sources */ = {isa = PBXBuildFile; fileRef = B596A921230FB64100B00CCB /* TitleTableViewHeader.swift */; };
		B596A924230FB64E00B00CCB /* TitleTableViewHeader.xib in Resources */ = {isa = PBXBuildFile; fileRef = B596A923230FB64E00B00CCB /* TitleTableViewHeader.xib */; };
		B5A380D82312BB13004F8FB7 /* DateManager.swift in Sources */ = {isa = PBXBuildFile; fileRef = B5A380D72312BB13004F8FB7 /* DateManager.swift */; };
		B5A380DB2313E339004F8FB7 /* Picker.swift in Sources */ = {isa = PBXBuildFile; fileRef = B5A380DA2313E339004F8FB7 /* Picker.swift */; };
		B5A4FB3E230802F8007C82E4 /* StockTableViewHeader.swift in Sources */ = {isa = PBXBuildFile; fileRef = B5A4FB3D230802F8007C82E4 /* StockTableViewHeader.swift */; };
		B5A4FB402308030B007C82E4 /* StockTableViewHeader.xib in Resources */ = {isa = PBXBuildFile; fileRef = B5A4FB3F2308030B007C82E4 /* StockTableViewHeader.xib */; };
		B5A4FB4223081BE8007C82E4 /* StockViewController.swift in Sources */ = {isa = PBXBuildFile; fileRef = B5A4FB4123081BE8007C82E4 /* StockViewController.swift */; };
		B5A4FB4923081F12007C82E4 /* AddressTableViewCell.swift in Sources */ = {isa = PBXBuildFile; fileRef = B5A4FB4723081F12007C82E4 /* AddressTableViewCell.swift */; };
		B5A4FB4A23081F12007C82E4 /* AddressTableViewCell.xib in Resources */ = {isa = PBXBuildFile; fileRef = B5A4FB4823081F12007C82E4 /* AddressTableViewCell.xib */; };
		B5A63FF222E33B5D00AAC526 /* SKSTextField.swift in Sources */ = {isa = PBXBuildFile; fileRef = B5A63FF122E33B5D00AAC526 /* SKSTextField.swift */; };
		B5AAAC4422E4D56200B04C75 /* Home.storyboard in Resources */ = {isa = PBXBuildFile; fileRef = B5AAAC4322E4D56200B04C75 /* Home.storyboard */; };
		B5AAAC4622E4D61D00B04C75 /* Profile.storyboard in Resources */ = {isa = PBXBuildFile; fileRef = B5AAAC4522E4D61D00B04C75 /* Profile.storyboard */; };
		B5AAAC4822E4D63100B04C75 /* Card.storyboard in Resources */ = {isa = PBXBuildFile; fileRef = B5AAAC4722E4D63100B04C75 /* Card.storyboard */; };
		B5AAAC4A22E4D7D700B04C75 /* TabBarViewController.swift in Sources */ = {isa = PBXBuildFile; fileRef = B5AAAC4922E4D7D700B04C75 /* TabBarViewController.swift */; };
		B5AAAC5022E4EA9600B04C75 /* HomeViewController.swift in Sources */ = {isa = PBXBuildFile; fileRef = B5AAAC4F22E4EA9600B04C75 /* HomeViewController.swift */; };
		B5AC14512315ADDA00F23102 /* OnboardingPageViewController.swift in Sources */ = {isa = PBXBuildFile; fileRef = B5AC14502315ADDA00F23102 /* OnboardingPageViewController.swift */; };
		B5AC14532315B5CC00F23102 /* OnboardingDataViewController.swift in Sources */ = {isa = PBXBuildFile; fileRef = B5AC14522315B5CC00F23102 /* OnboardingDataViewController.swift */; };
		B5AC14552315D67F00F23102 /* Path.swift in Sources */ = {isa = PBXBuildFile; fileRef = B5AC14542315D67F00F23102 /* Path.swift */; };
		B5AC14572315EB7300F23102 /* TokensManager.swift in Sources */ = {isa = PBXBuildFile; fileRef = B5AC14562315EB7300F23102 /* TokensManager.swift */; };
		B5C9C62122C76C6C00DCF18F /* AppDelegate.swift in Sources */ = {isa = PBXBuildFile; fileRef = B5C9C62022C76C6C00DCF18F /* AppDelegate.swift */; };
		B5C9C62322C76C6C00DCF18F /* LoginViewController.swift in Sources */ = {isa = PBXBuildFile; fileRef = B5C9C62222C76C6C00DCF18F /* LoginViewController.swift */; };
		B5C9C62622C76C6C00DCF18F /* Login.storyboard in Resources */ = {isa = PBXBuildFile; fileRef = B5C9C62422C76C6C00DCF18F /* Login.storyboard */; };
		B5C9C62922C76C6C00DCF18F /* SKS.xcdatamodeld in Sources */ = {isa = PBXBuildFile; fileRef = B5C9C62722C76C6C00DCF18F /* SKS.xcdatamodeld */; };
		B5C9C62B22C76C6E00DCF18F /* Assets.xcassets in Resources */ = {isa = PBXBuildFile; fileRef = B5C9C62A22C76C6E00DCF18F /* Assets.xcassets */; };
		B5C9C62E22C76C6E00DCF18F /* LaunchScreen.storyboard in Resources */ = {isa = PBXBuildFile; fileRef = B5C9C62C22C76C6E00DCF18F /* LaunchScreen.storyboard */; };
		B5C9C63922C76C6E00DCF18F /* SKSTests.swift in Sources */ = {isa = PBXBuildFile; fileRef = B5C9C63822C76C6E00DCF18F /* SKSTests.swift */; };
		B5C9C64422C76C6E00DCF18F /* SKSUITests.swift in Sources */ = {isa = PBXBuildFile; fileRef = B5C9C64322C76C6E00DCF18F /* SKSUITests.swift */; };
		B5C9C65C22C775BF00DCF18F /* Localizable.strings in Resources */ = {isa = PBXBuildFile; fileRef = B5C9C65B22C775BF00DCF18F /* Localizable.strings */; };
		B5C9C65F22C7766C00DCF18F /* Fonts.swift in Sources */ = {isa = PBXBuildFile; fileRef = B5C9C65E22C7766C00DCF18F /* Fonts.swift */; };
		B5C9C66C22C7856F00DCF18F /* ReachabilityManager.swift in Sources */ = {isa = PBXBuildFile; fileRef = B5C9C66B22C7856F00DCF18F /* ReachabilityManager.swift */; };
		B5DBA72F22FCC6DE003DEB43 /* SocialNetwork.swift in Sources */ = {isa = PBXBuildFile; fileRef = B5DBA72E22FCC6DE003DEB43 /* SocialNetwork.swift */; };
		B5DBA73122FCC73D003DEB43 /* SalePoint.swift in Sources */ = {isa = PBXBuildFile; fileRef = B5DBA73022FCC73D003DEB43 /* SalePoint.swift */; };
		B5DBE0DE22F5E90D004441B0 /* CALayer.swift in Sources */ = {isa = PBXBuildFile; fileRef = B5DBE0DD22F5E90D004441B0 /* CALayer.swift */; };
		B5DC7545230955EF008DD09C /* PartnerViewController.swift in Sources */ = {isa = PBXBuildFile; fileRef = B5DC7544230955EF008DD09C /* PartnerViewController.swift */; };
		B5DC754823095CF6008DD09C /* PartnerTableViewHeader.swift in Sources */ = {isa = PBXBuildFile; fileRef = B5DC754723095CF6008DD09C /* PartnerTableViewHeader.swift */; };
		B5DC754A23095D05008DD09C /* PartnerTableViewHeader.xib in Resources */ = {isa = PBXBuildFile; fileRef = B5DC754923095D05008DD09C /* PartnerTableViewHeader.xib */; };
		B5DC754D230975F4008DD09C /* PartnerSubtitleTableHeaderView.swift in Sources */ = {isa = PBXBuildFile; fileRef = B5DC754C230975F4008DD09C /* PartnerSubtitleTableHeaderView.swift */; };
		B5DC754F230975FD008DD09C /* PartnerSubtitleTableHeaderView.xib in Resources */ = {isa = PBXBuildFile; fileRef = B5DC754E230975FD008DD09C /* PartnerSubtitleTableHeaderView.xib */; };
		B5DC7552230979C6008DD09C /* PartnerTableViewFooter.swift in Sources */ = {isa = PBXBuildFile; fileRef = B5DC7551230979C6008DD09C /* PartnerTableViewFooter.swift */; };
		B5DC7554230979D7008DD09C /* PartnerTableViewFooter.xib in Resources */ = {isa = PBXBuildFile; fileRef = B5DC7553230979D7008DD09C /* PartnerTableViewFooter.xib */; };
		B5DC7556230C4EB0008DD09C /* BarcodeViewController.swift in Sources */ = {isa = PBXBuildFile; fileRef = B5DC7555230C4EB0008DD09C /* BarcodeViewController.swift */; };
		B5DC755C230C8E63008DD09C /* DiscountTableViewCell.swift in Sources */ = {isa = PBXBuildFile; fileRef = B5DC755A230C8E63008DD09C /* DiscountTableViewCell.swift */; };
		B5DC755D230C8E63008DD09C /* DiscountTableViewCell.xib in Resources */ = {isa = PBXBuildFile; fileRef = B5DC755B230C8E63008DD09C /* DiscountTableViewCell.xib */; };
		B5DF57FC2317E633004444A8 /* AgreementsViewController.swift in Sources */ = {isa = PBXBuildFile; fileRef = B5DF57FB2317E633004444A8 /* AgreementsViewController.swift */; };
		B5DF57FE2317E8A9004444A8 /* WebKit.framework in Frameworks */ = {isa = PBXBuildFile; fileRef = B5DF57FD2317E8A9004444A8 /* WebKit.framework */; };
		B5DFF45A231BCECD005710A6 /* waves.gif in Resources */ = {isa = PBXBuildFile; fileRef = B5DFF459231BCECD005710A6 /* waves.gif */; };
		B5DFF45C231BCF0E005710A6 /* UIImage.swift in Sources */ = {isa = PBXBuildFile; fileRef = B5DFF45B231BCF0E005710A6 /* UIImage.swift */; };
		B5E975CB23211D4A005762A8 /* EditProfileViewController.swift in Sources */ = {isa = PBXBuildFile; fileRef = B5E975CA23211D4A005762A8 /* EditProfileViewController.swift */; };
		B5ECDDFD23251D080033C1E9 /* Date.swift in Sources */ = {isa = PBXBuildFile; fileRef = B5ECDDFC23251D080033C1E9 /* Date.swift */; };
		B5EE2ACE231550CA0013A6E5 /* Course.swift in Sources */ = {isa = PBXBuildFile; fileRef = B5EE2ACD231550CA0013A6E5 /* Course.swift */; };
		B5EE2AD02315666B0013A6E5 /* Specialty.swift in Sources */ = {isa = PBXBuildFile; fileRef = B5EE2ACF2315666B0013A6E5 /* Specialty.swift */; };
		B5EE2AD22315797E0013A6E5 /* PeriodPicker.swift in Sources */ = {isa = PBXBuildFile; fileRef = B5EE2AD12315797E0013A6E5 /* PeriodPicker.swift */; };
		B5F8C3112305F5E700092FF1 /* Otp.swift in Sources */ = {isa = PBXBuildFile; fileRef = B5F8C3102305F5E700092FF1 /* Otp.swift */; };
		B5F8C3132305FFAE00092FF1 /* GoogleService-Info.plist in Resources */ = {isa = PBXBuildFile; fileRef = B5F8C3122305FFAE00092FF1 /* GoogleService-Info.plist */; };
		B5FD083F2329FE0A00AE995B /* UIDevice.swift in Sources */ = {isa = PBXBuildFile; fileRef = B5FD083E2329FE0A00AE995B /* UIDevice.swift */; };
		E12572D7BF3DC92A24FDF277 /* Pods_SKSUITests.framework in Frameworks */ = {isa = PBXBuildFile; fileRef = 5DC50700F3238CE58EC068EF /* Pods_SKSUITests.framework */; };
		ED7921A338F5E6B8777F9AC5 /* Pods_SKSTests.framework in Frameworks */ = {isa = PBXBuildFile; fileRef = DD4083853A2D07F1D22D28DE /* Pods_SKSTests.framework */; };
/* End PBXBuildFile section */

/* Begin PBXContainerItemProxy section */
		B5C9C63522C76C6E00DCF18F /* PBXContainerItemProxy */ = {
			isa = PBXContainerItemProxy;
			containerPortal = B5C9C61522C76C6C00DCF18F /* Project object */;
			proxyType = 1;
			remoteGlobalIDString = B5C9C61C22C76C6C00DCF18F;
			remoteInfo = SKS;
		};
		B5C9C64022C76C6E00DCF18F /* PBXContainerItemProxy */ = {
			isa = PBXContainerItemProxy;
			containerPortal = B5C9C61522C76C6C00DCF18F /* Project object */;
			proxyType = 1;
			remoteGlobalIDString = B5C9C61C22C76C6C00DCF18F;
			remoteInfo = SKS;
		};
/* End PBXContainerItemProxy section */

/* Begin PBXFileReference section */
		5DC50700F3238CE58EC068EF /* Pods_SKSUITests.framework */ = {isa = PBXFileReference; explicitFileType = wrapper.framework; includeInIndex = 0; path = Pods_SKSUITests.framework; sourceTree = BUILT_PRODUCTS_DIR; };
		622A228EE0867A7471A9B02A /* Pods-SKSUITests.debug.xcconfig */ = {isa = PBXFileReference; includeInIndex = 1; lastKnownFileType = text.xcconfig; name = "Pods-SKSUITests.debug.xcconfig"; path = "Target Support Files/Pods-SKSUITests/Pods-SKSUITests.debug.xcconfig"; sourceTree = "<group>"; };
		8A0BCBC72329027000D898D9 /* NotificationsTokens.swift */ = {isa = PBXFileReference; lastKnownFileType = sourcecode.swift; path = NotificationsTokens.swift; sourceTree = "<group>"; };
		A440963D0A5F12AD7C9C3D12 /* Pods-SKS.debug.xcconfig */ = {isa = PBXFileReference; includeInIndex = 1; lastKnownFileType = text.xcconfig; name = "Pods-SKS.debug.xcconfig"; path = "Target Support Files/Pods-SKS/Pods-SKS.debug.xcconfig"; sourceTree = "<group>"; };
		B50C3A3C233F71C300ACDA27 /* TintTextField.swift */ = {isa = PBXFileReference; lastKnownFileType = sourcecode.swift; path = TintTextField.swift; sourceTree = "<group>"; };
		B51B600422C9D2EF003F24F3 /* NetworkService.swift */ = {isa = PBXFileReference; lastKnownFileType = sourcecode.swift; path = NetworkService.swift; sourceTree = "<group>"; };
		B51B601022C9DEDA003F24F3 /* Category.swift */ = {isa = PBXFileReference; lastKnownFileType = sourcecode.swift; path = Category.swift; sourceTree = "<group>"; };
		B51B601222C9E796003F24F3 /* City.swift */ = {isa = PBXFileReference; lastKnownFileType = sourcecode.swift; path = City.swift; sourceTree = "<group>"; };
		B51B601422C9EAB5003F24F3 /* Stock.swift */ = {isa = PBXFileReference; lastKnownFileType = sourcecode.swift; path = Stock.swift; sourceTree = "<group>"; };
		B522FE432311450600FCE704 /* University.swift */ = {isa = PBXFileReference; lastKnownFileType = sourcecode.swift; path = University.swift; sourceTree = "<group>"; };
		B522FE4523114EB400FCE704 /* OnboardingViewController.swift */ = {isa = PBXFileReference; lastKnownFileType = sourcecode.swift; path = OnboardingViewController.swift; sourceTree = "<group>"; };
		B522FE472311500700FCE704 /* ManagmentProfileViewController.swift */ = {isa = PBXFileReference; lastKnownFileType = sourcecode.swift; path = ManagmentProfileViewController.swift; sourceTree = "<group>"; };
		B522FE492311528600FCE704 /* User.swift */ = {isa = PBXFileReference; lastKnownFileType = sourcecode.swift; path = User.swift; sourceTree = "<group>"; };
		B522FE4B2311789A00FCE704 /* Faculty.swift */ = {isa = PBXFileReference; lastKnownFileType = sourcecode.swift; path = Faculty.swift; sourceTree = "<group>"; };
		B527534522DCFF4F0003BDE6 /* UIColor.swift */ = {isa = PBXFileReference; lastKnownFileType = sourcecode.swift; path = UIColor.swift; sourceTree = "<group>"; };
		B527534722DCFF720003BDE6 /* ColorManager.swift */ = {isa = PBXFileReference; lastKnownFileType = sourcecode.swift; path = ColorManager.swift; sourceTree = "<group>"; };
		B527534B22DD013B0003BDE6 /* ErrorTextField.swift */ = {isa = PBXFileReference; lastKnownFileType = sourcecode.swift; path = ErrorTextField.swift; sourceTree = "<group>"; };
		B527534D22DD03A30003BDE6 /* LoginTextField.swift */ = {isa = PBXFileReference; lastKnownFileType = sourcecode.swift; path = LoginTextField.swift; sourceTree = "<group>"; };
		B527534F22DD07B20003BDE6 /* String.swift */ = {isa = PBXFileReference; lastKnownFileType = sourcecode.swift; path = String.swift; sourceTree = "<group>"; };
		B527535422DD08E60003BDE6 /* SKSButton.swift */ = {isa = PBXFileReference; lastKnownFileType = sourcecode.swift; path = SKSButton.swift; sourceTree = "<group>"; };
		B527535622DD199A0003BDE6 /* NSMutableAttributedString.swift */ = {isa = PBXFileReference; lastKnownFileType = sourcecode.swift; path = NSMutableAttributedString.swift; sourceTree = "<group>"; };
		B52EFFD022CB896400518949 /* JSONEncoder.swift */ = {isa = PBXFileReference; lastKnownFileType = sourcecode.swift; path = JSONEncoder.swift; sourceTree = "<group>"; };
		B52EFFD222CBA56500518949 /* Partner.swift */ = {isa = PBXFileReference; lastKnownFileType = sourcecode.swift; path = Partner.swift; sourceTree = "<group>"; };
		B54766BB22E879FC006D97DC /* UIApplication.swift */ = {isa = PBXFileReference; lastKnownFileType = sourcecode.swift; path = UIApplication.swift; sourceTree = "<group>"; };
		B54766BD22E87B39006D97DC /* ProfileViewController.swift */ = {isa = PBXFileReference; lastKnownFileType = sourcecode.swift; path = ProfileViewController.swift; sourceTree = "<group>"; };
		B5530D9522E2E97900948A07 /* ErrorTextField.xib */ = {isa = PBXFileReference; lastKnownFileType = file.xib; path = ErrorTextField.xib; sourceTree = "<group>"; };
		B559E97022CBC67700301F85 /* Discount.swift */ = {isa = PBXFileReference; lastKnownFileType = sourcecode.swift; path = Discount.swift; sourceTree = "<group>"; };
		B5656C6522E50B0B008BCCD8 /* PartnerTableViewCell.swift */ = {isa = PBXFileReference; lastKnownFileType = sourcecode.swift; path = PartnerTableViewCell.swift; sourceTree = "<group>"; };
		B5656C6722E50B49008BCCD8 /* PartnerTableViewCell.xib */ = {isa = PBXFileReference; lastKnownFileType = file.xib; path = PartnerTableViewCell.xib; sourceTree = "<group>"; };
		B56A3AEE232866D5007B8BA3 /* TokensResponse.swift */ = {isa = PBXFileReference; lastKnownFileType = sourcecode.swift; path = TokensResponse.swift; sourceTree = "<group>"; };
		B56BFB35232BCA3500D0FCA2 /* UIWindow.swift */ = {isa = PBXFileReference; lastKnownFileType = sourcecode.swift; path = UIWindow.swift; sourceTree = "<group>"; };
		B56BFB37232D404900D0FCA2 /* ru */ = {isa = PBXFileReference; lastKnownFileType = text.plist.strings; name = ru; path = ru.lproj/LaunchScreen.strings; sourceTree = "<group>"; };
		B56BFB38232D404900D0FCA2 /* ru */ = {isa = PBXFileReference; lastKnownFileType = text.plist.strings; name = ru; path = ru.lproj/Login.strings; sourceTree = "<group>"; };
		B57293A7232E3A9F00B0B5AB /* SearchTableViewCell.swift */ = {isa = PBXFileReference; lastKnownFileType = sourcecode.swift; path = SearchTableViewCell.swift; sourceTree = "<group>"; };
		B57293A8232E3A9F00B0B5AB /* SearchTableViewCell.xib */ = {isa = PBXFileReference; lastKnownFileType = file.xib; path = SearchTableViewCell.xib; sourceTree = "<group>"; };
		B57293AB232E3ABB00B0B5AB /* SearchViewController.swift */ = {isa = PBXFileReference; lastKnownFileType = sourcecode.swift; path = SearchViewController.swift; sourceTree = "<group>"; };
		B57755E822DDB53200ABA9CA /* SmsResponse.swift */ = {isa = PBXFileReference; lastKnownFileType = sourcecode.swift; path = SmsResponse.swift; sourceTree = "<group>"; };
		B57F50F822E709F70053A7D2 /* CategoryTableViewCell.swift */ = {isa = PBXFileReference; lastKnownFileType = sourcecode.swift; path = CategoryTableViewCell.swift; sourceTree = "<group>"; };
		B57F50F922E709F70053A7D2 /* CategoryTableViewCell.xib */ = {isa = PBXFileReference; lastKnownFileType = file.xib; path = CategoryTableViewCell.xib; sourceTree = "<group>"; };
		B57F50FE22E70A4C0053A7D2 /* StockCollectionViewCell.swift */ = {isa = PBXFileReference; lastKnownFileType = sourcecode.swift; path = StockCollectionViewCell.swift; sourceTree = "<group>"; };
		B57F50FF22E70A4C0053A7D2 /* StockCollectionViewCell.xib */ = {isa = PBXFileReference; lastKnownFileType = file.xib; path = StockCollectionViewCell.xib; sourceTree = "<group>"; };
		B57F510422E70A8C0053A7D2 /* CategoryCollectionViewCell.swift */ = {isa = PBXFileReference; lastKnownFileType = sourcecode.swift; path = CategoryCollectionViewCell.swift; sourceTree = "<group>"; };
		B57F510522E70A8C0053A7D2 /* CategoryCollectionViewCell.xib */ = {isa = PBXFileReference; lastKnownFileType = file.xib; path = CategoryCollectionViewCell.xib; sourceTree = "<group>"; };
		B57F510822E70AE50053A7D2 /* StockTableViewCell.swift */ = {isa = PBXFileReference; lastKnownFileType = sourcecode.swift; path = StockTableViewCell.swift; sourceTree = "<group>"; };
		B57F510922E70AE50053A7D2 /* StockTableViewCell.xib */ = {isa = PBXFileReference; lastKnownFileType = file.xib; path = StockTableViewCell.xib; sourceTree = "<group>"; };
		B5858B2422E36870003B67B0 /* ImagePicker.swift */ = {isa = PBXFileReference; lastKnownFileType = sourcecode.swift; path = ImagePicker.swift; sourceTree = "<group>"; };
		B5858B2622E36FAA003B67B0 /* UIView.swift */ = {isa = PBXFileReference; lastKnownFileType = sourcecode.swift; path = UIView.swift; sourceTree = "<group>"; };
		B586E9D522E1E58D00790CF3 /* PersonalDataViewController.swift */ = {isa = PBXFileReference; lastKnownFileType = sourcecode.swift; path = PersonalDataViewController.swift; sourceTree = "<group>"; };
		B586E9D722E1E64400790CF3 /* UniversityDataViewController.swift */ = {isa = PBXFileReference; lastKnownFileType = sourcecode.swift; path = UniversityDataViewController.swift; sourceTree = "<group>"; };
		B586E9D922E1EE9600790CF3 /* BaseViewController.swift */ = {isa = PBXFileReference; lastKnownFileType = sourcecode.swift; path = BaseViewController.swift; sourceTree = "<group>"; };
		B590073B22EC4AF50029A445 /* Montserrat-Regular.ttf */ = {isa = PBXFileReference; lastKnownFileType = file; path = "Montserrat-Regular.ttf"; sourceTree = "<group>"; };
		B590073C22EC4AF50029A445 /* Montserrat-SemiBold.ttf */ = {isa = PBXFileReference; lastKnownFileType = file; path = "Montserrat-SemiBold.ttf"; sourceTree = "<group>"; };
		B590073D22EC4AF50029A445 /* Montserrat-ExtraBoldItalic.ttf */ = {isa = PBXFileReference; lastKnownFileType = file; path = "Montserrat-ExtraBoldItalic.ttf"; sourceTree = "<group>"; };
		B590073E22EC4AF50029A445 /* Montserrat-ThinItalic.ttf */ = {isa = PBXFileReference; lastKnownFileType = file; path = "Montserrat-ThinItalic.ttf"; sourceTree = "<group>"; };
		B590073F22EC4AF50029A445 /* Montserrat-Medium.ttf */ = {isa = PBXFileReference; lastKnownFileType = file; path = "Montserrat-Medium.ttf"; sourceTree = "<group>"; };
		B590074022EC4AF50029A445 /* Montserrat-SemiBoldItalic.ttf */ = {isa = PBXFileReference; lastKnownFileType = file; path = "Montserrat-SemiBoldItalic.ttf"; sourceTree = "<group>"; };
		B590074122EC4AF50029A445 /* Montserrat-Bold.ttf */ = {isa = PBXFileReference; lastKnownFileType = file; path = "Montserrat-Bold.ttf"; sourceTree = "<group>"; };
		B590074222EC4AF50029A445 /* Montserrat-BoldItalic.ttf */ = {isa = PBXFileReference; lastKnownFileType = file; path = "Montserrat-BoldItalic.ttf"; sourceTree = "<group>"; };
		B590074322EC4AF50029A445 /* Montserrat-RegularItalic.ttf */ = {isa = PBXFileReference; lastKnownFileType = file; path = "Montserrat-RegularItalic.ttf"; sourceTree = "<group>"; };
		B590074422EC4AF50029A445 /* Montserrat-Black.ttf */ = {isa = PBXFileReference; lastKnownFileType = file; path = "Montserrat-Black.ttf"; sourceTree = "<group>"; };
		B590074522EC4AF50029A445 /* Montserrat-Light.ttf */ = {isa = PBXFileReference; lastKnownFileType = file; path = "Montserrat-Light.ttf"; sourceTree = "<group>"; };
		B590074622EC4AF50029A445 /* Montserrat-Thin.ttf */ = {isa = PBXFileReference; lastKnownFileType = file; path = "Montserrat-Thin.ttf"; sourceTree = "<group>"; };
		B590074722EC4AF50029A445 /* Montserrat-ExtraLight.ttf */ = {isa = PBXFileReference; lastKnownFileType = file; path = "Montserrat-ExtraLight.ttf"; sourceTree = "<group>"; };
		B590074822EC4AF50029A445 /* Montserrat-ExtraBold.ttf */ = {isa = PBXFileReference; lastKnownFileType = file; path = "Montserrat-ExtraBold.ttf"; sourceTree = "<group>"; };
		B590074922EC4AF50029A445 /* Montserrat-ExtraLightItalic.ttf */ = {isa = PBXFileReference; lastKnownFileType = file; path = "Montserrat-ExtraLightItalic.ttf"; sourceTree = "<group>"; };
		B590074A22EC4AF50029A445 /* Montserrat-MediumItalic.ttf */ = {isa = PBXFileReference; lastKnownFileType = file; path = "Montserrat-MediumItalic.ttf"; sourceTree = "<group>"; };
		B590074B22EC4AF50029A445 /* Montserrat-LightItalic.ttf */ = {isa = PBXFileReference; lastKnownFileType = file; path = "Montserrat-LightItalic.ttf"; sourceTree = "<group>"; };
		B590074C22EC4AF50029A445 /* Montserrat-BlackItalic.ttf */ = {isa = PBXFileReference; lastKnownFileType = file; path = "Montserrat-BlackItalic.ttf"; sourceTree = "<group>"; };
		B590076022EC4B680029A445 /* OpenSans-Light.ttf */ = {isa = PBXFileReference; lastKnownFileType = file; path = "OpenSans-Light.ttf"; sourceTree = "<group>"; };
		B590076122EC4B680029A445 /* OpenSans-ExtraBoldItalic.ttf */ = {isa = PBXFileReference; lastKnownFileType = file; path = "OpenSans-ExtraBoldItalic.ttf"; sourceTree = "<group>"; };
		B590076222EC4B680029A445 /* OpenSans-SemiBold.ttf */ = {isa = PBXFileReference; lastKnownFileType = file; path = "OpenSans-SemiBold.ttf"; sourceTree = "<group>"; };
		B590076322EC4B680029A445 /* OpenSans-RegularItalic.ttf */ = {isa = PBXFileReference; lastKnownFileType = file; path = "OpenSans-RegularItalic.ttf"; sourceTree = "<group>"; };
		B590076422EC4B680029A445 /* OpenSans-Bold.ttf */ = {isa = PBXFileReference; lastKnownFileType = file; path = "OpenSans-Bold.ttf"; sourceTree = "<group>"; };
		B590076522EC4B680029A445 /* OpenSans-BoldItalic.ttf */ = {isa = PBXFileReference; lastKnownFileType = file; path = "OpenSans-BoldItalic.ttf"; sourceTree = "<group>"; };
		B590076622EC4B680029A445 /* OpenSans-Regular.ttf */ = {isa = PBXFileReference; lastKnownFileType = file; path = "OpenSans-Regular.ttf"; sourceTree = "<group>"; };
		B590076722EC4B680029A445 /* OpenSans-LightItalic.ttf */ = {isa = PBXFileReference; lastKnownFileType = file; path = "OpenSans-LightItalic.ttf"; sourceTree = "<group>"; };
		B590076822EC4B680029A445 /* OpenSans-SemiBoldItalic.ttf */ = {isa = PBXFileReference; lastKnownFileType = file; path = "OpenSans-SemiBoldItalic.ttf"; sourceTree = "<group>"; };
		B590076922EC4B690029A445 /* OpenSans-ExtraBold.ttf */ = {isa = PBXFileReference; lastKnownFileType = file; path = "OpenSans-ExtraBold.ttf"; sourceTree = "<group>"; };
		B5904DC322E1BBEE00BCB345 /* CodeViewController.swift */ = {isa = PBXFileReference; lastKnownFileType = sourcecode.swift; path = CodeViewController.swift; sourceTree = "<group>"; };
		B596A921230FB64100B00CCB /* TitleTableViewHeader.swift */ = {isa = PBXFileReference; lastKnownFileType = sourcecode.swift; path = TitleTableViewHeader.swift; sourceTree = "<group>"; };
		B596A923230FB64E00B00CCB /* TitleTableViewHeader.xib */ = {isa = PBXFileReference; lastKnownFileType = file.xib; path = TitleTableViewHeader.xib; sourceTree = "<group>"; };
		B5A380D72312BB13004F8FB7 /* DateManager.swift */ = {isa = PBXFileReference; lastKnownFileType = sourcecode.swift; path = DateManager.swift; sourceTree = "<group>"; };
		B5A380DA2313E339004F8FB7 /* Picker.swift */ = {isa = PBXFileReference; lastKnownFileType = sourcecode.swift; path = Picker.swift; sourceTree = "<group>"; };
		B5A4FB3D230802F8007C82E4 /* StockTableViewHeader.swift */ = {isa = PBXFileReference; lastKnownFileType = sourcecode.swift; path = StockTableViewHeader.swift; sourceTree = "<group>"; };
		B5A4FB3F2308030B007C82E4 /* StockTableViewHeader.xib */ = {isa = PBXFileReference; lastKnownFileType = file.xib; path = StockTableViewHeader.xib; sourceTree = "<group>"; };
		B5A4FB4123081BE8007C82E4 /* StockViewController.swift */ = {isa = PBXFileReference; lastKnownFileType = sourcecode.swift; path = StockViewController.swift; sourceTree = "<group>"; };
		B5A4FB4723081F12007C82E4 /* AddressTableViewCell.swift */ = {isa = PBXFileReference; lastKnownFileType = sourcecode.swift; path = AddressTableViewCell.swift; sourceTree = "<group>"; };
		B5A4FB4823081F12007C82E4 /* AddressTableViewCell.xib */ = {isa = PBXFileReference; lastKnownFileType = file.xib; path = AddressTableViewCell.xib; sourceTree = "<group>"; };
		B5A63FF122E33B5D00AAC526 /* SKSTextField.swift */ = {isa = PBXFileReference; lastKnownFileType = sourcecode.swift; path = SKSTextField.swift; sourceTree = "<group>"; };
		B5AAAC4322E4D56200B04C75 /* Home.storyboard */ = {isa = PBXFileReference; lastKnownFileType = file.storyboard; path = Home.storyboard; sourceTree = "<group>"; };
		B5AAAC4522E4D61D00B04C75 /* Profile.storyboard */ = {isa = PBXFileReference; lastKnownFileType = file.storyboard; path = Profile.storyboard; sourceTree = "<group>"; };
		B5AAAC4722E4D63100B04C75 /* Card.storyboard */ = {isa = PBXFileReference; lastKnownFileType = file.storyboard; path = Card.storyboard; sourceTree = "<group>"; };
		B5AAAC4922E4D7D700B04C75 /* TabBarViewController.swift */ = {isa = PBXFileReference; lastKnownFileType = sourcecode.swift; path = TabBarViewController.swift; sourceTree = "<group>"; };
		B5AAAC4F22E4EA9600B04C75 /* HomeViewController.swift */ = {isa = PBXFileReference; lastKnownFileType = sourcecode.swift; path = HomeViewController.swift; sourceTree = "<group>"; };
		B5AC14502315ADDA00F23102 /* OnboardingPageViewController.swift */ = {isa = PBXFileReference; lastKnownFileType = sourcecode.swift; path = OnboardingPageViewController.swift; sourceTree = "<group>"; };
		B5AC14522315B5CC00F23102 /* OnboardingDataViewController.swift */ = {isa = PBXFileReference; lastKnownFileType = sourcecode.swift; path = OnboardingDataViewController.swift; sourceTree = "<group>"; };
		B5AC14542315D67F00F23102 /* Path.swift */ = {isa = PBXFileReference; lastKnownFileType = sourcecode.swift; path = Path.swift; sourceTree = "<group>"; };
		B5AC14562315EB7300F23102 /* TokensManager.swift */ = {isa = PBXFileReference; lastKnownFileType = sourcecode.swift; path = TokensManager.swift; sourceTree = "<group>"; };
		B5C9C61D22C76C6C00DCF18F /* SKS.app */ = {isa = PBXFileReference; explicitFileType = wrapper.application; includeInIndex = 0; path = SKS.app; sourceTree = BUILT_PRODUCTS_DIR; };
		B5C9C62022C76C6C00DCF18F /* AppDelegate.swift */ = {isa = PBXFileReference; lastKnownFileType = sourcecode.swift; path = AppDelegate.swift; sourceTree = "<group>"; };
		B5C9C62222C76C6C00DCF18F /* LoginViewController.swift */ = {isa = PBXFileReference; lastKnownFileType = sourcecode.swift; path = LoginViewController.swift; sourceTree = "<group>"; };
		B5C9C62522C76C6C00DCF18F /* Base */ = {isa = PBXFileReference; lastKnownFileType = file.storyboard; name = Base; path = Base.lproj/Login.storyboard; sourceTree = "<group>"; };
		B5C9C62822C76C6C00DCF18F /* SKS.xcdatamodel */ = {isa = PBXFileReference; lastKnownFileType = wrapper.xcdatamodel; path = SKS.xcdatamodel; sourceTree = "<group>"; };
		B5C9C62A22C76C6E00DCF18F /* Assets.xcassets */ = {isa = PBXFileReference; lastKnownFileType = folder.assetcatalog; path = Assets.xcassets; sourceTree = "<group>"; };
		B5C9C62D22C76C6E00DCF18F /* Base */ = {isa = PBXFileReference; lastKnownFileType = file.storyboard; name = Base; path = Base.lproj/LaunchScreen.storyboard; sourceTree = "<group>"; };
		B5C9C62F22C76C6E00DCF18F /* Info.plist */ = {isa = PBXFileReference; lastKnownFileType = text.plist.xml; path = Info.plist; sourceTree = "<group>"; };
		B5C9C63422C76C6E00DCF18F /* SKSTests.xctest */ = {isa = PBXFileReference; explicitFileType = wrapper.cfbundle; includeInIndex = 0; path = SKSTests.xctest; sourceTree = BUILT_PRODUCTS_DIR; };
		B5C9C63822C76C6E00DCF18F /* SKSTests.swift */ = {isa = PBXFileReference; lastKnownFileType = sourcecode.swift; path = SKSTests.swift; sourceTree = "<group>"; };
		B5C9C63A22C76C6E00DCF18F /* Info.plist */ = {isa = PBXFileReference; lastKnownFileType = text.plist.xml; path = Info.plist; sourceTree = "<group>"; };
		B5C9C63F22C76C6E00DCF18F /* SKSUITests.xctest */ = {isa = PBXFileReference; explicitFileType = wrapper.cfbundle; includeInIndex = 0; path = SKSUITests.xctest; sourceTree = BUILT_PRODUCTS_DIR; };
		B5C9C64322C76C6E00DCF18F /* SKSUITests.swift */ = {isa = PBXFileReference; lastKnownFileType = sourcecode.swift; path = SKSUITests.swift; sourceTree = "<group>"; };
		B5C9C64522C76C6E00DCF18F /* Info.plist */ = {isa = PBXFileReference; lastKnownFileType = text.plist.xml; path = Info.plist; sourceTree = "<group>"; };
		B5C9C65B22C775BF00DCF18F /* Localizable.strings */ = {isa = PBXFileReference; lastKnownFileType = text.plist.strings; path = Localizable.strings; sourceTree = "<group>"; };
		B5C9C65E22C7766C00DCF18F /* Fonts.swift */ = {isa = PBXFileReference; lastKnownFileType = sourcecode.swift; path = Fonts.swift; sourceTree = "<group>"; };
		B5C9C66B22C7856F00DCF18F /* ReachabilityManager.swift */ = {isa = PBXFileReference; lastKnownFileType = sourcecode.swift; path = ReachabilityManager.swift; sourceTree = "<group>"; };
		B5DBA72E22FCC6DE003DEB43 /* SocialNetwork.swift */ = {isa = PBXFileReference; lastKnownFileType = sourcecode.swift; path = SocialNetwork.swift; sourceTree = "<group>"; };
		B5DBA73022FCC73D003DEB43 /* SalePoint.swift */ = {isa = PBXFileReference; lastKnownFileType = sourcecode.swift; path = SalePoint.swift; sourceTree = "<group>"; };
		B5DBE0DD22F5E90D004441B0 /* CALayer.swift */ = {isa = PBXFileReference; lastKnownFileType = sourcecode.swift; path = CALayer.swift; sourceTree = "<group>"; };
		B5DC7544230955EF008DD09C /* PartnerViewController.swift */ = {isa = PBXFileReference; lastKnownFileType = sourcecode.swift; path = PartnerViewController.swift; sourceTree = "<group>"; };
		B5DC754723095CF6008DD09C /* PartnerTableViewHeader.swift */ = {isa = PBXFileReference; lastKnownFileType = sourcecode.swift; path = PartnerTableViewHeader.swift; sourceTree = "<group>"; };
		B5DC754923095D05008DD09C /* PartnerTableViewHeader.xib */ = {isa = PBXFileReference; lastKnownFileType = file.xib; path = PartnerTableViewHeader.xib; sourceTree = "<group>"; };
		B5DC754C230975F4008DD09C /* PartnerSubtitleTableHeaderView.swift */ = {isa = PBXFileReference; lastKnownFileType = sourcecode.swift; path = PartnerSubtitleTableHeaderView.swift; sourceTree = "<group>"; };
		B5DC754E230975FD008DD09C /* PartnerSubtitleTableHeaderView.xib */ = {isa = PBXFileReference; lastKnownFileType = file.xib; path = PartnerSubtitleTableHeaderView.xib; sourceTree = "<group>"; };
		B5DC7551230979C6008DD09C /* PartnerTableViewFooter.swift */ = {isa = PBXFileReference; lastKnownFileType = sourcecode.swift; path = PartnerTableViewFooter.swift; sourceTree = "<group>"; };
		B5DC7553230979D7008DD09C /* PartnerTableViewFooter.xib */ = {isa = PBXFileReference; lastKnownFileType = file.xib; path = PartnerTableViewFooter.xib; sourceTree = "<group>"; };
		B5DC7555230C4EB0008DD09C /* BarcodeViewController.swift */ = {isa = PBXFileReference; lastKnownFileType = sourcecode.swift; path = BarcodeViewController.swift; sourceTree = "<group>"; };
		B5DC755A230C8E63008DD09C /* DiscountTableViewCell.swift */ = {isa = PBXFileReference; lastKnownFileType = sourcecode.swift; path = DiscountTableViewCell.swift; sourceTree = "<group>"; };
		B5DC755B230C8E63008DD09C /* DiscountTableViewCell.xib */ = {isa = PBXFileReference; lastKnownFileType = file.xib; path = DiscountTableViewCell.xib; sourceTree = "<group>"; };
		B5DF57FB2317E633004444A8 /* AgreementsViewController.swift */ = {isa = PBXFileReference; lastKnownFileType = sourcecode.swift; path = AgreementsViewController.swift; sourceTree = "<group>"; };
		B5DF57FD2317E8A9004444A8 /* WebKit.framework */ = {isa = PBXFileReference; lastKnownFileType = wrapper.framework; name = WebKit.framework; path = System/Library/Frameworks/WebKit.framework; sourceTree = SDKROOT; };
		B5DFF459231BCECD005710A6 /* waves.gif */ = {isa = PBXFileReference; lastKnownFileType = image.gif; path = waves.gif; sourceTree = "<group>"; };
		B5DFF45B231BCF0E005710A6 /* UIImage.swift */ = {isa = PBXFileReference; lastKnownFileType = sourcecode.swift; path = UIImage.swift; sourceTree = "<group>"; };
		B5E975C7231FF0CE005762A8 /* SKS.entitlements */ = {isa = PBXFileReference; lastKnownFileType = text.plist.entitlements; path = SKS.entitlements; sourceTree = "<group>"; };
		B5E975CA23211D4A005762A8 /* EditProfileViewController.swift */ = {isa = PBXFileReference; lastKnownFileType = sourcecode.swift; path = EditProfileViewController.swift; sourceTree = "<group>"; };
		B5ECDDFC23251D080033C1E9 /* Date.swift */ = {isa = PBXFileReference; lastKnownFileType = sourcecode.swift; path = Date.swift; sourceTree = "<group>"; };
		B5EE2ACD231550CA0013A6E5 /* Course.swift */ = {isa = PBXFileReference; lastKnownFileType = sourcecode.swift; path = Course.swift; sourceTree = "<group>"; };
		B5EE2ACF2315666B0013A6E5 /* Specialty.swift */ = {isa = PBXFileReference; lastKnownFileType = sourcecode.swift; path = Specialty.swift; sourceTree = "<group>"; };
		B5EE2AD12315797E0013A6E5 /* PeriodPicker.swift */ = {isa = PBXFileReference; lastKnownFileType = sourcecode.swift; path = PeriodPicker.swift; sourceTree = "<group>"; };
		B5F8C3102305F5E700092FF1 /* Otp.swift */ = {isa = PBXFileReference; lastKnownFileType = sourcecode.swift; path = Otp.swift; sourceTree = "<group>"; };
		B5F8C3122305FFAE00092FF1 /* GoogleService-Info.plist */ = {isa = PBXFileReference; fileEncoding = 4; lastKnownFileType = text.plist.xml; path = "GoogleService-Info.plist"; sourceTree = "<group>"; };
		B5FD083E2329FE0A00AE995B /* UIDevice.swift */ = {isa = PBXFileReference; lastKnownFileType = sourcecode.swift; path = UIDevice.swift; sourceTree = "<group>"; };
		C1FE379F89779B8E8C1BBFDA /* Pods-SKSTests.release.xcconfig */ = {isa = PBXFileReference; includeInIndex = 1; lastKnownFileType = text.xcconfig; name = "Pods-SKSTests.release.xcconfig"; path = "Target Support Files/Pods-SKSTests/Pods-SKSTests.release.xcconfig"; sourceTree = "<group>"; };
		CB15E5BBC666285637ED3505 /* Pods-SKSTests.debug.xcconfig */ = {isa = PBXFileReference; includeInIndex = 1; lastKnownFileType = text.xcconfig; name = "Pods-SKSTests.debug.xcconfig"; path = "Target Support Files/Pods-SKSTests/Pods-SKSTests.debug.xcconfig"; sourceTree = "<group>"; };
		DBBA48756DFB066F1649F587 /* Pods-SKSUITests.release.xcconfig */ = {isa = PBXFileReference; includeInIndex = 1; lastKnownFileType = text.xcconfig; name = "Pods-SKSUITests.release.xcconfig"; path = "Target Support Files/Pods-SKSUITests/Pods-SKSUITests.release.xcconfig"; sourceTree = "<group>"; };
		DD4083853A2D07F1D22D28DE /* Pods_SKSTests.framework */ = {isa = PBXFileReference; explicitFileType = wrapper.framework; includeInIndex = 0; path = Pods_SKSTests.framework; sourceTree = BUILT_PRODUCTS_DIR; };
		DE8C2AAB5C2461575D3A92B5 /* Pods-SKS.release.xcconfig */ = {isa = PBXFileReference; includeInIndex = 1; lastKnownFileType = text.xcconfig; name = "Pods-SKS.release.xcconfig"; path = "Target Support Files/Pods-SKS/Pods-SKS.release.xcconfig"; sourceTree = "<group>"; };
		F3BFFDE6A16510AD903A4E12 /* Pods_SKS.framework */ = {isa = PBXFileReference; explicitFileType = wrapper.framework; includeInIndex = 0; path = Pods_SKS.framework; sourceTree = BUILT_PRODUCTS_DIR; };
/* End PBXFileReference section */

/* Begin PBXFrameworksBuildPhase section */
		B5C9C61A22C76C6C00DCF18F /* Frameworks */ = {
			isa = PBXFrameworksBuildPhase;
			buildActionMask = 2147483647;
			files = (
				B5DF57FE2317E8A9004444A8 /* WebKit.framework in Frameworks */,
				921480A22D9DBF3DFB58AA37 /* Pods_SKS.framework in Frameworks */,
			);
			runOnlyForDeploymentPostprocessing = 0;
		};
		B5C9C63122C76C6E00DCF18F /* Frameworks */ = {
			isa = PBXFrameworksBuildPhase;
			buildActionMask = 2147483647;
			files = (
				ED7921A338F5E6B8777F9AC5 /* Pods_SKSTests.framework in Frameworks */,
			);
			runOnlyForDeploymentPostprocessing = 0;
		};
		B5C9C63C22C76C6E00DCF18F /* Frameworks */ = {
			isa = PBXFrameworksBuildPhase;
			buildActionMask = 2147483647;
			files = (
				E12572D7BF3DC92A24FDF277 /* Pods_SKSUITests.framework in Frameworks */,
			);
			runOnlyForDeploymentPostprocessing = 0;
		};
/* End PBXFrameworksBuildPhase section */

/* Begin PBXGroup section */
		0A54FBC5127449E47A6AF70E /* Pods */ = {
			isa = PBXGroup;
			children = (
				A440963D0A5F12AD7C9C3D12 /* Pods-SKS.debug.xcconfig */,
				DE8C2AAB5C2461575D3A92B5 /* Pods-SKS.release.xcconfig */,
				CB15E5BBC666285637ED3505 /* Pods-SKSTests.debug.xcconfig */,
				C1FE379F89779B8E8C1BBFDA /* Pods-SKSTests.release.xcconfig */,
				622A228EE0867A7471A9B02A /* Pods-SKSUITests.debug.xcconfig */,
				DBBA48756DFB066F1649F587 /* Pods-SKSUITests.release.xcconfig */,
			);
			path = Pods;
			sourceTree = "<group>";
		};
		6A0619000F9BB06A387D7E2E /* Frameworks */ = {
			isa = PBXGroup;
			children = (
				B5DF57FD2317E8A9004444A8 /* WebKit.framework */,
				F3BFFDE6A16510AD903A4E12 /* Pods_SKS.framework */,
				DD4083853A2D07F1D22D28DE /* Pods_SKSTests.framework */,
				5DC50700F3238CE58EC068EF /* Pods_SKSUITests.framework */,
			);
			name = Frameworks;
			sourceTree = "<group>";
		};
		B527534922DD01150003BDE6 /* SKS */ = {
			isa = PBXGroup;
			children = (
				B5A63FF022E33B0200AAC526 /* Views */,
				B527535322DD08DC0003BDE6 /* Buttons */,
				B527534A22DD012C0003BDE6 /* TextFields */,
			);
			path = SKS;
			sourceTree = "<group>";
		};
		B527534A22DD012C0003BDE6 /* TextFields */ = {
			isa = PBXGroup;
			children = (
				B527534D22DD03A30003BDE6 /* LoginTextField.swift */,
				B5A63FF122E33B5D00AAC526 /* SKSTextField.swift */,
				B50C3A3C233F71C300ACDA27 /* TintTextField.swift */,
			);
			path = TextFields;
			sourceTree = "<group>";
		};
		B527535322DD08DC0003BDE6 /* Buttons */ = {
			isa = PBXGroup;
			children = (
				B527535422DD08E60003BDE6 /* SKSButton.swift */,
			);
			path = Buttons;
			sourceTree = "<group>";
		};
		B559E96F22CBC37B00301F85 /* Extension */ = {
			isa = PBXGroup;
			children = (
				B52EFFD022CB896400518949 /* JSONEncoder.swift */,
				B527534522DCFF4F0003BDE6 /* UIColor.swift */,
				B527534F22DD07B20003BDE6 /* String.swift */,
				B527535622DD199A0003BDE6 /* NSMutableAttributedString.swift */,
				B5858B2622E36FAA003B67B0 /* UIView.swift */,
				B54766BB22E879FC006D97DC /* UIApplication.swift */,
				B5DBE0DD22F5E90D004441B0 /* CALayer.swift */,
				B5DFF45B231BCF0E005710A6 /* UIImage.swift */,
				B5ECDDFC23251D080033C1E9 /* Date.swift */,
				B5FD083E2329FE0A00AE995B /* UIDevice.swift */,
				B56BFB35232BCA3500D0FCA2 /* UIWindow.swift */,
			);
			path = Extension;
			sourceTree = "<group>";
		};
		B57293AD232E3ABF00B0B5AB /* Search */ = {
			isa = PBXGroup;
			children = (
				B57293AB232E3ABB00B0B5AB /* SearchViewController.swift */,
			);
			path = Search;
			sourceTree = "<group>";
		};
		B590073A22EC4ABB0029A445 /* Montserrat */ = {
			isa = PBXGroup;
			children = (
				B590074422EC4AF50029A445 /* Montserrat-Black.ttf */,
				B590074C22EC4AF50029A445 /* Montserrat-BlackItalic.ttf */,
				B590074122EC4AF50029A445 /* Montserrat-Bold.ttf */,
				B590074222EC4AF50029A445 /* Montserrat-BoldItalic.ttf */,
				B590074822EC4AF50029A445 /* Montserrat-ExtraBold.ttf */,
				B590073D22EC4AF50029A445 /* Montserrat-ExtraBoldItalic.ttf */,
				B590074722EC4AF50029A445 /* Montserrat-ExtraLight.ttf */,
				B590074922EC4AF50029A445 /* Montserrat-ExtraLightItalic.ttf */,
				B590074522EC4AF50029A445 /* Montserrat-Light.ttf */,
				B590074B22EC4AF50029A445 /* Montserrat-LightItalic.ttf */,
				B590073F22EC4AF50029A445 /* Montserrat-Medium.ttf */,
				B590074A22EC4AF50029A445 /* Montserrat-MediumItalic.ttf */,
				B590073B22EC4AF50029A445 /* Montserrat-Regular.ttf */,
				B590074322EC4AF50029A445 /* Montserrat-RegularItalic.ttf */,
				B590073C22EC4AF50029A445 /* Montserrat-SemiBold.ttf */,
				B590074022EC4AF50029A445 /* Montserrat-SemiBoldItalic.ttf */,
				B590074622EC4AF50029A445 /* Montserrat-Thin.ttf */,
				B590073E22EC4AF50029A445 /* Montserrat-ThinItalic.ttf */,
			);
			path = Montserrat;
			sourceTree = "<group>";
		};
		B590075F22EC4B360029A445 /* OpenSans */ = {
			isa = PBXGroup;
			children = (
				B590076422EC4B680029A445 /* OpenSans-Bold.ttf */,
				B590076522EC4B680029A445 /* OpenSans-BoldItalic.ttf */,
				B590076922EC4B690029A445 /* OpenSans-ExtraBold.ttf */,
				B590076122EC4B680029A445 /* OpenSans-ExtraBoldItalic.ttf */,
				B590076022EC4B680029A445 /* OpenSans-Light.ttf */,
				B590076722EC4B680029A445 /* OpenSans-LightItalic.ttf */,
				B590076622EC4B680029A445 /* OpenSans-Regular.ttf */,
				B590076322EC4B680029A445 /* OpenSans-RegularItalic.ttf */,
				B590076222EC4B680029A445 /* OpenSans-SemiBold.ttf */,
				B590076822EC4B680029A445 /* OpenSans-SemiBoldItalic.ttf */,
			);
			path = OpenSans;
			sourceTree = "<group>";
		};
		B596A920230FB5FD00B00CCB /* TitleTabelViewHeader */ = {
			isa = PBXGroup;
			children = (
				B596A921230FB64100B00CCB /* TitleTableViewHeader.swift */,
				B596A923230FB64E00B00CCB /* TitleTableViewHeader.xib */,
			);
			path = TitleTabelViewHeader;
			sourceTree = "<group>";
		};
		B5A380D62312BAF4004F8FB7 /* Managers */ = {
			isa = PBXGroup;
			children = (
				B5858B2422E36870003B67B0 /* ImagePicker.swift */,
				B5A380D72312BB13004F8FB7 /* DateManager.swift */,
				B5AC14562315EB7300F23102 /* TokensManager.swift */,
			);
			path = Managers;
			sourceTree = "<group>";
		};
		B5A380D92313D96C004F8FB7 /* Pickers */ = {
			isa = PBXGroup;
			children = (
				B5A380DA2313E339004F8FB7 /* Picker.swift */,
				B5EE2AD12315797E0013A6E5 /* PeriodPicker.swift */,
			);
			path = Pickers;
			sourceTree = "<group>";
		};
		B5A4FB3C230802AE007C82E4 /* Stocks */ = {
			isa = PBXGroup;
			children = (
				B5A4FB4423081ED1007C82E4 /* Cells */,
				B5A4FB3D230802F8007C82E4 /* StockTableViewHeader.swift */,
				B5A4FB3F2308030B007C82E4 /* StockTableViewHeader.xib */,
			);
			path = Stocks;
			sourceTree = "<group>";
		};
		B5A4FB4323081D67007C82E4 /* Stock */ = {
			isa = PBXGroup;
			children = (
				B5A4FB4123081BE8007C82E4 /* StockViewController.swift */,
			);
			path = Stock;
			sourceTree = "<group>";
		};
		B5A4FB4423081ED1007C82E4 /* Cells */ = {
			isa = PBXGroup;
			children = (
				B5A4FB4723081F12007C82E4 /* AddressTableViewCell.swift */,
				B5A4FB4823081F12007C82E4 /* AddressTableViewCell.xib */,
			);
			path = Cells;
			sourceTree = "<group>";
		};
		B5A63FF022E33B0200AAC526 /* Views */ = {
			isa = PBXGroup;
			children = (
				B527534B22DD013B0003BDE6 /* ErrorTextField.swift */,
				B5530D9522E2E97900948A07 /* ErrorTextField.xib */,
			);
			path = Views;
			sourceTree = "<group>";
		};
		B5AAAC4B22E4DF1100B04C75 /* Home */ = {
			isa = PBXGroup;
			children = (
				B57293AD232E3ABF00B0B5AB /* Search */,
				B5DC7543230955C0008DD09C /* Partner */,
				B5A4FB4323081D67007C82E4 /* Stock */,
				B5AAAC4F22E4EA9600B04C75 /* HomeViewController.swift */,
			);
			path = Home;
			sourceTree = "<group>";
		};
		B5AAAC4C22E4DF1700B04C75 /* Profile */ = {
			isa = PBXGroup;
			children = (
				B54766BD22E87B39006D97DC /* ProfileViewController.swift */,
				B522FE4523114EB400FCE704 /* OnboardingViewController.swift */,
				B522FE472311500700FCE704 /* ManagmentProfileViewController.swift */,
				B5AC14502315ADDA00F23102 /* OnboardingPageViewController.swift */,
				B5AC14522315B5CC00F23102 /* OnboardingDataViewController.swift */,
				B5E975CA23211D4A005762A8 /* EditProfileViewController.swift */,
			);
			path = Profile;
			sourceTree = "<group>";
		};
		B5AAAC4D22E4DF1C00B04C75 /* Card */ = {
			isa = PBXGroup;
			children = (
				B5DC7555230C4EB0008DD09C /* BarcodeViewController.swift */,
			);
			path = Card;
			sourceTree = "<group>";
		};
		B5AAAC4E22E4EA4E00B04C75 /* Cells */ = {
			isa = PBXGroup;
			children = (
				B5656C6522E50B0B008BCCD8 /* PartnerTableViewCell.swift */,
				B5656C6722E50B49008BCCD8 /* PartnerTableViewCell.xib */,
				B57F50F822E709F70053A7D2 /* CategoryTableViewCell.swift */,
				B57F50F922E709F70053A7D2 /* CategoryTableViewCell.xib */,
				B57F50FE22E70A4C0053A7D2 /* StockCollectionViewCell.swift */,
				B57F50FF22E70A4C0053A7D2 /* StockCollectionViewCell.xib */,
				B57F510422E70A8C0053A7D2 /* CategoryCollectionViewCell.swift */,
				B57F510522E70A8C0053A7D2 /* CategoryCollectionViewCell.xib */,
				B57F510822E70AE50053A7D2 /* StockTableViewCell.swift */,
				B57F510922E70AE50053A7D2 /* StockTableViewCell.xib */,
				B57293A7232E3A9F00B0B5AB /* SearchTableViewCell.swift */,
				B57293A8232E3A9F00B0B5AB /* SearchTableViewCell.xib */,
			);
			path = Cells;
			sourceTree = "<group>";
		};
		B5C9C61422C76C6C00DCF18F = {
			isa = PBXGroup;
			children = (
				B5C9C61F22C76C6C00DCF18F /* SKS */,
				B5C9C63722C76C6E00DCF18F /* SKSTests */,
				B5C9C64222C76C6E00DCF18F /* SKSUITests */,
				B5C9C61E22C76C6C00DCF18F /* Products */,
				0A54FBC5127449E47A6AF70E /* Pods */,
				6A0619000F9BB06A387D7E2E /* Frameworks */,
			);
			sourceTree = "<group>";
		};
		B5C9C61E22C76C6C00DCF18F /* Products */ = {
			isa = PBXGroup;
			children = (
				B5C9C61D22C76C6C00DCF18F /* SKS.app */,
				B5C9C63422C76C6E00DCF18F /* SKSTests.xctest */,
				B5C9C63F22C76C6E00DCF18F /* SKSUITests.xctest */,
			);
			name = Products;
			sourceTree = "<group>";
		};
		B5C9C61F22C76C6C00DCF18F /* SKS */ = {
			isa = PBXGroup;
			children = (
				B5E975C7231FF0CE005762A8 /* SKS.entitlements */,
				B5C9C62F22C76C6E00DCF18F /* Info.plist */,
				B5F8C3122305FFAE00092FF1 /* GoogleService-Info.plist */,
				B5C9C62022C76C6C00DCF18F /* AppDelegate.swift */,
				B5DFF459231BCECD005710A6 /* waves.gif */,
				B5C9C65822C7752200DCF18F /* Classes */,
				B5C9C65922C7759700DCF18F /* Resources */,
			);
			path = SKS;
			sourceTree = "<group>";
		};
		B5C9C63722C76C6E00DCF18F /* SKSTests */ = {
			isa = PBXGroup;
			children = (
				B5C9C63822C76C6E00DCF18F /* SKSTests.swift */,
				B5C9C63A22C76C6E00DCF18F /* Info.plist */,
			);
			path = SKSTests;
			sourceTree = "<group>";
		};
		B5C9C64222C76C6E00DCF18F /* SKSUITests */ = {
			isa = PBXGroup;
			children = (
				B5C9C64322C76C6E00DCF18F /* SKSUITests.swift */,
				B5C9C64522C76C6E00DCF18F /* Info.plist */,
			);
			path = SKSUITests;
			sourceTree = "<group>";
		};
		B5C9C65822C7752200DCF18F /* Classes */ = {
			isa = PBXGroup;
			children = (
				B5C9C66022C7774C00DCF18F /* Views */,
				B5C9C66222C7775800DCF18F /* Controllers */,
				B5C9C66122C7775200DCF18F /* Models */,
				B5C9C66322C7776500DCF18F /* NetworkServices */,
				B5C9C66422C7777600DCF18F /* Utils */,
			);
			path = Classes;
			sourceTree = "<group>";
		};
		B5C9C65922C7759700DCF18F /* Resources */ = {
			isa = PBXGroup;
			children = (
				B5C9C62A22C76C6E00DCF18F /* Assets.xcassets */,
				B5C9C62722C76C6C00DCF18F /* SKS.xcdatamodeld */,
				B5C9C65D22C7765100DCF18F /* Fonts */,
				B5C9C65A22C775A100DCF18F /* Strings */,
			);
			path = Resources;
			sourceTree = "<group>";
		};
		B5C9C65A22C775A100DCF18F /* Strings */ = {
			isa = PBXGroup;
			children = (
				B5C9C65B22C775BF00DCF18F /* Localizable.strings */,
			);
			path = Strings;
			sourceTree = "<group>";
		};
		B5C9C65D22C7765100DCF18F /* Fonts */ = {
			isa = PBXGroup;
			children = (
				B590075F22EC4B360029A445 /* OpenSans */,
				B590073A22EC4ABB0029A445 /* Montserrat */,
				B5C9C65E22C7766C00DCF18F /* Fonts.swift */,
			);
			path = Fonts;
			sourceTree = "<group>";
		};
		B5C9C66022C7774C00DCF18F /* Views */ = {
			isa = PBXGroup;
			children = (
				B596A920230FB5FD00B00CCB /* TitleTabelViewHeader */,
				B5AAAC4722E4D63100B04C75 /* Card.storyboard */,
				B5AAAC4322E4D56200B04C75 /* Home.storyboard */,
				B5C9C62C22C76C6E00DCF18F /* LaunchScreen.storyboard */,
				B5C9C62422C76C6C00DCF18F /* Login.storyboard */,
				B5AAAC4522E4D61D00B04C75 /* Profile.storyboard */,
				B5DC754B230973BF008DD09C /* Barcode */,
				B5AAAC4E22E4EA4E00B04C75 /* Cells */,
				B5DC754623095B6D008DD09C /* Partner */,
				B5A4FB3C230802AE007C82E4 /* Stocks */,
			);
			path = Views;
			sourceTree = "<group>";
		};
		B5C9C66122C7775200DCF18F /* Models */ = {
			isa = PBXGroup;
			children = (
				B51B601022C9DEDA003F24F3 /* Category.swift */,
				B51B601422C9EAB5003F24F3 /* Stock.swift */,
				B52EFFD222CBA56500518949 /* Partner.swift */,
				B51B601222C9E796003F24F3 /* City.swift */,
				B559E97022CBC67700301F85 /* Discount.swift */,
				B57755E822DDB53200ABA9CA /* SmsResponse.swift */,
				B5DBA72E22FCC6DE003DEB43 /* SocialNetwork.swift */,
				B5DBA73022FCC73D003DEB43 /* SalePoint.swift */,
				B5F8C3102305F5E700092FF1 /* Otp.swift */,
				B522FE432311450600FCE704 /* University.swift */,
				B522FE492311528600FCE704 /* User.swift */,
				B522FE4B2311789A00FCE704 /* Faculty.swift */,
				B5EE2ACD231550CA0013A6E5 /* Course.swift */,
				B5EE2ACF2315666B0013A6E5 /* Specialty.swift */,
				B5AC14542315D67F00F23102 /* Path.swift */,
				8A0BCBC72329027000D898D9 /* NotificationsTokens.swift */,
				B56A3AEE232866D5007B8BA3 /* TokensResponse.swift */,
			);
			path = Models;
			sourceTree = "<group>";
		};
		B5C9C66222C7775800DCF18F /* Controllers */ = {
			isa = PBXGroup;
			children = (
				B5AAAC4D22E4DF1C00B04C75 /* Card */,
				B5AAAC4C22E4DF1700B04C75 /* Profile */,
				B5AAAC4B22E4DF1100B04C75 /* Home */,
				B5EE918322E201FA00868BE4 /* Login */,
				B586E9D922E1EE9600790CF3 /* BaseViewController.swift */,
				B5AAAC4922E4D7D700B04C75 /* TabBarViewController.swift */,
			);
			path = Controllers;
			sourceTree = "<group>";
		};
		B5C9C66322C7776500DCF18F /* NetworkServices */ = {
			isa = PBXGroup;
			children = (
				B51B600422C9D2EF003F24F3 /* NetworkService.swift */,
			);
			path = NetworkServices;
			sourceTree = "<group>";
		};
		B5C9C66422C7777600DCF18F /* Utils */ = {
			isa = PBXGroup;
			children = (
				B5A380D92313D96C004F8FB7 /* Pickers */,
				B527534722DCFF720003BDE6 /* ColorManager.swift */,
				B5C9C66B22C7856F00DCF18F /* ReachabilityManager.swift */,
				B559E96F22CBC37B00301F85 /* Extension */,
				B5A380D62312BAF4004F8FB7 /* Managers */,
				B527534922DD01150003BDE6 /* SKS */,
			);
			path = Utils;
			sourceTree = "<group>";
		};
		B5DC7543230955C0008DD09C /* Partner */ = {
			isa = PBXGroup;
			children = (
				B5DC7544230955EF008DD09C /* PartnerViewController.swift */,
			);
			path = Partner;
			sourceTree = "<group>";
		};
		B5DC754623095B6D008DD09C /* Partner */ = {
			isa = PBXGroup;
			children = (
				B5DC7557230C8E27008DD09C /* Cells */,
				B5DC754723095CF6008DD09C /* PartnerTableViewHeader.swift */,
				B5DC754923095D05008DD09C /* PartnerTableViewHeader.xib */,
				B5DC754C230975F4008DD09C /* PartnerSubtitleTableHeaderView.swift */,
				B5DC754E230975FD008DD09C /* PartnerSubtitleTableHeaderView.xib */,
				B5DC7551230979C6008DD09C /* PartnerTableViewFooter.swift */,
				B5DC7553230979D7008DD09C /* PartnerTableViewFooter.xib */,
			);
			path = Partner;
			sourceTree = "<group>";
		};
		B5DC754B230973BF008DD09C /* Barcode */ = {
			isa = PBXGroup;
			children = (
			);
			path = Barcode;
			sourceTree = "<group>";
		};
		B5DC7557230C8E27008DD09C /* Cells */ = {
			isa = PBXGroup;
			children = (
				B5DC755A230C8E63008DD09C /* DiscountTableViewCell.swift */,
				B5DC755B230C8E63008DD09C /* DiscountTableViewCell.xib */,
			);
			path = Cells;
			sourceTree = "<group>";
		};
		B5EE918322E201FA00868BE4 /* Login */ = {
			isa = PBXGroup;
			children = (
				B5C9C62222C76C6C00DCF18F /* LoginViewController.swift */,
				B5904DC322E1BBEE00BCB345 /* CodeViewController.swift */,
				B586E9D522E1E58D00790CF3 /* PersonalDataViewController.swift */,
				B586E9D722E1E64400790CF3 /* UniversityDataViewController.swift */,
				B5DF57FB2317E633004444A8 /* AgreementsViewController.swift */,
			);
			path = Login;
			sourceTree = "<group>";
		};
/* End PBXGroup section */

/* Begin PBXNativeTarget section */
		B5C9C61C22C76C6C00DCF18F /* SKS */ = {
			isa = PBXNativeTarget;
			buildConfigurationList = B5C9C64822C76C6E00DCF18F /* Build configuration list for PBXNativeTarget "SKS" */;
			buildPhases = (
				83F3CCB62F486B4ADD6BAC83 /* [CP] Check Pods Manifest.lock */,
				B5C9C61922C76C6C00DCF18F /* Sources */,
				B5C9C61A22C76C6C00DCF18F /* Frameworks */,
				B5C9C61B22C76C6C00DCF18F /* Resources */,
				B883E6EFDF2F359BBAF8114B /* [CP] Embed Pods Frameworks */,
				B56BFB34232BBADF00D0FCA2 /* ShellScript */,
			);
			buildRules = (
			);
			dependencies = (
			);
			name = SKS;
			productName = SKS;
			productReference = B5C9C61D22C76C6C00DCF18F /* SKS.app */;
			productType = "com.apple.product-type.application";
		};
		B5C9C63322C76C6E00DCF18F /* SKSTests */ = {
			isa = PBXNativeTarget;
			buildConfigurationList = B5C9C64B22C76C6E00DCF18F /* Build configuration list for PBXNativeTarget "SKSTests" */;
			buildPhases = (
				E959F66F668F7D5DD2D6861B /* [CP] Check Pods Manifest.lock */,
				B5C9C63022C76C6E00DCF18F /* Sources */,
				B5C9C63122C76C6E00DCF18F /* Frameworks */,
				B5C9C63222C76C6E00DCF18F /* Resources */,
			);
			buildRules = (
			);
			dependencies = (
				B5C9C63622C76C6E00DCF18F /* PBXTargetDependency */,
			);
			name = SKSTests;
			productName = SKSTests;
			productReference = B5C9C63422C76C6E00DCF18F /* SKSTests.xctest */;
			productType = "com.apple.product-type.bundle.unit-test";
		};
		B5C9C63E22C76C6E00DCF18F /* SKSUITests */ = {
			isa = PBXNativeTarget;
			buildConfigurationList = B5C9C64E22C76C6E00DCF18F /* Build configuration list for PBXNativeTarget "SKSUITests" */;
			buildPhases = (
				9BBF1FC73ACB20201A11BEC1 /* [CP] Check Pods Manifest.lock */,
				B5C9C63B22C76C6E00DCF18F /* Sources */,
				B5C9C63C22C76C6E00DCF18F /* Frameworks */,
				B5C9C63D22C76C6E00DCF18F /* Resources */,
			);
			buildRules = (
			);
			dependencies = (
				B5C9C64122C76C6E00DCF18F /* PBXTargetDependency */,
			);
			name = SKSUITests;
			productName = SKSUITests;
			productReference = B5C9C63F22C76C6E00DCF18F /* SKSUITests.xctest */;
			productType = "com.apple.product-type.bundle.ui-testing";
		};
/* End PBXNativeTarget section */

/* Begin PBXProject section */
		B5C9C61522C76C6C00DCF18F /* Project object */ = {
			isa = PBXProject;
			attributes = {
				LastSwiftUpdateCheck = 1020;
				LastUpgradeCheck = 1020;
				ORGANIZATIONNAME = Katrych;
				TargetAttributes = {
					B5C9C61C22C76C6C00DCF18F = {
						CreatedOnToolsVersion = 10.2.1;
						SystemCapabilities = {
							com.apple.Push = {
								enabled = 1;
							};
						};
					};
					B5C9C63322C76C6E00DCF18F = {
						CreatedOnToolsVersion = 10.2.1;
						TestTargetID = B5C9C61C22C76C6C00DCF18F;
					};
					B5C9C63E22C76C6E00DCF18F = {
						CreatedOnToolsVersion = 10.2.1;
						TestTargetID = B5C9C61C22C76C6C00DCF18F;
					};
				};
			};
			buildConfigurationList = B5C9C61822C76C6C00DCF18F /* Build configuration list for PBXProject "SKS" */;
			compatibilityVersion = "Xcode 9.3";
			developmentRegion = en;
			hasScannedForEncodings = 0;
			knownRegions = (
				en,
				Base,
				ru,
			);
			mainGroup = B5C9C61422C76C6C00DCF18F;
			productRefGroup = B5C9C61E22C76C6C00DCF18F /* Products */;
			projectDirPath = "";
			projectRoot = "";
			targets = (
				B5C9C61C22C76C6C00DCF18F /* SKS */,
				B5C9C63322C76C6E00DCF18F /* SKSTests */,
				B5C9C63E22C76C6E00DCF18F /* SKSUITests */,
			);
		};
/* End PBXProject section */

/* Begin PBXResourcesBuildPhase section */
		B5C9C61B22C76C6C00DCF18F /* Resources */ = {
			isa = PBXResourcesBuildPhase;
			buildActionMask = 2147483647;
			files = (
				B590076C22EC4B690029A445 /* OpenSans-SemiBold.ttf in Resources */,
				B57F510722E70A8C0053A7D2 /* CategoryCollectionViewCell.xib in Resources */,
				B5A4FB4A23081F12007C82E4 /* AddressTableViewCell.xib in Resources */,
				B590077322EC4B690029A445 /* OpenSans-ExtraBold.ttf in Resources */,
				B57F510122E70A4C0053A7D2 /* StockCollectionViewCell.xib in Resources */,
				B5DC754F230975FD008DD09C /* PartnerSubtitleTableHeaderView.xib in Resources */,
				B5AAAC4822E4D63100B04C75 /* Card.storyboard in Resources */,
				B590075B22EC4AF50029A445 /* Montserrat-ExtraLightItalic.ttf in Resources */,
				B5A4FB402308030B007C82E4 /* StockTableViewHeader.xib in Resources */,
				B590074D22EC4AF50029A445 /* Montserrat-Regular.ttf in Resources */,
				B590075E22EC4AF50029A445 /* Montserrat-BlackItalic.ttf in Resources */,
				B590075922EC4AF50029A445 /* Montserrat-ExtraLight.ttf in Resources */,
				B590075A22EC4AF50029A445 /* Montserrat-ExtraBold.ttf in Resources */,
				B5DC754A23095D05008DD09C /* PartnerTableViewHeader.xib in Resources */,
				B590076F22EC4B690029A445 /* OpenSans-BoldItalic.ttf in Resources */,
				B590077022EC4B690029A445 /* OpenSans-Regular.ttf in Resources */,
				B590077122EC4B690029A445 /* OpenSans-LightItalic.ttf in Resources */,
				B590075422EC4AF50029A445 /* Montserrat-BoldItalic.ttf in Resources */,
				B57F50FB22E709F70053A7D2 /* CategoryTableViewCell.xib in Resources */,
				B596A924230FB64E00B00CCB /* TitleTableViewHeader.xib in Resources */,
				B57F510B22E70AE50053A7D2 /* StockTableViewCell.xib in Resources */,
				B590075C22EC4AF50029A445 /* Montserrat-MediumItalic.ttf in Resources */,
				B5C9C62E22C76C6E00DCF18F /* LaunchScreen.storyboard in Resources */,
				B5DC755D230C8E63008DD09C /* DiscountTableViewCell.xib in Resources */,
				B590076E22EC4B690029A445 /* OpenSans-Bold.ttf in Resources */,
				B5530D9622E2E97900948A07 /* ErrorTextField.xib in Resources */,
				B5656C6822E50B49008BCCD8 /* PartnerTableViewCell.xib in Resources */,
				B590075D22EC4AF50029A445 /* Montserrat-LightItalic.ttf in Resources */,
				B590075122EC4AF50029A445 /* Montserrat-Medium.ttf in Resources */,
				B5C9C65C22C775BF00DCF18F /* Localizable.strings in Resources */,
				B5AAAC4422E4D56200B04C75 /* Home.storyboard in Resources */,
				B590077222EC4B690029A445 /* OpenSans-SemiBoldItalic.ttf in Resources */,
				B590075822EC4AF50029A445 /* Montserrat-Thin.ttf in Resources */,
				B590076D22EC4B690029A445 /* OpenSans-RegularItalic.ttf in Resources */,
				B590074F22EC4AF50029A445 /* Montserrat-ExtraBoldItalic.ttf in Resources */,
				B590075722EC4AF50029A445 /* Montserrat-Light.ttf in Resources */,
				B5DC7554230979D7008DD09C /* PartnerTableViewFooter.xib in Resources */,
				B5C9C62B22C76C6E00DCF18F /* Assets.xcassets in Resources */,
				B590075522EC4AF50029A445 /* Montserrat-RegularItalic.ttf in Resources */,
				B590075622EC4AF50029A445 /* Montserrat-Black.ttf in Resources */,
				B590075022EC4AF50029A445 /* Montserrat-ThinItalic.ttf in Resources */,
				B57293AA232E3A9F00B0B5AB /* SearchTableViewCell.xib in Resources */,
				B5DFF45A231BCECD005710A6 /* waves.gif in Resources */,
				B590076A22EC4B690029A445 /* OpenSans-Light.ttf in Resources */,
				B5AAAC4622E4D61D00B04C75 /* Profile.storyboard in Resources */,
				B590074E22EC4AF50029A445 /* Montserrat-SemiBold.ttf in Resources */,
				B590075222EC4AF50029A445 /* Montserrat-SemiBoldItalic.ttf in Resources */,
				B5C9C62622C76C6C00DCF18F /* Login.storyboard in Resources */,
				B590076B22EC4B690029A445 /* OpenSans-ExtraBoldItalic.ttf in Resources */,
				B590075322EC4AF50029A445 /* Montserrat-Bold.ttf in Resources */,
				B5F8C3132305FFAE00092FF1 /* GoogleService-Info.plist in Resources */,
			);
			runOnlyForDeploymentPostprocessing = 0;
		};
		B5C9C63222C76C6E00DCF18F /* Resources */ = {
			isa = PBXResourcesBuildPhase;
			buildActionMask = 2147483647;
			files = (
			);
			runOnlyForDeploymentPostprocessing = 0;
		};
		B5C9C63D22C76C6E00DCF18F /* Resources */ = {
			isa = PBXResourcesBuildPhase;
			buildActionMask = 2147483647;
			files = (
			);
			runOnlyForDeploymentPostprocessing = 0;
		};
/* End PBXResourcesBuildPhase section */

/* Begin PBXShellScriptBuildPhase section */
		83F3CCB62F486B4ADD6BAC83 /* [CP] Check Pods Manifest.lock */ = {
			isa = PBXShellScriptBuildPhase;
			buildActionMask = 2147483647;
			files = (
			);
			inputFileListPaths = (
			);
			inputPaths = (
				"${PODS_PODFILE_DIR_PATH}/Podfile.lock",
				"${PODS_ROOT}/Manifest.lock",
			);
			name = "[CP] Check Pods Manifest.lock";
			outputFileListPaths = (
			);
			outputPaths = (
				"$(DERIVED_FILE_DIR)/Pods-SKS-checkManifestLockResult.txt",
			);
			runOnlyForDeploymentPostprocessing = 0;
			shellPath = /bin/sh;
			shellScript = "diff \"${PODS_PODFILE_DIR_PATH}/Podfile.lock\" \"${PODS_ROOT}/Manifest.lock\" > /dev/null\nif [ $? != 0 ] ; then\n    # print error to STDERR\n    echo \"error: The sandbox is not in sync with the Podfile.lock. Run 'pod install' or update your CocoaPods installation.\" >&2\n    exit 1\nfi\n# This output is used by Xcode 'outputs' to avoid re-running this script phase.\necho \"SUCCESS\" > \"${SCRIPT_OUTPUT_FILE_0}\"\n";
			showEnvVarsInLog = 0;
		};
		9BBF1FC73ACB20201A11BEC1 /* [CP] Check Pods Manifest.lock */ = {
			isa = PBXShellScriptBuildPhase;
			buildActionMask = 2147483647;
			files = (
			);
			inputFileListPaths = (
			);
			inputPaths = (
				"${PODS_PODFILE_DIR_PATH}/Podfile.lock",
				"${PODS_ROOT}/Manifest.lock",
			);
			name = "[CP] Check Pods Manifest.lock";
			outputFileListPaths = (
			);
			outputPaths = (
				"$(DERIVED_FILE_DIR)/Pods-SKSUITests-checkManifestLockResult.txt",
			);
			runOnlyForDeploymentPostprocessing = 0;
			shellPath = /bin/sh;
			shellScript = "diff \"${PODS_PODFILE_DIR_PATH}/Podfile.lock\" \"${PODS_ROOT}/Manifest.lock\" > /dev/null\nif [ $? != 0 ] ; then\n    # print error to STDERR\n    echo \"error: The sandbox is not in sync with the Podfile.lock. Run 'pod install' or update your CocoaPods installation.\" >&2\n    exit 1\nfi\n# This output is used by Xcode 'outputs' to avoid re-running this script phase.\necho \"SUCCESS\" > \"${SCRIPT_OUTPUT_FILE_0}\"\n";
			showEnvVarsInLog = 0;
		};
		B56BFB34232BBADF00D0FCA2 /* ShellScript */ = {
			isa = PBXShellScriptBuildPhase;
			buildActionMask = 2147483647;
			files = (
			);
			inputFileListPaths = (
			);
			inputPaths = (
				"$(SRCROOT)/$(BUILT_PRODUCTS_DIR)/$(INFOPLIST_PATH)",
			);
			outputFileListPaths = (
			);
			outputPaths = (
			);
			runOnlyForDeploymentPostprocessing = 0;
			shellPath = /bin/sh;
			shellScript = "\"${PODS_ROOT}/Fabric/run\"\n";
		};
		B883E6EFDF2F359BBAF8114B /* [CP] Embed Pods Frameworks */ = {
			isa = PBXShellScriptBuildPhase;
			buildActionMask = 2147483647;
			files = (
			);
			inputFileListPaths = (
				"${PODS_ROOT}/Target Support Files/Pods-SKS/Pods-SKS-frameworks-${CONFIGURATION}-input-files.xcfilelist",
			);
			inputPaths = (
			);
			name = "[CP] Embed Pods Frameworks";
			outputFileListPaths = (
				"${PODS_ROOT}/Target Support Files/Pods-SKS/Pods-SKS-frameworks-${CONFIGURATION}-output-files.xcfilelist",
			);
			runOnlyForDeploymentPostprocessing = 0;
			shellPath = /bin/sh;
			shellScript = "\"${PODS_ROOT}/Target Support Files/Pods-SKS/Pods-SKS-frameworks.sh\"\n";
			showEnvVarsInLog = 0;
		};
		E959F66F668F7D5DD2D6861B /* [CP] Check Pods Manifest.lock */ = {
			isa = PBXShellScriptBuildPhase;
			buildActionMask = 2147483647;
			files = (
			);
			inputFileListPaths = (
			);
			inputPaths = (
				"${PODS_PODFILE_DIR_PATH}/Podfile.lock",
				"${PODS_ROOT}/Manifest.lock",
			);
			name = "[CP] Check Pods Manifest.lock";
			outputFileListPaths = (
			);
			outputPaths = (
				"$(DERIVED_FILE_DIR)/Pods-SKSTests-checkManifestLockResult.txt",
			);
			runOnlyForDeploymentPostprocessing = 0;
			shellPath = /bin/sh;
			shellScript = "diff \"${PODS_PODFILE_DIR_PATH}/Podfile.lock\" \"${PODS_ROOT}/Manifest.lock\" > /dev/null\nif [ $? != 0 ] ; then\n    # print error to STDERR\n    echo \"error: The sandbox is not in sync with the Podfile.lock. Run 'pod install' or update your CocoaPods installation.\" >&2\n    exit 1\nfi\n# This output is used by Xcode 'outputs' to avoid re-running this script phase.\necho \"SUCCESS\" > \"${SCRIPT_OUTPUT_FILE_0}\"\n";
			showEnvVarsInLog = 0;
		};
/* End PBXShellScriptBuildPhase section */

/* Begin PBXSourcesBuildPhase section */
		B5C9C61922C76C6C00DCF18F /* Sources */ = {
			isa = PBXSourcesBuildPhase;
			buildActionMask = 2147483647;
			files = (
				B54766BC22E879FC006D97DC /* UIApplication.swift in Sources */,
				B522FE482311500700FCE704 /* ManagmentProfileViewController.swift in Sources */,
				B5A4FB4223081BE8007C82E4 /* StockViewController.swift in Sources */,
				B57F510A22E70AE50053A7D2 /* StockTableViewCell.swift in Sources */,
				B5A4FB4923081F12007C82E4 /* AddressTableViewCell.swift in Sources */,
				B522FE4C2311789A00FCE704 /* Faculty.swift in Sources */,
				B586E9D622E1E58D00790CF3 /* PersonalDataViewController.swift in Sources */,
				B5DC7556230C4EB0008DD09C /* BarcodeViewController.swift in Sources */,
				B5DBA72F22FCC6DE003DEB43 /* SocialNetwork.swift in Sources */,
				B5DF57FC2317E633004444A8 /* AgreementsViewController.swift in Sources */,
				B5DBE0DE22F5E90D004441B0 /* CALayer.swift in Sources */,
				B57755E922DDB53200ABA9CA /* SmsResponse.swift in Sources */,
				B5DC754823095CF6008DD09C /* PartnerTableViewHeader.swift in Sources */,
				B52EFFD122CB896400518949 /* JSONEncoder.swift in Sources */,
				B50C3A3D233F71C300ACDA27 /* TintTextField.swift in Sources */,
				B5858B2522E36870003B67B0 /* ImagePicker.swift in Sources */,
				B5A63FF222E33B5D00AAC526 /* SKSTextField.swift in Sources */,
				B5EE2AD02315666B0013A6E5 /* Specialty.swift in Sources */,
				B5AAAC5022E4EA9600B04C75 /* HomeViewController.swift in Sources */,
				B527534622DCFF4F0003BDE6 /* UIColor.swift in Sources */,
				B5E975CB23211D4A005762A8 /* EditProfileViewController.swift in Sources */,
				B5EE2AD22315797E0013A6E5 /* PeriodPicker.swift in Sources */,
				B51B601122C9DEDA003F24F3 /* Category.swift in Sources */,
				B5EE2ACE231550CA0013A6E5 /* Course.swift in Sources */,
				B5ECDDFD23251D080033C1E9 /* Date.swift in Sources */,
				B5A4FB3E230802F8007C82E4 /* StockTableViewHeader.swift in Sources */,
				B5C9C66C22C7856F00DCF18F /* ReachabilityManager.swift in Sources */,
				B57293AC232E3ABB00B0B5AB /* SearchViewController.swift in Sources */,
				B5C9C65F22C7766C00DCF18F /* Fonts.swift in Sources */,
				B5A380D82312BB13004F8FB7 /* DateManager.swift in Sources */,
				8A0BCBC82329027000D898D9 /* NotificationsTokens.swift in Sources */,
				B5C9C62322C76C6C00DCF18F /* LoginViewController.swift in Sources */,
				B586E9D822E1E64400790CF3 /* UniversityDataViewController.swift in Sources */,
				B5DFF45C231BCF0E005710A6 /* UIImage.swift in Sources */,
				B527534E22DD03A30003BDE6 /* LoginTextField.swift in Sources */,
				B5DBA73122FCC73D003DEB43 /* SalePoint.swift in Sources */,
				B5AC14572315EB7300F23102 /* TokensManager.swift in Sources */,
				B527534822DCFF720003BDE6 /* ColorManager.swift in Sources */,
				B5AC14512315ADDA00F23102 /* OnboardingPageViewController.swift in Sources */,
				B527534C22DD013B0003BDE6 /* ErrorTextField.swift in Sources */,
				B57F510022E70A4C0053A7D2 /* StockCollectionViewCell.swift in Sources */,
				B527535722DD199A0003BDE6 /* NSMutableAttributedString.swift in Sources */,
				B5C9C62922C76C6C00DCF18F /* SKS.xcdatamodeld in Sources */,
				B5F8C3112305F5E700092FF1 /* Otp.swift in Sources */,
				B56A3AEF232866D5007B8BA3 /* TokensResponse.swift in Sources */,
				B559E97122CBC67800301F85 /* Discount.swift in Sources */,
				B52EFFD322CBA56500518949 /* Partner.swift in Sources */,
				B522FE4A2311528600FCE704 /* User.swift in Sources */,
				B5DC7545230955EF008DD09C /* PartnerViewController.swift in Sources */,
				B57F510622E70A8C0053A7D2 /* CategoryCollectionViewCell.swift in Sources */,
				B5DC755C230C8E63008DD09C /* DiscountTableViewCell.swift in Sources */,
				B5AAAC4A22E4D7D700B04C75 /* TabBarViewController.swift in Sources */,
				B5AC14552315D67F00F23102 /* Path.swift in Sources */,
				B527535022DD07B20003BDE6 /* String.swift in Sources */,
				B522FE442311450600FCE704 /* University.swift in Sources */,
				B5C9C62122C76C6C00DCF18F /* AppDelegate.swift in Sources */,
				B5656C6622E50B0B008BCCD8 /* PartnerTableViewCell.swift in Sources */,
				B522FE4623114EB400FCE704 /* OnboardingViewController.swift in Sources */,
				B57F50FA22E709F70053A7D2 /* CategoryTableViewCell.swift in Sources */,
				B51B601322C9E796003F24F3 /* City.swift in Sources */,
				B5FD083F2329FE0A00AE995B /* UIDevice.swift in Sources */,
				B5DC7552230979C6008DD09C /* PartnerTableViewFooter.swift in Sources */,
				B527535522DD08E60003BDE6 /* SKSButton.swift in Sources */,
				B586E9DA22E1EE9600790CF3 /* BaseViewController.swift in Sources */,
				B5A380DB2313E339004F8FB7 /* Picker.swift in Sources */,
				B56BFB36232BCA3500D0FCA2 /* UIWindow.swift in Sources */,
				B5858B2722E36FAA003B67B0 /* UIView.swift in Sources */,
				B57293A9232E3A9F00B0B5AB /* SearchTableViewCell.swift in Sources */,
				B5DC754D230975F4008DD09C /* PartnerSubtitleTableHeaderView.swift in Sources */,
				B596A922230FB64100B00CCB /* TitleTableViewHeader.swift in Sources */,
				B51B600522C9D2EF003F24F3 /* NetworkService.swift in Sources */,
				B54766BE22E87B39006D97DC /* ProfileViewController.swift in Sources */,
				B51B601522C9EAB5003F24F3 /* Stock.swift in Sources */,
				B5904DC422E1BBEE00BCB345 /* CodeViewController.swift in Sources */,
				B5AC14532315B5CC00F23102 /* OnboardingDataViewController.swift in Sources */,
			);
			runOnlyForDeploymentPostprocessing = 0;
		};
		B5C9C63022C76C6E00DCF18F /* Sources */ = {
			isa = PBXSourcesBuildPhase;
			buildActionMask = 2147483647;
			files = (
				B5C9C63922C76C6E00DCF18F /* SKSTests.swift in Sources */,
			);
			runOnlyForDeploymentPostprocessing = 0;
		};
		B5C9C63B22C76C6E00DCF18F /* Sources */ = {
			isa = PBXSourcesBuildPhase;
			buildActionMask = 2147483647;
			files = (
				B5C9C64422C76C6E00DCF18F /* SKSUITests.swift in Sources */,
			);
			runOnlyForDeploymentPostprocessing = 0;
		};
/* End PBXSourcesBuildPhase section */

/* Begin PBXTargetDependency section */
		B5C9C63622C76C6E00DCF18F /* PBXTargetDependency */ = {
			isa = PBXTargetDependency;
			target = B5C9C61C22C76C6C00DCF18F /* SKS */;
			targetProxy = B5C9C63522C76C6E00DCF18F /* PBXContainerItemProxy */;
		};
		B5C9C64122C76C6E00DCF18F /* PBXTargetDependency */ = {
			isa = PBXTargetDependency;
			target = B5C9C61C22C76C6C00DCF18F /* SKS */;
			targetProxy = B5C9C64022C76C6E00DCF18F /* PBXContainerItemProxy */;
		};
/* End PBXTargetDependency section */

/* Begin PBXVariantGroup section */
		B5C9C62422C76C6C00DCF18F /* Login.storyboard */ = {
			isa = PBXVariantGroup;
			children = (
				B5C9C62522C76C6C00DCF18F /* Base */,
				B56BFB38232D404900D0FCA2 /* ru */,
			);
			name = Login.storyboard;
			sourceTree = "<group>";
		};
		B5C9C62C22C76C6E00DCF18F /* LaunchScreen.storyboard */ = {
			isa = PBXVariantGroup;
			children = (
				B5C9C62D22C76C6E00DCF18F /* Base */,
				B56BFB37232D404900D0FCA2 /* ru */,
			);
			name = LaunchScreen.storyboard;
			sourceTree = "<group>";
		};
/* End PBXVariantGroup section */

/* Begin XCBuildConfiguration section */
		B5C9C64622C76C6E00DCF18F /* Debug */ = {
			isa = XCBuildConfiguration;
			buildSettings = {
				ALWAYS_SEARCH_USER_PATHS = NO;
				CLANG_ANALYZER_LOCALIZABILITY_NONLOCALIZED = YES;
				CLANG_ANALYZER_NONNULL = YES;
				CLANG_ANALYZER_NUMBER_OBJECT_CONVERSION = YES_AGGRESSIVE;
				CLANG_CXX_LANGUAGE_STANDARD = "gnu++14";
				CLANG_CXX_LIBRARY = "libc++";
				CLANG_ENABLE_MODULES = YES;
				CLANG_ENABLE_OBJC_ARC = YES;
				CLANG_ENABLE_OBJC_WEAK = YES;
				CLANG_WARN_BLOCK_CAPTURE_AUTORELEASING = YES;
				CLANG_WARN_BOOL_CONVERSION = YES;
				CLANG_WARN_COMMA = YES;
				CLANG_WARN_CONSTANT_CONVERSION = YES;
				CLANG_WARN_DEPRECATED_OBJC_IMPLEMENTATIONS = YES;
				CLANG_WARN_DIRECT_OBJC_ISA_USAGE = YES_ERROR;
				CLANG_WARN_DOCUMENTATION_COMMENTS = YES;
				CLANG_WARN_EMPTY_BODY = YES;
				CLANG_WARN_ENUM_CONVERSION = YES;
				CLANG_WARN_INFINITE_RECURSION = YES;
				CLANG_WARN_INT_CONVERSION = YES;
				CLANG_WARN_NON_LITERAL_NULL_CONVERSION = YES;
				CLANG_WARN_OBJC_IMPLICIT_RETAIN_SELF = YES;
				CLANG_WARN_OBJC_LITERAL_CONVERSION = YES;
				CLANG_WARN_OBJC_ROOT_CLASS = YES_ERROR;
				CLANG_WARN_RANGE_LOOP_ANALYSIS = YES;
				CLANG_WARN_STRICT_PROTOTYPES = YES;
				CLANG_WARN_SUSPICIOUS_MOVE = YES;
				CLANG_WARN_UNGUARDED_AVAILABILITY = YES_AGGRESSIVE;
				CLANG_WARN_UNREACHABLE_CODE = YES;
				CLANG_WARN__DUPLICATE_METHOD_MATCH = YES;
				CODE_SIGN_IDENTITY = "iPhone Developer";
				COPY_PHASE_STRIP = NO;
				DEBUG_INFORMATION_FORMAT = "dwarf-with-dsym";
				ENABLE_STRICT_OBJC_MSGSEND = YES;
				ENABLE_TESTABILITY = YES;
				GCC_C_LANGUAGE_STANDARD = gnu11;
				GCC_DYNAMIC_NO_PIC = NO;
				GCC_NO_COMMON_BLOCKS = YES;
				GCC_OPTIMIZATION_LEVEL = 0;
				GCC_PREPROCESSOR_DEFINITIONS = (
					"DEBUG=1",
					"$(inherited)",
				);
				GCC_WARN_64_TO_32_BIT_CONVERSION = YES;
				GCC_WARN_ABOUT_RETURN_TYPE = YES_ERROR;
				GCC_WARN_UNDECLARED_SELECTOR = YES;
				GCC_WARN_UNINITIALIZED_AUTOS = YES_AGGRESSIVE;
				GCC_WARN_UNUSED_FUNCTION = YES;
				GCC_WARN_UNUSED_VARIABLE = YES;
				IPHONEOS_DEPLOYMENT_TARGET = 12.2;
				MTL_ENABLE_DEBUG_INFO = INCLUDE_SOURCE;
				MTL_FAST_MATH = YES;
				ONLY_ACTIVE_ARCH = YES;
				SDKROOT = iphoneos;
				SWIFT_ACTIVE_COMPILATION_CONDITIONS = DEBUG;
				SWIFT_OPTIMIZATION_LEVEL = "-Onone";
			};
			name = Debug;
		};
		B5C9C64722C76C6E00DCF18F /* Release */ = {
			isa = XCBuildConfiguration;
			buildSettings = {
				ALWAYS_SEARCH_USER_PATHS = NO;
				CLANG_ANALYZER_LOCALIZABILITY_NONLOCALIZED = YES;
				CLANG_ANALYZER_NONNULL = YES;
				CLANG_ANALYZER_NUMBER_OBJECT_CONVERSION = YES_AGGRESSIVE;
				CLANG_CXX_LANGUAGE_STANDARD = "gnu++14";
				CLANG_CXX_LIBRARY = "libc++";
				CLANG_ENABLE_MODULES = YES;
				CLANG_ENABLE_OBJC_ARC = YES;
				CLANG_ENABLE_OBJC_WEAK = YES;
				CLANG_WARN_BLOCK_CAPTURE_AUTORELEASING = YES;
				CLANG_WARN_BOOL_CONVERSION = YES;
				CLANG_WARN_COMMA = YES;
				CLANG_WARN_CONSTANT_CONVERSION = YES;
				CLANG_WARN_DEPRECATED_OBJC_IMPLEMENTATIONS = YES;
				CLANG_WARN_DIRECT_OBJC_ISA_USAGE = YES_ERROR;
				CLANG_WARN_DOCUMENTATION_COMMENTS = YES;
				CLANG_WARN_EMPTY_BODY = YES;
				CLANG_WARN_ENUM_CONVERSION = YES;
				CLANG_WARN_INFINITE_RECURSION = YES;
				CLANG_WARN_INT_CONVERSION = YES;
				CLANG_WARN_NON_LITERAL_NULL_CONVERSION = YES;
				CLANG_WARN_OBJC_IMPLICIT_RETAIN_SELF = YES;
				CLANG_WARN_OBJC_LITERAL_CONVERSION = YES;
				CLANG_WARN_OBJC_ROOT_CLASS = YES_ERROR;
				CLANG_WARN_RANGE_LOOP_ANALYSIS = YES;
				CLANG_WARN_STRICT_PROTOTYPES = YES;
				CLANG_WARN_SUSPICIOUS_MOVE = YES;
				CLANG_WARN_UNGUARDED_AVAILABILITY = YES_AGGRESSIVE;
				CLANG_WARN_UNREACHABLE_CODE = YES;
				CLANG_WARN__DUPLICATE_METHOD_MATCH = YES;
				CODE_SIGN_IDENTITY = "iPhone Developer";
				COPY_PHASE_STRIP = NO;
				DEBUG_INFORMATION_FORMAT = "dwarf-with-dsym";
				ENABLE_NS_ASSERTIONS = NO;
				ENABLE_STRICT_OBJC_MSGSEND = YES;
				GCC_C_LANGUAGE_STANDARD = gnu11;
				GCC_NO_COMMON_BLOCKS = YES;
				GCC_WARN_64_TO_32_BIT_CONVERSION = YES;
				GCC_WARN_ABOUT_RETURN_TYPE = YES_ERROR;
				GCC_WARN_UNDECLARED_SELECTOR = YES;
				GCC_WARN_UNINITIALIZED_AUTOS = YES_AGGRESSIVE;
				GCC_WARN_UNUSED_FUNCTION = YES;
				GCC_WARN_UNUSED_VARIABLE = YES;
				IPHONEOS_DEPLOYMENT_TARGET = 12.2;
				MTL_ENABLE_DEBUG_INFO = NO;
				MTL_FAST_MATH = YES;
				SDKROOT = iphoneos;
				SWIFT_COMPILATION_MODE = wholemodule;
				SWIFT_OPTIMIZATION_LEVEL = "-O";
				VALIDATE_PRODUCT = YES;
			};
			name = Release;
		};
		B5C9C64922C76C6E00DCF18F /* Debug */ = {
			isa = XCBuildConfiguration;
			baseConfigurationReference = A440963D0A5F12AD7C9C3D12 /* Pods-SKS.debug.xcconfig */;
			buildSettings = {
				ASSETCATALOG_COMPILER_APPICON_NAME = AppIcon;
				CODE_SIGN_ENTITLEMENTS = SKS/SKS.entitlements;
				CODE_SIGN_STYLE = Automatic;
				CURRENT_PROJECT_VERSION = 0.0.1;
				DEVELOPMENT_TEAM = GSK4YJALAB;
				INFOPLIST_FILE = SKS/Info.plist;
				IPHONEOS_DEPLOYMENT_TARGET = 11.0;
				LD_RUNPATH_SEARCH_PATHS = (
					"$(inherited)",
					"@executable_path/Frameworks",
				);
				MARKETING_VERSION = 1.1.2;
				PRODUCT_BUNDLE_IDENTIFIER = ru.petrsu.sks;
				PRODUCT_NAME = "$(TARGET_NAME)";
				SWIFT_VERSION = 5.0;
				TARGETED_DEVICE_FAMILY = 1;
			};
			name = Debug;
		};
		B5C9C64A22C76C6E00DCF18F /* Release */ = {
			isa = XCBuildConfiguration;
			baseConfigurationReference = DE8C2AAB5C2461575D3A92B5 /* Pods-SKS.release.xcconfig */;
			buildSettings = {
				ASSETCATALOG_COMPILER_APPICON_NAME = AppIcon;
				CODE_SIGN_ENTITLEMENTS = SKS/SKS.entitlements;
				CODE_SIGN_STYLE = Automatic;
				CURRENT_PROJECT_VERSION = 0.0.1;
				DEVELOPMENT_TEAM = GSK4YJALAB;
				INFOPLIST_FILE = SKS/Info.plist;
				IPHONEOS_DEPLOYMENT_TARGET = 11.0;
				LD_RUNPATH_SEARCH_PATHS = (
					"$(inherited)",
					"@executable_path/Frameworks",
				);
				MARKETING_VERSION = 1.1.2;
				PRODUCT_BUNDLE_IDENTIFIER = ru.petrsu.sks;
				PRODUCT_NAME = "$(TARGET_NAME)";
				SWIFT_VERSION = 5.0;
				TARGETED_DEVICE_FAMILY = 1;
			};
			name = Release;
		};
		B5C9C64C22C76C6E00DCF18F /* Debug */ = {
			isa = XCBuildConfiguration;
			baseConfigurationReference = CB15E5BBC666285637ED3505 /* Pods-SKSTests.debug.xcconfig */;
			buildSettings = {
				ALWAYS_EMBED_SWIFT_STANDARD_LIBRARIES = YES;
				BUNDLE_LOADER = "$(TEST_HOST)";
				CODE_SIGN_STYLE = Automatic;
				INFOPLIST_FILE = SKSTests/Info.plist;
				LD_RUNPATH_SEARCH_PATHS = (
					"$(inherited)",
					"@executable_path/Frameworks",
					"@loader_path/Frameworks",
				);
				PRODUCT_BUNDLE_IDENTIFIER = Sheverev.SKSTests;
				PRODUCT_NAME = "$(TARGET_NAME)";
				SWIFT_VERSION = 5.0;
				TARGETED_DEVICE_FAMILY = "1,2";
				TEST_HOST = "$(BUILT_PRODUCTS_DIR)/SKS.app/SKS";
			};
			name = Debug;
		};
		B5C9C64D22C76C6E00DCF18F /* Release */ = {
			isa = XCBuildConfiguration;
			baseConfigurationReference = C1FE379F89779B8E8C1BBFDA /* Pods-SKSTests.release.xcconfig */;
			buildSettings = {
				ALWAYS_EMBED_SWIFT_STANDARD_LIBRARIES = YES;
				BUNDLE_LOADER = "$(TEST_HOST)";
				CODE_SIGN_STYLE = Automatic;
				INFOPLIST_FILE = SKSTests/Info.plist;
				LD_RUNPATH_SEARCH_PATHS = (
					"$(inherited)",
					"@executable_path/Frameworks",
					"@loader_path/Frameworks",
				);
				PRODUCT_BUNDLE_IDENTIFIER = Sheverev.SKSTests;
				PRODUCT_NAME = "$(TARGET_NAME)";
				SWIFT_VERSION = 5.0;
				TARGETED_DEVICE_FAMILY = "1,2";
				TEST_HOST = "$(BUILT_PRODUCTS_DIR)/SKS.app/SKS";
			};
			name = Release;
		};
		B5C9C64F22C76C6E00DCF18F /* Debug */ = {
			isa = XCBuildConfiguration;
			baseConfigurationReference = 622A228EE0867A7471A9B02A /* Pods-SKSUITests.debug.xcconfig */;
			buildSettings = {
				ALWAYS_EMBED_SWIFT_STANDARD_LIBRARIES = YES;
				CODE_SIGN_STYLE = Automatic;
				INFOPLIST_FILE = SKSUITests/Info.plist;
				LD_RUNPATH_SEARCH_PATHS = (
					"$(inherited)",
					"@executable_path/Frameworks",
					"@loader_path/Frameworks",
				);
				PRODUCT_BUNDLE_IDENTIFIER = Sheverev.SKSUITests;
				PRODUCT_NAME = "$(TARGET_NAME)";
				SWIFT_VERSION = 5.0;
				TARGETED_DEVICE_FAMILY = "1,2";
				TEST_TARGET_NAME = SKS;
			};
			name = Debug;
		};
		B5C9C65022C76C6E00DCF18F /* Release */ = {
			isa = XCBuildConfiguration;
			baseConfigurationReference = DBBA48756DFB066F1649F587 /* Pods-SKSUITests.release.xcconfig */;
			buildSettings = {
				ALWAYS_EMBED_SWIFT_STANDARD_LIBRARIES = YES;
				CODE_SIGN_STYLE = Automatic;
				INFOPLIST_FILE = SKSUITests/Info.plist;
				LD_RUNPATH_SEARCH_PATHS = (
					"$(inherited)",
					"@executable_path/Frameworks",
					"@loader_path/Frameworks",
				);
				PRODUCT_BUNDLE_IDENTIFIER = Sheverev.SKSUITests;
				PRODUCT_NAME = "$(TARGET_NAME)";
				SWIFT_VERSION = 5.0;
				TARGETED_DEVICE_FAMILY = "1,2";
				TEST_TARGET_NAME = SKS;
			};
			name = Release;
		};
/* End XCBuildConfiguration section */

/* Begin XCConfigurationList section */
		B5C9C61822C76C6C00DCF18F /* Build configuration list for PBXProject "SKS" */ = {
			isa = XCConfigurationList;
			buildConfigurations = (
				B5C9C64622C76C6E00DCF18F /* Debug */,
				B5C9C64722C76C6E00DCF18F /* Release */,
			);
			defaultConfigurationIsVisible = 0;
			defaultConfigurationName = Release;
		};
		B5C9C64822C76C6E00DCF18F /* Build configuration list for PBXNativeTarget "SKS" */ = {
			isa = XCConfigurationList;
			buildConfigurations = (
				B5C9C64922C76C6E00DCF18F /* Debug */,
				B5C9C64A22C76C6E00DCF18F /* Release */,
			);
			defaultConfigurationIsVisible = 0;
			defaultConfigurationName = Release;
		};
		B5C9C64B22C76C6E00DCF18F /* Build configuration list for PBXNativeTarget "SKSTests" */ = {
			isa = XCConfigurationList;
			buildConfigurations = (
				B5C9C64C22C76C6E00DCF18F /* Debug */,
				B5C9C64D22C76C6E00DCF18F /* Release */,
			);
			defaultConfigurationIsVisible = 0;
			defaultConfigurationName = Release;
		};
		B5C9C64E22C76C6E00DCF18F /* Build configuration list for PBXNativeTarget "SKSUITests" */ = {
			isa = XCConfigurationList;
			buildConfigurations = (
				B5C9C64F22C76C6E00DCF18F /* Debug */,
				B5C9C65022C76C6E00DCF18F /* Release */,
			);
			defaultConfigurationIsVisible = 0;
			defaultConfigurationName = Release;
		};
/* End XCConfigurationList section */

/* Begin XCVersionGroup section */
		B5C9C62722C76C6C00DCF18F /* SKS.xcdatamodeld */ = {
			isa = XCVersionGroup;
			children = (
				B5C9C62822C76C6C00DCF18F /* SKS.xcdatamodel */,
			);
			currentVersion = B5C9C62822C76C6C00DCF18F /* SKS.xcdatamodel */;
			path = SKS.xcdatamodeld;
			sourceTree = "<group>";
			versionGroupType = wrapper.xcdatamodel;
		};
/* End XCVersionGroup section */
	};
	rootObject = B5C9C61522C76C6C00DCF18F /* Project object */;
}
